
Microsoft Visual Studio Solution File, Format Version 12.00
# Visual Studio Version 16
VisualStudioVersion = 16.0.30114.128
MinimumVisualStudioVersion = 10.0.40219.1
Project("{2150E333-8FDC-42A3-9474-1A3956D46DE8}") = "Solution Items", "Solution Items", "{975CF05B-2D8A-4770-AFEE-9E5F2C1372DF}"
	ProjectSection(SolutionItems) = preProject
		..\.editorconfig = ..\.editorconfig
		..\.gitignore = ..\.gitignore
		..\global.json = ..\global.json
		..\LICENSE.md = ..\LICENSE.md
		..\nuget.config = ..\nuget.config
		..\README.md = ..\README.md
		..\RELEASE_NOTES.md = ..\RELEASE_NOTES.md
	EndProjectSection
EndProject
Project("{6EC3EE1D-3C4E-46DD-8F32-0CC8E7565705}") = "Elmish.Uno", "Elmish.Uno\Elmish.Uno.fsproj", "{8C6E8D34-7205-4C57-9722-87E30E4FC5CE}"
EndProject
Project("{6EC3EE1D-3C4E-46DD-8F32-0CC8E7565705}") = "Elmish.Uno.Mobile", "Elmish.Uno.Mobile\Elmish.Uno.Mobile.fsproj", "{FC164746-4CE8-4C64-91D3-2AD02CD25EEF}"
EndProject
Project("{FAE04EC0-301F-11D3-BF4B-00C04F79EFBC}") = "Elmish.Uno.Uwp", "Elmish.Uno.Uwp\Elmish.Uno.Uwp.csproj", "{E8FAB67C-C113-4E2C-B28C-7BA8EB3559C3}"
EndProject
Project("{6EC3EE1D-3C4E-46DD-8F32-0CC8E7565705}") = "Elmish.Uno.Tests", "Elmish.Uno.Tests\Elmish.Uno.Tests.fsproj", "{54DFF909-F5DF-48A9-B57D-E57B0EE743FF}"
EndProject
Project("{2150E333-8FDC-42A3-9474-1A3956D46DE8}") = "Samples", "Samples", "{BBAFEB1E-93C0-4C7E-8E0A-026BB05C88EC}"
EndProject
Project("{D954291E-2A0B-460D-934E-DC6B0785DB48}") = "Samples.Shared", "Samples\Samples.Shared\Samples.Shared.shproj", "{6279C845-92F8-4333-AB99-3D213163593C}"
EndProject
Project("{FAE04EC0-301F-11D3-BF4B-00C04F79EFBC}") = "Samples.Droid", "Samples\Samples.Droid\Samples.Droid.csproj", "{4052E295-E29F-4BB3-85CA-DE90354DCCFF}"
EndProject
Project("{FAE04EC0-301F-11D3-BF4B-00C04F79EFBC}") = "Samples.iOS", "Samples\Samples.iOS\Samples.iOS.csproj", "{4BDF059A-82BC-45CF-89EE-B4C7FB7ED2B7}"
EndProject
Project("{FAE04EC0-301F-11D3-BF4B-00C04F79EFBC}") = "Samples.UWP", "Samples\Samples.UWP\Samples.UWP.csproj", "{83C54679-6323-482D-8C3F-AAC2ABF937D7}"
EndProject
Project("{9A19103F-16F7-4668-BE54-9A1E7A4F7556}") = "Samples.Wasm", "Samples\Samples.Wasm\Samples.Wasm.csproj", "{1109D87C-3BAC-4A60-95BD-4058B2D334B8}"
EndProject
Project("{FAE04EC0-301F-11D3-BF4B-00C04F79EFBC}") = "Samples.macOS", "Samples\Samples.macOS\Samples.macOS.csproj", "{CABFE678-8BBD-4203-8EE3-ADC2B9577CB0}"
EndProject
Project("{6EC3EE1D-3C4E-46DD-8F32-0CC8E7565705}") = "Samples", "Samples\Samples\Samples.fsproj", "{7D5FB72D-FD5F-4247-A5FC-8CC989471B6A}"
EndProject
Project("{2150E333-8FDC-42A3-9474-1A3956D46DE8}") = "Build", "Build", "{3363A419-C3B1-42C7-90F0-77AB79CD776A}"
	ProjectSection(SolutionItems) = preProject
		..\appveyor.yml = ..\appveyor.yml
		..\build.fsx = ..\build.fsx
		..\fake.cmd = ..\fake.cmd
		..\fake.sh = ..\fake.sh
	EndProjectSection
EndProject
Global
	GlobalSection(SharedMSBuildProjectFiles) = preSolution
		Samples\Samples.Shared\Samples.Shared.projitems*{1109d87c-3bac-4a60-95bd-4058b2d334b8}*SharedItemsImports = 5
		Samples\Samples.Shared\Samples.Shared.projitems*{4052e295-e29f-4bb3-85ca-de90354dccff}*SharedItemsImports = 4
		Samples\Samples.Shared\Samples.Shared.projitems*{4bdf059a-82bc-45cf-89ee-b4c7fb7ed2b7}*SharedItemsImports = 4
		Samples\Samples.Shared\Samples.Shared.projitems*{6279c845-92f8-4333-ab99-3d213163593c}*SharedItemsImports = 13
		Samples\Samples.Shared\Samples.Shared.projitems*{83c54679-6323-482d-8c3f-aac2abf937d7}*SharedItemsImports = 4
		Samples\Samples.Shared\Samples.Shared.projitems*{cabfe678-8bbd-4203-8ee3-adc2b9577cb0}*SharedItemsImports = 4
	EndGlobalSection
	GlobalSection(SolutionConfigurationPlatforms) = preSolution
		Ad-Hoc|Any CPU = Ad-Hoc|Any CPU
		Ad-Hoc|ARM = Ad-Hoc|ARM
		Ad-Hoc|ARM64 = Ad-Hoc|ARM64
		Ad-Hoc|iPhone = Ad-Hoc|iPhone
		Ad-Hoc|iPhoneSimulator = Ad-Hoc|iPhoneSimulator
		Ad-Hoc|x64 = Ad-Hoc|x64
		Ad-Hoc|x86 = Ad-Hoc|x86
		AppStore|Any CPU = AppStore|Any CPU
		AppStore|ARM = AppStore|ARM
		AppStore|ARM64 = AppStore|ARM64
		AppStore|iPhone = AppStore|iPhone
		AppStore|iPhoneSimulator = AppStore|iPhoneSimulator
		AppStore|x64 = AppStore|x64
		AppStore|x86 = AppStore|x86
		Debug|Any CPU = Debug|Any CPU
		Debug|ARM = Debug|ARM
		Debug|ARM64 = Debug|ARM64
		Debug|iPhone = Debug|iPhone
		Debug|iPhoneSimulator = Debug|iPhoneSimulator
		Debug|x64 = Debug|x64
		Debug|x86 = Debug|x86
		Release|Any CPU = Release|Any CPU
		Release|ARM = Release|ARM
		Release|ARM64 = Release|ARM64
		Release|iPhone = Release|iPhone
		Release|iPhoneSimulator = Release|iPhoneSimulator
		Release|x64 = Release|x64
		Release|x86 = Release|x86
	EndGlobalSection
	GlobalSection(ProjectConfigurationPlatforms) = postSolution
		{8C6E8D34-7205-4C57-9722-87E30E4FC5CE}.Ad-Hoc|Any CPU.ActiveCfg = Release|Any CPU
		{8C6E8D34-7205-4C57-9722-87E30E4FC5CE}.Ad-Hoc|ARM.ActiveCfg = Release|Any CPU
		{8C6E8D34-7205-4C57-9722-87E30E4FC5CE}.Ad-Hoc|ARM64.ActiveCfg = Release|Any CPU
		{8C6E8D34-7205-4C57-9722-87E30E4FC5CE}.Ad-Hoc|iPhone.ActiveCfg = Release|Any CPU
		{8C6E8D34-7205-4C57-9722-87E30E4FC5CE}.Ad-Hoc|iPhoneSimulator.ActiveCfg = Release|Any CPU
		{8C6E8D34-7205-4C57-9722-87E30E4FC5CE}.Ad-Hoc|x64.ActiveCfg = Release|Any CPU
		{8C6E8D34-7205-4C57-9722-87E30E4FC5CE}.Ad-Hoc|x86.ActiveCfg = Release|Any CPU
		{8C6E8D34-7205-4C57-9722-87E30E4FC5CE}.AppStore|Any CPU.ActiveCfg = Release|Any CPU
		{8C6E8D34-7205-4C57-9722-87E30E4FC5CE}.AppStore|ARM.ActiveCfg = Release|Any CPU
		{8C6E8D34-7205-4C57-9722-87E30E4FC5CE}.AppStore|ARM64.ActiveCfg = Release|Any CPU
		{8C6E8D34-7205-4C57-9722-87E30E4FC5CE}.AppStore|iPhone.ActiveCfg = Release|Any CPU
		{8C6E8D34-7205-4C57-9722-87E30E4FC5CE}.AppStore|iPhoneSimulator.ActiveCfg = Release|Any CPU
		{8C6E8D34-7205-4C57-9722-87E30E4FC5CE}.AppStore|x64.ActiveCfg = Release|Any CPU
		{8C6E8D34-7205-4C57-9722-87E30E4FC5CE}.AppStore|x86.ActiveCfg = Release|Any CPU
		{8C6E8D34-7205-4C57-9722-87E30E4FC5CE}.Debug|Any CPU.ActiveCfg = Debug|Any CPU
		{8C6E8D34-7205-4C57-9722-87E30E4FC5CE}.Debug|Any CPU.Build.0 = Debug|Any CPU
		{8C6E8D34-7205-4C57-9722-87E30E4FC5CE}.Debug|ARM.ActiveCfg = Debug|Any CPU
		{8C6E8D34-7205-4C57-9722-87E30E4FC5CE}.Debug|ARM.Build.0 = Debug|Any CPU
		{8C6E8D34-7205-4C57-9722-87E30E4FC5CE}.Debug|ARM64.ActiveCfg = Debug|Any CPU
		{8C6E8D34-7205-4C57-9722-87E30E4FC5CE}.Debug|ARM64.Build.0 = Debug|Any CPU
		{8C6E8D34-7205-4C57-9722-87E30E4FC5CE}.Debug|iPhone.ActiveCfg = Debug|Any CPU
		{8C6E8D34-7205-4C57-9722-87E30E4FC5CE}.Debug|iPhoneSimulator.ActiveCfg = Debug|Any CPU
		{8C6E8D34-7205-4C57-9722-87E30E4FC5CE}.Debug|x64.ActiveCfg = Debug|Any CPU
		{8C6E8D34-7205-4C57-9722-87E30E4FC5CE}.Debug|x64.Build.0 = Debug|Any CPU
		{8C6E8D34-7205-4C57-9722-87E30E4FC5CE}.Debug|x86.ActiveCfg = Debug|Any CPU
		{8C6E8D34-7205-4C57-9722-87E30E4FC5CE}.Debug|x86.Build.0 = Debug|Any CPU
		{8C6E8D34-7205-4C57-9722-87E30E4FC5CE}.Release|Any CPU.ActiveCfg = Release|Any CPU
		{8C6E8D34-7205-4C57-9722-87E30E4FC5CE}.Release|Any CPU.Build.0 = Release|Any CPU
		{8C6E8D34-7205-4C57-9722-87E30E4FC5CE}.Release|ARM.ActiveCfg = Release|Any CPU
		{8C6E8D34-7205-4C57-9722-87E30E4FC5CE}.Release|ARM.Build.0 = Release|Any CPU
		{8C6E8D34-7205-4C57-9722-87E30E4FC5CE}.Release|ARM64.ActiveCfg = Release|Any CPU
		{8C6E8D34-7205-4C57-9722-87E30E4FC5CE}.Release|ARM64.Build.0 = Release|Any CPU
		{8C6E8D34-7205-4C57-9722-87E30E4FC5CE}.Release|iPhone.ActiveCfg = Release|Any CPU
		{8C6E8D34-7205-4C57-9722-87E30E4FC5CE}.Release|iPhoneSimulator.ActiveCfg = Release|Any CPU
		{8C6E8D34-7205-4C57-9722-87E30E4FC5CE}.Release|x64.ActiveCfg = Release|Any CPU
		{8C6E8D34-7205-4C57-9722-87E30E4FC5CE}.Release|x64.Build.0 = Release|Any CPU
		{8C6E8D34-7205-4C57-9722-87E30E4FC5CE}.Release|x86.ActiveCfg = Release|Any CPU
		{8C6E8D34-7205-4C57-9722-87E30E4FC5CE}.Release|x86.Build.0 = Release|Any CPU
		{FC164746-4CE8-4C64-91D3-2AD02CD25EEF}.Ad-Hoc|Any CPU.ActiveCfg = Debug|Any CPU
		{FC164746-4CE8-4C64-91D3-2AD02CD25EEF}.Ad-Hoc|Any CPU.Build.0 = Debug|Any CPU
		{FC164746-4CE8-4C64-91D3-2AD02CD25EEF}.Ad-Hoc|ARM.ActiveCfg = Debug|Any CPU
		{FC164746-4CE8-4C64-91D3-2AD02CD25EEF}.Ad-Hoc|ARM.Build.0 = Debug|Any CPU
		{FC164746-4CE8-4C64-91D3-2AD02CD25EEF}.Ad-Hoc|ARM64.ActiveCfg = Debug|Any CPU
		{FC164746-4CE8-4C64-91D3-2AD02CD25EEF}.Ad-Hoc|ARM64.Build.0 = Debug|Any CPU
		{FC164746-4CE8-4C64-91D3-2AD02CD25EEF}.Ad-Hoc|iPhone.ActiveCfg = Debug|Any CPU
		{FC164746-4CE8-4C64-91D3-2AD02CD25EEF}.Ad-Hoc|iPhone.Build.0 = Debug|Any CPU
		{FC164746-4CE8-4C64-91D3-2AD02CD25EEF}.Ad-Hoc|iPhoneSimulator.ActiveCfg = Debug|Any CPU
		{FC164746-4CE8-4C64-91D3-2AD02CD25EEF}.Ad-Hoc|iPhoneSimulator.Build.0 = Debug|Any CPU
		{FC164746-4CE8-4C64-91D3-2AD02CD25EEF}.Ad-Hoc|x64.ActiveCfg = Debug|Any CPU
		{FC164746-4CE8-4C64-91D3-2AD02CD25EEF}.Ad-Hoc|x64.Build.0 = Debug|Any CPU
		{FC164746-4CE8-4C64-91D3-2AD02CD25EEF}.Ad-Hoc|x86.ActiveCfg = Debug|Any CPU
		{FC164746-4CE8-4C64-91D3-2AD02CD25EEF}.Ad-Hoc|x86.Build.0 = Debug|Any CPU
		{FC164746-4CE8-4C64-91D3-2AD02CD25EEF}.AppStore|Any CPU.ActiveCfg = Debug|Any CPU
		{FC164746-4CE8-4C64-91D3-2AD02CD25EEF}.AppStore|Any CPU.Build.0 = Debug|Any CPU
		{FC164746-4CE8-4C64-91D3-2AD02CD25EEF}.AppStore|ARM.ActiveCfg = Debug|Any CPU
		{FC164746-4CE8-4C64-91D3-2AD02CD25EEF}.AppStore|ARM.Build.0 = Debug|Any CPU
		{FC164746-4CE8-4C64-91D3-2AD02CD25EEF}.AppStore|ARM64.ActiveCfg = Debug|Any CPU
		{FC164746-4CE8-4C64-91D3-2AD02CD25EEF}.AppStore|ARM64.Build.0 = Debug|Any CPU
		{FC164746-4CE8-4C64-91D3-2AD02CD25EEF}.AppStore|iPhone.ActiveCfg = Debug|Any CPU
		{FC164746-4CE8-4C64-91D3-2AD02CD25EEF}.AppStore|iPhone.Build.0 = Debug|Any CPU
		{FC164746-4CE8-4C64-91D3-2AD02CD25EEF}.AppStore|iPhoneSimulator.ActiveCfg = Debug|Any CPU
		{FC164746-4CE8-4C64-91D3-2AD02CD25EEF}.AppStore|iPhoneSimulator.Build.0 = Debug|Any CPU
		{FC164746-4CE8-4C64-91D3-2AD02CD25EEF}.AppStore|x64.ActiveCfg = Debug|Any CPU
		{FC164746-4CE8-4C64-91D3-2AD02CD25EEF}.AppStore|x64.Build.0 = Debug|Any CPU
		{FC164746-4CE8-4C64-91D3-2AD02CD25EEF}.AppStore|x86.ActiveCfg = Debug|Any CPU
		{FC164746-4CE8-4C64-91D3-2AD02CD25EEF}.AppStore|x86.Build.0 = Debug|Any CPU
		{FC164746-4CE8-4C64-91D3-2AD02CD25EEF}.Debug|Any CPU.ActiveCfg = Debug|Any CPU
		{FC164746-4CE8-4C64-91D3-2AD02CD25EEF}.Debug|Any CPU.Build.0 = Debug|Any CPU
		{FC164746-4CE8-4C64-91D3-2AD02CD25EEF}.Debug|ARM.ActiveCfg = Debug|Any CPU
		{FC164746-4CE8-4C64-91D3-2AD02CD25EEF}.Debug|ARM.Build.0 = Debug|Any CPU
		{FC164746-4CE8-4C64-91D3-2AD02CD25EEF}.Debug|ARM64.ActiveCfg = Debug|Any CPU
		{FC164746-4CE8-4C64-91D3-2AD02CD25EEF}.Debug|ARM64.Build.0 = Debug|Any CPU
		{FC164746-4CE8-4C64-91D3-2AD02CD25EEF}.Debug|iPhone.ActiveCfg = Debug|Any CPU
		{FC164746-4CE8-4C64-91D3-2AD02CD25EEF}.Debug|iPhone.Build.0 = Debug|Any CPU
		{FC164746-4CE8-4C64-91D3-2AD02CD25EEF}.Debug|iPhoneSimulator.ActiveCfg = Debug|Any CPU
		{FC164746-4CE8-4C64-91D3-2AD02CD25EEF}.Debug|iPhoneSimulator.Build.0 = Debug|Any CPU
		{FC164746-4CE8-4C64-91D3-2AD02CD25EEF}.Debug|x64.ActiveCfg = Debug|Any CPU
		{FC164746-4CE8-4C64-91D3-2AD02CD25EEF}.Debug|x64.Build.0 = Debug|Any CPU
		{FC164746-4CE8-4C64-91D3-2AD02CD25EEF}.Debug|x86.ActiveCfg = Debug|Any CPU
		{FC164746-4CE8-4C64-91D3-2AD02CD25EEF}.Debug|x86.Build.0 = Debug|Any CPU
		{FC164746-4CE8-4C64-91D3-2AD02CD25EEF}.Release|Any CPU.ActiveCfg = Release|Any CPU
		{FC164746-4CE8-4C64-91D3-2AD02CD25EEF}.Release|Any CPU.Build.0 = Release|Any CPU
		{FC164746-4CE8-4C64-91D3-2AD02CD25EEF}.Release|ARM.ActiveCfg = Release|Any CPU
		{FC164746-4CE8-4C64-91D3-2AD02CD25EEF}.Release|ARM.Build.0 = Release|Any CPU
		{FC164746-4CE8-4C64-91D3-2AD02CD25EEF}.Release|ARM64.ActiveCfg = Release|Any CPU
		{FC164746-4CE8-4C64-91D3-2AD02CD25EEF}.Release|ARM64.Build.0 = Release|Any CPU
		{FC164746-4CE8-4C64-91D3-2AD02CD25EEF}.Release|iPhone.ActiveCfg = Release|Any CPU
		{FC164746-4CE8-4C64-91D3-2AD02CD25EEF}.Release|iPhone.Build.0 = Release|Any CPU
		{FC164746-4CE8-4C64-91D3-2AD02CD25EEF}.Release|iPhoneSimulator.ActiveCfg = Release|Any CPU
		{FC164746-4CE8-4C64-91D3-2AD02CD25EEF}.Release|iPhoneSimulator.Build.0 = Release|Any CPU
		{FC164746-4CE8-4C64-91D3-2AD02CD25EEF}.Release|x64.ActiveCfg = Release|Any CPU
		{FC164746-4CE8-4C64-91D3-2AD02CD25EEF}.Release|x64.Build.0 = Release|Any CPU
		{FC164746-4CE8-4C64-91D3-2AD02CD25EEF}.Release|x86.ActiveCfg = Release|Any CPU
		{FC164746-4CE8-4C64-91D3-2AD02CD25EEF}.Release|x86.Build.0 = Release|Any CPU
		{E8FAB67C-C113-4E2C-B28C-7BA8EB3559C3}.Ad-Hoc|Any CPU.ActiveCfg = Release|Any CPU
		{E8FAB67C-C113-4E2C-B28C-7BA8EB3559C3}.Ad-Hoc|Any CPU.Build.0 = Release|Any CPU
		{E8FAB67C-C113-4E2C-B28C-7BA8EB3559C3}.Ad-Hoc|ARM.ActiveCfg = Release|ARM
		{E8FAB67C-C113-4E2C-B28C-7BA8EB3559C3}.Ad-Hoc|ARM.Build.0 = Release|ARM
		{E8FAB67C-C113-4E2C-B28C-7BA8EB3559C3}.Ad-Hoc|ARM64.ActiveCfg = Release|ARM64
		{E8FAB67C-C113-4E2C-B28C-7BA8EB3559C3}.Ad-Hoc|ARM64.Build.0 = Release|ARM64
		{E8FAB67C-C113-4E2C-B28C-7BA8EB3559C3}.Ad-Hoc|iPhone.ActiveCfg = Release|Any CPU
		{E8FAB67C-C113-4E2C-B28C-7BA8EB3559C3}.Ad-Hoc|iPhone.Build.0 = Release|Any CPU
		{E8FAB67C-C113-4E2C-B28C-7BA8EB3559C3}.Ad-Hoc|iPhoneSimulator.ActiveCfg = Release|Any CPU
		{E8FAB67C-C113-4E2C-B28C-7BA8EB3559C3}.Ad-Hoc|iPhoneSimulator.Build.0 = Release|Any CPU
		{E8FAB67C-C113-4E2C-B28C-7BA8EB3559C3}.Ad-Hoc|x64.ActiveCfg = Release|x64
		{E8FAB67C-C113-4E2C-B28C-7BA8EB3559C3}.Ad-Hoc|x64.Build.0 = Release|x64
		{E8FAB67C-C113-4E2C-B28C-7BA8EB3559C3}.Ad-Hoc|x86.ActiveCfg = Release|x86
		{E8FAB67C-C113-4E2C-B28C-7BA8EB3559C3}.Ad-Hoc|x86.Build.0 = Release|x86
		{E8FAB67C-C113-4E2C-B28C-7BA8EB3559C3}.AppStore|Any CPU.ActiveCfg = Release|Any CPU
		{E8FAB67C-C113-4E2C-B28C-7BA8EB3559C3}.AppStore|Any CPU.Build.0 = Release|Any CPU
		{E8FAB67C-C113-4E2C-B28C-7BA8EB3559C3}.AppStore|ARM.ActiveCfg = Release|ARM
		{E8FAB67C-C113-4E2C-B28C-7BA8EB3559C3}.AppStore|ARM.Build.0 = Release|ARM
		{E8FAB67C-C113-4E2C-B28C-7BA8EB3559C3}.AppStore|ARM64.ActiveCfg = Release|ARM64
		{E8FAB67C-C113-4E2C-B28C-7BA8EB3559C3}.AppStore|ARM64.Build.0 = Release|ARM64
		{E8FAB67C-C113-4E2C-B28C-7BA8EB3559C3}.AppStore|iPhone.ActiveCfg = Release|Any CPU
		{E8FAB67C-C113-4E2C-B28C-7BA8EB3559C3}.AppStore|iPhone.Build.0 = Release|Any CPU
		{E8FAB67C-C113-4E2C-B28C-7BA8EB3559C3}.AppStore|iPhoneSimulator.ActiveCfg = Release|Any CPU
		{E8FAB67C-C113-4E2C-B28C-7BA8EB3559C3}.AppStore|iPhoneSimulator.Build.0 = Release|Any CPU
		{E8FAB67C-C113-4E2C-B28C-7BA8EB3559C3}.AppStore|x64.ActiveCfg = Release|x64
		{E8FAB67C-C113-4E2C-B28C-7BA8EB3559C3}.AppStore|x64.Build.0 = Release|x64
		{E8FAB67C-C113-4E2C-B28C-7BA8EB3559C3}.AppStore|x86.ActiveCfg = Release|x86
		{E8FAB67C-C113-4E2C-B28C-7BA8EB3559C3}.AppStore|x86.Build.0 = Release|x86
		{E8FAB67C-C113-4E2C-B28C-7BA8EB3559C3}.Debug|Any CPU.ActiveCfg = Debug|Any CPU
		{E8FAB67C-C113-4E2C-B28C-7BA8EB3559C3}.Debug|Any CPU.Build.0 = Debug|Any CPU
		{E8FAB67C-C113-4E2C-B28C-7BA8EB3559C3}.Debug|ARM.ActiveCfg = Debug|ARM
		{E8FAB67C-C113-4E2C-B28C-7BA8EB3559C3}.Debug|ARM.Build.0 = Debug|ARM
		{E8FAB67C-C113-4E2C-B28C-7BA8EB3559C3}.Debug|ARM64.ActiveCfg = Debug|ARM64
		{E8FAB67C-C113-4E2C-B28C-7BA8EB3559C3}.Debug|ARM64.Build.0 = Debug|ARM64
		{E8FAB67C-C113-4E2C-B28C-7BA8EB3559C3}.Debug|iPhone.ActiveCfg = Debug|Any CPU
		{E8FAB67C-C113-4E2C-B28C-7BA8EB3559C3}.Debug|iPhone.Build.0 = Debug|Any CPU
		{E8FAB67C-C113-4E2C-B28C-7BA8EB3559C3}.Debug|iPhoneSimulator.ActiveCfg = Debug|Any CPU
		{E8FAB67C-C113-4E2C-B28C-7BA8EB3559C3}.Debug|iPhoneSimulator.Build.0 = Debug|Any CPU
		{E8FAB67C-C113-4E2C-B28C-7BA8EB3559C3}.Debug|x64.ActiveCfg = Debug|x64
		{E8FAB67C-C113-4E2C-B28C-7BA8EB3559C3}.Debug|x64.Build.0 = Debug|x64
		{E8FAB67C-C113-4E2C-B28C-7BA8EB3559C3}.Debug|x86.ActiveCfg = Debug|x86
		{E8FAB67C-C113-4E2C-B28C-7BA8EB3559C3}.Debug|x86.Build.0 = Debug|x86
		{E8FAB67C-C113-4E2C-B28C-7BA8EB3559C3}.Release|Any CPU.ActiveCfg = Release|Any CPU
		{E8FAB67C-C113-4E2C-B28C-7BA8EB3559C3}.Release|Any CPU.Build.0 = Release|Any CPU
		{E8FAB67C-C113-4E2C-B28C-7BA8EB3559C3}.Release|ARM.ActiveCfg = Release|ARM
		{E8FAB67C-C113-4E2C-B28C-7BA8EB3559C3}.Release|ARM.Build.0 = Release|ARM
		{E8FAB67C-C113-4E2C-B28C-7BA8EB3559C3}.Release|ARM64.ActiveCfg = Release|ARM64
		{E8FAB67C-C113-4E2C-B28C-7BA8EB3559C3}.Release|ARM64.Build.0 = Release|ARM64
		{E8FAB67C-C113-4E2C-B28C-7BA8EB3559C3}.Release|iPhone.ActiveCfg = Release|Any CPU
		{E8FAB67C-C113-4E2C-B28C-7BA8EB3559C3}.Release|iPhone.Build.0 = Release|Any CPU
		{E8FAB67C-C113-4E2C-B28C-7BA8EB3559C3}.Release|iPhoneSimulator.ActiveCfg = Release|Any CPU
		{E8FAB67C-C113-4E2C-B28C-7BA8EB3559C3}.Release|iPhoneSimulator.Build.0 = Release|Any CPU
		{E8FAB67C-C113-4E2C-B28C-7BA8EB3559C3}.Release|x64.ActiveCfg = Release|x64
		{E8FAB67C-C113-4E2C-B28C-7BA8EB3559C3}.Release|x64.Build.0 = Release|x64
		{E8FAB67C-C113-4E2C-B28C-7BA8EB3559C3}.Release|x86.ActiveCfg = Release|x86
		{E8FAB67C-C113-4E2C-B28C-7BA8EB3559C3}.Release|x86.Build.0 = Release|x86
		{54DFF909-F5DF-48A9-B57D-E57B0EE743FF}.Ad-Hoc|Any CPU.ActiveCfg = Release|Any CPU
		{54DFF909-F5DF-48A9-B57D-E57B0EE743FF}.Ad-Hoc|Any CPU.Build.0 = Release|Any CPU
		{54DFF909-F5DF-48A9-B57D-E57B0EE743FF}.Ad-Hoc|ARM.ActiveCfg = Release|Any CPU
		{54DFF909-F5DF-48A9-B57D-E57B0EE743FF}.Ad-Hoc|ARM.Build.0 = Release|Any CPU
		{54DFF909-F5DF-48A9-B57D-E57B0EE743FF}.Ad-Hoc|ARM64.ActiveCfg = Release|Any CPU
		{54DFF909-F5DF-48A9-B57D-E57B0EE743FF}.Ad-Hoc|ARM64.Build.0 = Release|Any CPU
		{54DFF909-F5DF-48A9-B57D-E57B0EE743FF}.Ad-Hoc|iPhone.ActiveCfg = Release|Any CPU
		{54DFF909-F5DF-48A9-B57D-E57B0EE743FF}.Ad-Hoc|iPhone.Build.0 = Release|Any CPU
		{54DFF909-F5DF-48A9-B57D-E57B0EE743FF}.Ad-Hoc|iPhoneSimulator.ActiveCfg = Release|Any CPU
		{54DFF909-F5DF-48A9-B57D-E57B0EE743FF}.Ad-Hoc|iPhoneSimulator.Build.0 = Release|Any CPU
		{54DFF909-F5DF-48A9-B57D-E57B0EE743FF}.Ad-Hoc|x64.ActiveCfg = Release|Any CPU
		{54DFF909-F5DF-48A9-B57D-E57B0EE743FF}.Ad-Hoc|x64.Build.0 = Release|Any CPU
		{54DFF909-F5DF-48A9-B57D-E57B0EE743FF}.Ad-Hoc|x86.ActiveCfg = Release|Any CPU
		{54DFF909-F5DF-48A9-B57D-E57B0EE743FF}.Ad-Hoc|x86.Build.0 = Release|Any CPU
		{54DFF909-F5DF-48A9-B57D-E57B0EE743FF}.AppStore|Any CPU.ActiveCfg = Release|Any CPU
		{54DFF909-F5DF-48A9-B57D-E57B0EE743FF}.AppStore|Any CPU.Build.0 = Release|Any CPU
		{54DFF909-F5DF-48A9-B57D-E57B0EE743FF}.AppStore|ARM.ActiveCfg = Release|Any CPU
		{54DFF909-F5DF-48A9-B57D-E57B0EE743FF}.AppStore|ARM.Build.0 = Release|Any CPU
		{54DFF909-F5DF-48A9-B57D-E57B0EE743FF}.AppStore|ARM64.ActiveCfg = Release|Any CPU
		{54DFF909-F5DF-48A9-B57D-E57B0EE743FF}.AppStore|ARM64.Build.0 = Release|Any CPU
		{54DFF909-F5DF-48A9-B57D-E57B0EE743FF}.AppStore|iPhone.ActiveCfg = Release|Any CPU
		{54DFF909-F5DF-48A9-B57D-E57B0EE743FF}.AppStore|iPhone.Build.0 = Release|Any CPU
		{54DFF909-F5DF-48A9-B57D-E57B0EE743FF}.AppStore|iPhoneSimulator.ActiveCfg = Release|Any CPU
		{54DFF909-F5DF-48A9-B57D-E57B0EE743FF}.AppStore|iPhoneSimulator.Build.0 = Release|Any CPU
		{54DFF909-F5DF-48A9-B57D-E57B0EE743FF}.AppStore|x64.ActiveCfg = Release|Any CPU
		{54DFF909-F5DF-48A9-B57D-E57B0EE743FF}.AppStore|x64.Build.0 = Release|Any CPU
		{54DFF909-F5DF-48A9-B57D-E57B0EE743FF}.AppStore|x86.ActiveCfg = Release|Any CPU
		{54DFF909-F5DF-48A9-B57D-E57B0EE743FF}.AppStore|x86.Build.0 = Release|Any CPU
		{54DFF909-F5DF-48A9-B57D-E57B0EE743FF}.Debug|Any CPU.ActiveCfg = Debug|Any CPU
		{54DFF909-F5DF-48A9-B57D-E57B0EE743FF}.Debug|Any CPU.Build.0 = Debug|Any CPU
		{54DFF909-F5DF-48A9-B57D-E57B0EE743FF}.Debug|ARM.ActiveCfg = Debug|Any CPU
		{54DFF909-F5DF-48A9-B57D-E57B0EE743FF}.Debug|ARM64.ActiveCfg = Debug|Any CPU
		{54DFF909-F5DF-48A9-B57D-E57B0EE743FF}.Debug|iPhone.ActiveCfg = Debug|Any CPU
		{54DFF909-F5DF-48A9-B57D-E57B0EE743FF}.Debug|iPhone.Build.0 = Debug|Any CPU
		{54DFF909-F5DF-48A9-B57D-E57B0EE743FF}.Debug|iPhoneSimulator.ActiveCfg = Debug|Any CPU
		{54DFF909-F5DF-48A9-B57D-E57B0EE743FF}.Debug|iPhoneSimulator.Build.0 = Debug|Any CPU
		{54DFF909-F5DF-48A9-B57D-E57B0EE743FF}.Debug|x64.ActiveCfg = Debug|Any CPU
		{54DFF909-F5DF-48A9-B57D-E57B0EE743FF}.Debug|x86.ActiveCfg = Debug|Any CPU
		{54DFF909-F5DF-48A9-B57D-E57B0EE743FF}.Release|Any CPU.ActiveCfg = Release|Any CPU
		{54DFF909-F5DF-48A9-B57D-E57B0EE743FF}.Release|Any CPU.Build.0 = Release|Any CPU
		{54DFF909-F5DF-48A9-B57D-E57B0EE743FF}.Release|ARM.ActiveCfg = Release|Any CPU
		{54DFF909-F5DF-48A9-B57D-E57B0EE743FF}.Release|ARM64.ActiveCfg = Release|Any CPU
		{54DFF909-F5DF-48A9-B57D-E57B0EE743FF}.Release|iPhone.ActiveCfg = Release|Any CPU
		{54DFF909-F5DF-48A9-B57D-E57B0EE743FF}.Release|iPhone.Build.0 = Release|Any CPU
		{54DFF909-F5DF-48A9-B57D-E57B0EE743FF}.Release|iPhoneSimulator.ActiveCfg = Release|Any CPU
		{54DFF909-F5DF-48A9-B57D-E57B0EE743FF}.Release|iPhoneSimulator.Build.0 = Release|Any CPU
		{54DFF909-F5DF-48A9-B57D-E57B0EE743FF}.Release|x64.ActiveCfg = Release|Any CPU
		{54DFF909-F5DF-48A9-B57D-E57B0EE743FF}.Release|x86.ActiveCfg = Release|Any CPU
		{4052E295-E29F-4BB3-85CA-DE90354DCCFF}.Ad-Hoc|Any CPU.ActiveCfg = Release|Any CPU
		{4052E295-E29F-4BB3-85CA-DE90354DCCFF}.Ad-Hoc|Any CPU.Build.0 = Release|Any CPU
		{4052E295-E29F-4BB3-85CA-DE90354DCCFF}.Ad-Hoc|Any CPU.Deploy.0 = Release|Any CPU
		{4052E295-E29F-4BB3-85CA-DE90354DCCFF}.Ad-Hoc|ARM.ActiveCfg = Release|Any CPU
		{4052E295-E29F-4BB3-85CA-DE90354DCCFF}.Ad-Hoc|ARM.Build.0 = Release|Any CPU
		{4052E295-E29F-4BB3-85CA-DE90354DCCFF}.Ad-Hoc|ARM.Deploy.0 = Release|Any CPU
		{4052E295-E29F-4BB3-85CA-DE90354DCCFF}.Ad-Hoc|ARM64.ActiveCfg = Release|Any CPU
		{4052E295-E29F-4BB3-85CA-DE90354DCCFF}.Ad-Hoc|ARM64.Build.0 = Release|Any CPU
		{4052E295-E29F-4BB3-85CA-DE90354DCCFF}.Ad-Hoc|ARM64.Deploy.0 = Release|Any CPU
		{4052E295-E29F-4BB3-85CA-DE90354DCCFF}.Ad-Hoc|iPhone.ActiveCfg = Release|Any CPU
		{4052E295-E29F-4BB3-85CA-DE90354DCCFF}.Ad-Hoc|iPhone.Build.0 = Release|Any CPU
		{4052E295-E29F-4BB3-85CA-DE90354DCCFF}.Ad-Hoc|iPhone.Deploy.0 = Release|Any CPU
		{4052E295-E29F-4BB3-85CA-DE90354DCCFF}.Ad-Hoc|iPhoneSimulator.ActiveCfg = Release|Any CPU
		{4052E295-E29F-4BB3-85CA-DE90354DCCFF}.Ad-Hoc|iPhoneSimulator.Build.0 = Release|Any CPU
		{4052E295-E29F-4BB3-85CA-DE90354DCCFF}.Ad-Hoc|iPhoneSimulator.Deploy.0 = Release|Any CPU
		{4052E295-E29F-4BB3-85CA-DE90354DCCFF}.Ad-Hoc|x64.ActiveCfg = Release|Any CPU
		{4052E295-E29F-4BB3-85CA-DE90354DCCFF}.Ad-Hoc|x64.Build.0 = Release|Any CPU
		{4052E295-E29F-4BB3-85CA-DE90354DCCFF}.Ad-Hoc|x64.Deploy.0 = Release|Any CPU
		{4052E295-E29F-4BB3-85CA-DE90354DCCFF}.Ad-Hoc|x86.ActiveCfg = Release|Any CPU
		{4052E295-E29F-4BB3-85CA-DE90354DCCFF}.Ad-Hoc|x86.Build.0 = Release|Any CPU
		{4052E295-E29F-4BB3-85CA-DE90354DCCFF}.Ad-Hoc|x86.Deploy.0 = Release|Any CPU
		{4052E295-E29F-4BB3-85CA-DE90354DCCFF}.AppStore|Any CPU.ActiveCfg = Release|Any CPU
		{4052E295-E29F-4BB3-85CA-DE90354DCCFF}.AppStore|Any CPU.Build.0 = Release|Any CPU
		{4052E295-E29F-4BB3-85CA-DE90354DCCFF}.AppStore|Any CPU.Deploy.0 = Release|Any CPU
		{4052E295-E29F-4BB3-85CA-DE90354DCCFF}.AppStore|ARM.ActiveCfg = Release|Any CPU
		{4052E295-E29F-4BB3-85CA-DE90354DCCFF}.AppStore|ARM.Build.0 = Release|Any CPU
		{4052E295-E29F-4BB3-85CA-DE90354DCCFF}.AppStore|ARM.Deploy.0 = Release|Any CPU
		{4052E295-E29F-4BB3-85CA-DE90354DCCFF}.AppStore|ARM64.ActiveCfg = Release|Any CPU
		{4052E295-E29F-4BB3-85CA-DE90354DCCFF}.AppStore|ARM64.Build.0 = Release|Any CPU
		{4052E295-E29F-4BB3-85CA-DE90354DCCFF}.AppStore|ARM64.Deploy.0 = Release|Any CPU
		{4052E295-E29F-4BB3-85CA-DE90354DCCFF}.AppStore|iPhone.ActiveCfg = Release|Any CPU
		{4052E295-E29F-4BB3-85CA-DE90354DCCFF}.AppStore|iPhone.Build.0 = Release|Any CPU
		{4052E295-E29F-4BB3-85CA-DE90354DCCFF}.AppStore|iPhone.Deploy.0 = Release|Any CPU
		{4052E295-E29F-4BB3-85CA-DE90354DCCFF}.AppStore|iPhoneSimulator.ActiveCfg = Release|Any CPU
		{4052E295-E29F-4BB3-85CA-DE90354DCCFF}.AppStore|iPhoneSimulator.Build.0 = Release|Any CPU
		{4052E295-E29F-4BB3-85CA-DE90354DCCFF}.AppStore|iPhoneSimulator.Deploy.0 = Release|Any CPU
		{4052E295-E29F-4BB3-85CA-DE90354DCCFF}.AppStore|x64.ActiveCfg = Release|Any CPU
		{4052E295-E29F-4BB3-85CA-DE90354DCCFF}.AppStore|x64.Build.0 = Release|Any CPU
		{4052E295-E29F-4BB3-85CA-DE90354DCCFF}.AppStore|x64.Deploy.0 = Release|Any CPU
		{4052E295-E29F-4BB3-85CA-DE90354DCCFF}.AppStore|x86.ActiveCfg = Release|Any CPU
		{4052E295-E29F-4BB3-85CA-DE90354DCCFF}.AppStore|x86.Build.0 = Release|Any CPU
		{4052E295-E29F-4BB3-85CA-DE90354DCCFF}.AppStore|x86.Deploy.0 = Release|Any CPU
		{4052E295-E29F-4BB3-85CA-DE90354DCCFF}.Debug|Any CPU.ActiveCfg = Debug|Any CPU
		{4052E295-E29F-4BB3-85CA-DE90354DCCFF}.Debug|Any CPU.Build.0 = Debug|Any CPU
		{4052E295-E29F-4BB3-85CA-DE90354DCCFF}.Debug|Any CPU.Deploy.0 = Debug|Any CPU
		{4052E295-E29F-4BB3-85CA-DE90354DCCFF}.Debug|ARM.ActiveCfg = Debug|Any CPU
		{4052E295-E29F-4BB3-85CA-DE90354DCCFF}.Debug|ARM.Build.0 = Debug|Any CPU
		{4052E295-E29F-4BB3-85CA-DE90354DCCFF}.Debug|ARM.Deploy.0 = Debug|Any CPU
		{4052E295-E29F-4BB3-85CA-DE90354DCCFF}.Debug|ARM64.ActiveCfg = Debug|Any CPU
		{4052E295-E29F-4BB3-85CA-DE90354DCCFF}.Debug|ARM64.Build.0 = Debug|Any CPU
		{4052E295-E29F-4BB3-85CA-DE90354DCCFF}.Debug|ARM64.Deploy.0 = Debug|Any CPU
		{4052E295-E29F-4BB3-85CA-DE90354DCCFF}.Debug|iPhone.ActiveCfg = Debug|Any CPU
		{4052E295-E29F-4BB3-85CA-DE90354DCCFF}.Debug|iPhone.Build.0 = Debug|Any CPU
		{4052E295-E29F-4BB3-85CA-DE90354DCCFF}.Debug|iPhone.Deploy.0 = Debug|Any CPU
		{4052E295-E29F-4BB3-85CA-DE90354DCCFF}.Debug|iPhoneSimulator.ActiveCfg = Debug|Any CPU
		{4052E295-E29F-4BB3-85CA-DE90354DCCFF}.Debug|iPhoneSimulator.Build.0 = Debug|Any CPU
		{4052E295-E29F-4BB3-85CA-DE90354DCCFF}.Debug|iPhoneSimulator.Deploy.0 = Debug|Any CPU
		{4052E295-E29F-4BB3-85CA-DE90354DCCFF}.Debug|x64.ActiveCfg = Debug|Any CPU
		{4052E295-E29F-4BB3-85CA-DE90354DCCFF}.Debug|x64.Build.0 = Debug|Any CPU
		{4052E295-E29F-4BB3-85CA-DE90354DCCFF}.Debug|x64.Deploy.0 = Debug|Any CPU
		{4052E295-E29F-4BB3-85CA-DE90354DCCFF}.Debug|x86.ActiveCfg = Debug|Any CPU
		{4052E295-E29F-4BB3-85CA-DE90354DCCFF}.Debug|x86.Build.0 = Debug|Any CPU
		{4052E295-E29F-4BB3-85CA-DE90354DCCFF}.Debug|x86.Deploy.0 = Debug|Any CPU
		{4052E295-E29F-4BB3-85CA-DE90354DCCFF}.Release|Any CPU.ActiveCfg = Release|Any CPU
		{4052E295-E29F-4BB3-85CA-DE90354DCCFF}.Release|Any CPU.Build.0 = Release|Any CPU
		{4052E295-E29F-4BB3-85CA-DE90354DCCFF}.Release|Any CPU.Deploy.0 = Release|Any CPU
		{4052E295-E29F-4BB3-85CA-DE90354DCCFF}.Release|ARM.ActiveCfg = Release|Any CPU
		{4052E295-E29F-4BB3-85CA-DE90354DCCFF}.Release|ARM.Build.0 = Release|Any CPU
		{4052E295-E29F-4BB3-85CA-DE90354DCCFF}.Release|ARM.Deploy.0 = Release|Any CPU
		{4052E295-E29F-4BB3-85CA-DE90354DCCFF}.Release|ARM64.ActiveCfg = Release|Any CPU
		{4052E295-E29F-4BB3-85CA-DE90354DCCFF}.Release|ARM64.Build.0 = Release|Any CPU
		{4052E295-E29F-4BB3-85CA-DE90354DCCFF}.Release|ARM64.Deploy.0 = Release|Any CPU
		{4052E295-E29F-4BB3-85CA-DE90354DCCFF}.Release|iPhone.ActiveCfg = Release|Any CPU
		{4052E295-E29F-4BB3-85CA-DE90354DCCFF}.Release|iPhone.Build.0 = Release|Any CPU
		{4052E295-E29F-4BB3-85CA-DE90354DCCFF}.Release|iPhone.Deploy.0 = Release|Any CPU
		{4052E295-E29F-4BB3-85CA-DE90354DCCFF}.Release|iPhoneSimulator.ActiveCfg = Release|Any CPU
		{4052E295-E29F-4BB3-85CA-DE90354DCCFF}.Release|iPhoneSimulator.Build.0 = Release|Any CPU
		{4052E295-E29F-4BB3-85CA-DE90354DCCFF}.Release|iPhoneSimulator.Deploy.0 = Release|Any CPU
		{4052E295-E29F-4BB3-85CA-DE90354DCCFF}.Release|x64.ActiveCfg = Release|Any CPU
		{4052E295-E29F-4BB3-85CA-DE90354DCCFF}.Release|x64.Build.0 = Release|Any CPU
		{4052E295-E29F-4BB3-85CA-DE90354DCCFF}.Release|x64.Deploy.0 = Release|Any CPU
		{4052E295-E29F-4BB3-85CA-DE90354DCCFF}.Release|x86.ActiveCfg = Release|Any CPU
		{4052E295-E29F-4BB3-85CA-DE90354DCCFF}.Release|x86.Build.0 = Release|Any CPU
		{4052E295-E29F-4BB3-85CA-DE90354DCCFF}.Release|x86.Deploy.0 = Release|Any CPU
		{4BDF059A-82BC-45CF-89EE-B4C7FB7ED2B7}.Ad-Hoc|Any CPU.ActiveCfg = Ad-Hoc|iPhone
		{4BDF059A-82BC-45CF-89EE-B4C7FB7ED2B7}.Ad-Hoc|ARM.ActiveCfg = Ad-Hoc|iPhone
		{4BDF059A-82BC-45CF-89EE-B4C7FB7ED2B7}.Ad-Hoc|ARM64.ActiveCfg = Ad-Hoc|iPhone
		{4BDF059A-82BC-45CF-89EE-B4C7FB7ED2B7}.Ad-Hoc|iPhone.ActiveCfg = Ad-Hoc|iPhone
		{4BDF059A-82BC-45CF-89EE-B4C7FB7ED2B7}.Ad-Hoc|iPhone.Build.0 = Ad-Hoc|iPhone
		{4BDF059A-82BC-45CF-89EE-B4C7FB7ED2B7}.Ad-Hoc|iPhoneSimulator.ActiveCfg = Ad-Hoc|iPhoneSimulator
		{4BDF059A-82BC-45CF-89EE-B4C7FB7ED2B7}.Ad-Hoc|iPhoneSimulator.Build.0 = Ad-Hoc|iPhoneSimulator
		{4BDF059A-82BC-45CF-89EE-B4C7FB7ED2B7}.Ad-Hoc|x64.ActiveCfg = Ad-Hoc|iPhone
		{4BDF059A-82BC-45CF-89EE-B4C7FB7ED2B7}.Ad-Hoc|x86.ActiveCfg = Ad-Hoc|iPhone
		{4BDF059A-82BC-45CF-89EE-B4C7FB7ED2B7}.AppStore|Any CPU.ActiveCfg = AppStore|iPhone
		{4BDF059A-82BC-45CF-89EE-B4C7FB7ED2B7}.AppStore|ARM.ActiveCfg = AppStore|iPhone
		{4BDF059A-82BC-45CF-89EE-B4C7FB7ED2B7}.AppStore|ARM64.ActiveCfg = AppStore|iPhone
		{4BDF059A-82BC-45CF-89EE-B4C7FB7ED2B7}.AppStore|iPhone.ActiveCfg = AppStore|iPhone
		{4BDF059A-82BC-45CF-89EE-B4C7FB7ED2B7}.AppStore|iPhone.Build.0 = AppStore|iPhone
		{4BDF059A-82BC-45CF-89EE-B4C7FB7ED2B7}.AppStore|iPhoneSimulator.ActiveCfg = AppStore|iPhoneSimulator
		{4BDF059A-82BC-45CF-89EE-B4C7FB7ED2B7}.AppStore|iPhoneSimulator.Build.0 = AppStore|iPhoneSimulator
		{4BDF059A-82BC-45CF-89EE-B4C7FB7ED2B7}.AppStore|x64.ActiveCfg = AppStore|iPhone
		{4BDF059A-82BC-45CF-89EE-B4C7FB7ED2B7}.AppStore|x86.ActiveCfg = AppStore|iPhone
		{4BDF059A-82BC-45CF-89EE-B4C7FB7ED2B7}.Debug|Any CPU.ActiveCfg = Debug|iPhone
		{4BDF059A-82BC-45CF-89EE-B4C7FB7ED2B7}.Debug|ARM.ActiveCfg = Debug|iPhone
		{4BDF059A-82BC-45CF-89EE-B4C7FB7ED2B7}.Debug|ARM64.ActiveCfg = Debug|iPhone
		{4BDF059A-82BC-45CF-89EE-B4C7FB7ED2B7}.Debug|iPhone.ActiveCfg = Debug|iPhone
		{4BDF059A-82BC-45CF-89EE-B4C7FB7ED2B7}.Debug|iPhone.Build.0 = Debug|iPhone
		{4BDF059A-82BC-45CF-89EE-B4C7FB7ED2B7}.Debug|iPhoneSimulator.ActiveCfg = Debug|iPhoneSimulator
		{4BDF059A-82BC-45CF-89EE-B4C7FB7ED2B7}.Debug|iPhoneSimulator.Build.0 = Debug|iPhoneSimulator
		{4BDF059A-82BC-45CF-89EE-B4C7FB7ED2B7}.Debug|x64.ActiveCfg = Debug|iPhone
		{4BDF059A-82BC-45CF-89EE-B4C7FB7ED2B7}.Debug|x86.ActiveCfg = Debug|iPhone
		{4BDF059A-82BC-45CF-89EE-B4C7FB7ED2B7}.Release|Any CPU.ActiveCfg = Release|iPhone
		{4BDF059A-82BC-45CF-89EE-B4C7FB7ED2B7}.Release|ARM.ActiveCfg = Release|iPhone
		{4BDF059A-82BC-45CF-89EE-B4C7FB7ED2B7}.Release|ARM64.ActiveCfg = Release|iPhone
		{4BDF059A-82BC-45CF-89EE-B4C7FB7ED2B7}.Release|iPhone.ActiveCfg = Release|iPhone
		{4BDF059A-82BC-45CF-89EE-B4C7FB7ED2B7}.Release|iPhone.Build.0 = Release|iPhone
		{4BDF059A-82BC-45CF-89EE-B4C7FB7ED2B7}.Release|iPhoneSimulator.ActiveCfg = Release|iPhoneSimulator
		{4BDF059A-82BC-45CF-89EE-B4C7FB7ED2B7}.Release|iPhoneSimulator.Build.0 = Release|iPhoneSimulator
		{4BDF059A-82BC-45CF-89EE-B4C7FB7ED2B7}.Release|x64.ActiveCfg = Release|iPhone
		{4BDF059A-82BC-45CF-89EE-B4C7FB7ED2B7}.Release|x86.ActiveCfg = Release|iPhone
		{83C54679-6323-482D-8C3F-AAC2ABF937D7}.Ad-Hoc|Any CPU.ActiveCfg = Release|x64
		{83C54679-6323-482D-8C3F-AAC2ABF937D7}.Ad-Hoc|Any CPU.Build.0 = Release|x64
		{83C54679-6323-482D-8C3F-AAC2ABF937D7}.Ad-Hoc|Any CPU.Deploy.0 = Release|x64
		{83C54679-6323-482D-8C3F-AAC2ABF937D7}.Ad-Hoc|ARM.ActiveCfg = Release|ARM
		{83C54679-6323-482D-8C3F-AAC2ABF937D7}.Ad-Hoc|ARM.Build.0 = Release|ARM
		{83C54679-6323-482D-8C3F-AAC2ABF937D7}.Ad-Hoc|ARM.Deploy.0 = Release|ARM
		{83C54679-6323-482D-8C3F-AAC2ABF937D7}.Ad-Hoc|ARM64.ActiveCfg = Release|ARM64
		{83C54679-6323-482D-8C3F-AAC2ABF937D7}.Ad-Hoc|ARM64.Build.0 = Release|ARM64
		{83C54679-6323-482D-8C3F-AAC2ABF937D7}.Ad-Hoc|ARM64.Deploy.0 = Release|ARM64
		{83C54679-6323-482D-8C3F-AAC2ABF937D7}.Ad-Hoc|iPhone.ActiveCfg = Release|x64
		{83C54679-6323-482D-8C3F-AAC2ABF937D7}.Ad-Hoc|iPhone.Build.0 = Release|x64
		{83C54679-6323-482D-8C3F-AAC2ABF937D7}.Ad-Hoc|iPhone.Deploy.0 = Release|x64
		{83C54679-6323-482D-8C3F-AAC2ABF937D7}.Ad-Hoc|iPhoneSimulator.ActiveCfg = Release|x64
		{83C54679-6323-482D-8C3F-AAC2ABF937D7}.Ad-Hoc|iPhoneSimulator.Build.0 = Release|x64
		{83C54679-6323-482D-8C3F-AAC2ABF937D7}.Ad-Hoc|iPhoneSimulator.Deploy.0 = Release|x64
		{83C54679-6323-482D-8C3F-AAC2ABF937D7}.Ad-Hoc|x64.ActiveCfg = Release|x64
		{83C54679-6323-482D-8C3F-AAC2ABF937D7}.Ad-Hoc|x64.Build.0 = Release|x64
		{83C54679-6323-482D-8C3F-AAC2ABF937D7}.Ad-Hoc|x64.Deploy.0 = Release|x64
		{83C54679-6323-482D-8C3F-AAC2ABF937D7}.Ad-Hoc|x86.ActiveCfg = Release|x86
		{83C54679-6323-482D-8C3F-AAC2ABF937D7}.Ad-Hoc|x86.Build.0 = Release|x86
		{83C54679-6323-482D-8C3F-AAC2ABF937D7}.Ad-Hoc|x86.Deploy.0 = Release|x86
		{83C54679-6323-482D-8C3F-AAC2ABF937D7}.AppStore|Any CPU.ActiveCfg = Release|x64
		{83C54679-6323-482D-8C3F-AAC2ABF937D7}.AppStore|Any CPU.Build.0 = Release|x64
		{83C54679-6323-482D-8C3F-AAC2ABF937D7}.AppStore|Any CPU.Deploy.0 = Release|x64
		{83C54679-6323-482D-8C3F-AAC2ABF937D7}.AppStore|ARM.ActiveCfg = Release|ARM
		{83C54679-6323-482D-8C3F-AAC2ABF937D7}.AppStore|ARM.Build.0 = Release|ARM
		{83C54679-6323-482D-8C3F-AAC2ABF937D7}.AppStore|ARM.Deploy.0 = Release|ARM
		{83C54679-6323-482D-8C3F-AAC2ABF937D7}.AppStore|ARM64.ActiveCfg = Release|ARM64
		{83C54679-6323-482D-8C3F-AAC2ABF937D7}.AppStore|ARM64.Build.0 = Release|ARM64
		{83C54679-6323-482D-8C3F-AAC2ABF937D7}.AppStore|ARM64.Deploy.0 = Release|ARM64
		{83C54679-6323-482D-8C3F-AAC2ABF937D7}.AppStore|iPhone.ActiveCfg = Release|x64
		{83C54679-6323-482D-8C3F-AAC2ABF937D7}.AppStore|iPhone.Build.0 = Release|x64
		{83C54679-6323-482D-8C3F-AAC2ABF937D7}.AppStore|iPhone.Deploy.0 = Release|x64
		{83C54679-6323-482D-8C3F-AAC2ABF937D7}.AppStore|iPhoneSimulator.ActiveCfg = Release|x64
		{83C54679-6323-482D-8C3F-AAC2ABF937D7}.AppStore|iPhoneSimulator.Build.0 = Release|x64
		{83C54679-6323-482D-8C3F-AAC2ABF937D7}.AppStore|iPhoneSimulator.Deploy.0 = Release|x64
		{83C54679-6323-482D-8C3F-AAC2ABF937D7}.AppStore|x64.ActiveCfg = Release|x64
		{83C54679-6323-482D-8C3F-AAC2ABF937D7}.AppStore|x64.Build.0 = Release|x64
		{83C54679-6323-482D-8C3F-AAC2ABF937D7}.AppStore|x64.Deploy.0 = Release|x64
		{83C54679-6323-482D-8C3F-AAC2ABF937D7}.AppStore|x86.ActiveCfg = Release|x86
		{83C54679-6323-482D-8C3F-AAC2ABF937D7}.AppStore|x86.Build.0 = Release|x86
		{83C54679-6323-482D-8C3F-AAC2ABF937D7}.AppStore|x86.Deploy.0 = Release|x86
		{83C54679-6323-482D-8C3F-AAC2ABF937D7}.Debug|Any CPU.ActiveCfg = Debug|x86
		{83C54679-6323-482D-8C3F-AAC2ABF937D7}.Debug|ARM.ActiveCfg = Debug|ARM
		{83C54679-6323-482D-8C3F-AAC2ABF937D7}.Debug|ARM.Build.0 = Debug|ARM
		{83C54679-6323-482D-8C3F-AAC2ABF937D7}.Debug|ARM.Deploy.0 = Debug|ARM
		{83C54679-6323-482D-8C3F-AAC2ABF937D7}.Debug|ARM64.ActiveCfg = Debug|ARM64
		{83C54679-6323-482D-8C3F-AAC2ABF937D7}.Debug|ARM64.Build.0 = Debug|ARM64
		{83C54679-6323-482D-8C3F-AAC2ABF937D7}.Debug|ARM64.Deploy.0 = Debug|ARM64
		{83C54679-6323-482D-8C3F-AAC2ABF937D7}.Debug|iPhone.ActiveCfg = Debug|x86
		{83C54679-6323-482D-8C3F-AAC2ABF937D7}.Debug|iPhoneSimulator.ActiveCfg = Debug|x86
		{83C54679-6323-482D-8C3F-AAC2ABF937D7}.Debug|x64.ActiveCfg = Debug|x64
		{83C54679-6323-482D-8C3F-AAC2ABF937D7}.Debug|x64.Build.0 = Debug|x64
		{83C54679-6323-482D-8C3F-AAC2ABF937D7}.Debug|x64.Deploy.0 = Debug|x64
		{83C54679-6323-482D-8C3F-AAC2ABF937D7}.Debug|x86.ActiveCfg = Debug|x86
		{83C54679-6323-482D-8C3F-AAC2ABF937D7}.Debug|x86.Build.0 = Debug|x86
		{83C54679-6323-482D-8C3F-AAC2ABF937D7}.Debug|x86.Deploy.0 = Debug|x86
		{83C54679-6323-482D-8C3F-AAC2ABF937D7}.Release|Any CPU.ActiveCfg = Release|x86
		{83C54679-6323-482D-8C3F-AAC2ABF937D7}.Release|ARM.ActiveCfg = Release|ARM
		{83C54679-6323-482D-8C3F-AAC2ABF937D7}.Release|ARM.Build.0 = Release|ARM
		{83C54679-6323-482D-8C3F-AAC2ABF937D7}.Release|ARM.Deploy.0 = Release|ARM
		{83C54679-6323-482D-8C3F-AAC2ABF937D7}.Release|ARM64.ActiveCfg = Release|ARM64
		{83C54679-6323-482D-8C3F-AAC2ABF937D7}.Release|ARM64.Build.0 = Release|ARM64
		{83C54679-6323-482D-8C3F-AAC2ABF937D7}.Release|ARM64.Deploy.0 = Release|ARM64
		{83C54679-6323-482D-8C3F-AAC2ABF937D7}.Release|iPhone.ActiveCfg = Release|x86
		{83C54679-6323-482D-8C3F-AAC2ABF937D7}.Release|iPhoneSimulator.ActiveCfg = Release|x86
		{83C54679-6323-482D-8C3F-AAC2ABF937D7}.Release|x64.ActiveCfg = Release|x64
		{83C54679-6323-482D-8C3F-AAC2ABF937D7}.Release|x64.Build.0 = Release|x64
		{83C54679-6323-482D-8C3F-AAC2ABF937D7}.Release|x64.Deploy.0 = Release|x64
		{83C54679-6323-482D-8C3F-AAC2ABF937D7}.Release|x86.ActiveCfg = Release|x86
		{83C54679-6323-482D-8C3F-AAC2ABF937D7}.Release|x86.Build.0 = Release|x86
		{83C54679-6323-482D-8C3F-AAC2ABF937D7}.Release|x86.Deploy.0 = Release|x86
		{1109D87C-3BAC-4A60-95BD-4058B2D334B8}.Ad-Hoc|Any CPU.ActiveCfg = Debug|Any CPU
		{1109D87C-3BAC-4A60-95BD-4058B2D334B8}.Ad-Hoc|Any CPU.Build.0 = Debug|Any CPU
		{1109D87C-3BAC-4A60-95BD-4058B2D334B8}.Ad-Hoc|ARM.ActiveCfg = Debug|Any CPU
		{1109D87C-3BAC-4A60-95BD-4058B2D334B8}.Ad-Hoc|ARM.Build.0 = Debug|Any CPU
		{1109D87C-3BAC-4A60-95BD-4058B2D334B8}.Ad-Hoc|ARM64.ActiveCfg = Debug|Any CPU
		{1109D87C-3BAC-4A60-95BD-4058B2D334B8}.Ad-Hoc|ARM64.Build.0 = Debug|Any CPU
		{1109D87C-3BAC-4A60-95BD-4058B2D334B8}.Ad-Hoc|iPhone.ActiveCfg = Debug|Any CPU
		{1109D87C-3BAC-4A60-95BD-4058B2D334B8}.Ad-Hoc|iPhone.Build.0 = Debug|Any CPU
		{1109D87C-3BAC-4A60-95BD-4058B2D334B8}.Ad-Hoc|iPhoneSimulator.ActiveCfg = Debug|Any CPU
		{1109D87C-3BAC-4A60-95BD-4058B2D334B8}.Ad-Hoc|iPhoneSimulator.Build.0 = Debug|Any CPU
		{1109D87C-3BAC-4A60-95BD-4058B2D334B8}.Ad-Hoc|x64.ActiveCfg = Debug|Any CPU
		{1109D87C-3BAC-4A60-95BD-4058B2D334B8}.Ad-Hoc|x64.Build.0 = Debug|Any CPU
		{1109D87C-3BAC-4A60-95BD-4058B2D334B8}.Ad-Hoc|x86.ActiveCfg = Debug|Any CPU
		{1109D87C-3BAC-4A60-95BD-4058B2D334B8}.Ad-Hoc|x86.Build.0 = Debug|Any CPU
		{1109D87C-3BAC-4A60-95BD-4058B2D334B8}.AppStore|Any CPU.ActiveCfg = Debug|Any CPU
		{1109D87C-3BAC-4A60-95BD-4058B2D334B8}.AppStore|Any CPU.Build.0 = Debug|Any CPU
		{1109D87C-3BAC-4A60-95BD-4058B2D334B8}.AppStore|ARM.ActiveCfg = Debug|Any CPU
		{1109D87C-3BAC-4A60-95BD-4058B2D334B8}.AppStore|ARM.Build.0 = Debug|Any CPU
		{1109D87C-3BAC-4A60-95BD-4058B2D334B8}.AppStore|ARM64.ActiveCfg = Debug|Any CPU
		{1109D87C-3BAC-4A60-95BD-4058B2D334B8}.AppStore|ARM64.Build.0 = Debug|Any CPU
		{1109D87C-3BAC-4A60-95BD-4058B2D334B8}.AppStore|iPhone.ActiveCfg = Debug|Any CPU
		{1109D87C-3BAC-4A60-95BD-4058B2D334B8}.AppStore|iPhone.Build.0 = Debug|Any CPU
		{1109D87C-3BAC-4A60-95BD-4058B2D334B8}.AppStore|iPhoneSimulator.ActiveCfg = Debug|Any CPU
		{1109D87C-3BAC-4A60-95BD-4058B2D334B8}.AppStore|iPhoneSimulator.Build.0 = Debug|Any CPU
		{1109D87C-3BAC-4A60-95BD-4058B2D334B8}.AppStore|x64.ActiveCfg = Debug|Any CPU
		{1109D87C-3BAC-4A60-95BD-4058B2D334B8}.AppStore|x64.Build.0 = Debug|Any CPU
		{1109D87C-3BAC-4A60-95BD-4058B2D334B8}.AppStore|x86.ActiveCfg = Debug|Any CPU
		{1109D87C-3BAC-4A60-95BD-4058B2D334B8}.AppStore|x86.Build.0 = Debug|Any CPU
		{1109D87C-3BAC-4A60-95BD-4058B2D334B8}.Debug|Any CPU.ActiveCfg = Debug|Any CPU
		{1109D87C-3BAC-4A60-95BD-4058B2D334B8}.Debug|Any CPU.Build.0 = Debug|Any CPU
		{1109D87C-3BAC-4A60-95BD-4058B2D334B8}.Debug|ARM.ActiveCfg = Debug|Any CPU
		{1109D87C-3BAC-4A60-95BD-4058B2D334B8}.Debug|ARM.Build.0 = Debug|Any CPU
		{1109D87C-3BAC-4A60-95BD-4058B2D334B8}.Debug|ARM64.ActiveCfg = Debug|Any CPU
		{1109D87C-3BAC-4A60-95BD-4058B2D334B8}.Debug|ARM64.Build.0 = Debug|Any CPU
		{1109D87C-3BAC-4A60-95BD-4058B2D334B8}.Debug|iPhone.ActiveCfg = Debug|Any CPU
		{1109D87C-3BAC-4A60-95BD-4058B2D334B8}.Debug|iPhone.Build.0 = Debug|Any CPU
		{1109D87C-3BAC-4A60-95BD-4058B2D334B8}.Debug|iPhoneSimulator.ActiveCfg = Debug|Any CPU
		{1109D87C-3BAC-4A60-95BD-4058B2D334B8}.Debug|iPhoneSimulator.Build.0 = Debug|Any CPU
		{1109D87C-3BAC-4A60-95BD-4058B2D334B8}.Debug|x64.ActiveCfg = Debug|Any CPU
		{1109D87C-3BAC-4A60-95BD-4058B2D334B8}.Debug|x64.Build.0 = Debug|Any CPU
		{1109D87C-3BAC-4A60-95BD-4058B2D334B8}.Debug|x86.ActiveCfg = Debug|Any CPU
		{1109D87C-3BAC-4A60-95BD-4058B2D334B8}.Debug|x86.Build.0 = Debug|Any CPU
		{1109D87C-3BAC-4A60-95BD-4058B2D334B8}.Release|Any CPU.ActiveCfg = Release|Any CPU
		{1109D87C-3BAC-4A60-95BD-4058B2D334B8}.Release|Any CPU.Build.0 = Release|Any CPU
		{1109D87C-3BAC-4A60-95BD-4058B2D334B8}.Release|ARM.ActiveCfg = Release|Any CPU
		{1109D87C-3BAC-4A60-95BD-4058B2D334B8}.Release|ARM.Build.0 = Release|Any CPU
		{1109D87C-3BAC-4A60-95BD-4058B2D334B8}.Release|ARM64.ActiveCfg = Release|Any CPU
		{1109D87C-3BAC-4A60-95BD-4058B2D334B8}.Release|ARM64.Build.0 = Release|Any CPU
		{1109D87C-3BAC-4A60-95BD-4058B2D334B8}.Release|iPhone.ActiveCfg = Release|Any CPU
		{1109D87C-3BAC-4A60-95BD-4058B2D334B8}.Release|iPhone.Build.0 = Release|Any CPU
		{1109D87C-3BAC-4A60-95BD-4058B2D334B8}.Release|iPhoneSimulator.ActiveCfg = Release|Any CPU
		{1109D87C-3BAC-4A60-95BD-4058B2D334B8}.Release|iPhoneSimulator.Build.0 = Release|Any CPU
		{1109D87C-3BAC-4A60-95BD-4058B2D334B8}.Release|x64.ActiveCfg = Release|Any CPU
		{1109D87C-3BAC-4A60-95BD-4058B2D334B8}.Release|x64.Build.0 = Release|Any CPU
		{1109D87C-3BAC-4A60-95BD-4058B2D334B8}.Release|x86.ActiveCfg = Release|Any CPU
		{1109D87C-3BAC-4A60-95BD-4058B2D334B8}.Release|x86.Build.0 = Release|Any CPU
		{CABFE678-8BBD-4203-8EE3-ADC2B9577CB0}.Ad-Hoc|Any CPU.ActiveCfg = Release|iPhoneSimulator
		{CABFE678-8BBD-4203-8EE3-ADC2B9577CB0}.Ad-Hoc|Any CPU.Build.0 = Release|iPhoneSimulator
		{CABFE678-8BBD-4203-8EE3-ADC2B9577CB0}.Ad-Hoc|ARM.ActiveCfg = Release|iPhoneSimulator
		{CABFE678-8BBD-4203-8EE3-ADC2B9577CB0}.Ad-Hoc|ARM.Build.0 = Release|iPhoneSimulator
		{CABFE678-8BBD-4203-8EE3-ADC2B9577CB0}.Ad-Hoc|ARM64.ActiveCfg = Release|iPhoneSimulator
		{CABFE678-8BBD-4203-8EE3-ADC2B9577CB0}.Ad-Hoc|ARM64.Build.0 = Release|iPhoneSimulator
		{CABFE678-8BBD-4203-8EE3-ADC2B9577CB0}.Ad-Hoc|iPhone.ActiveCfg = Release|iPhoneSimulator
		{CABFE678-8BBD-4203-8EE3-ADC2B9577CB0}.Ad-Hoc|iPhone.Build.0 = Release|iPhoneSimulator
		{CABFE678-8BBD-4203-8EE3-ADC2B9577CB0}.Ad-Hoc|iPhoneSimulator.ActiveCfg = Release|iPhoneSimulator
		{CABFE678-8BBD-4203-8EE3-ADC2B9577CB0}.Ad-Hoc|iPhoneSimulator.Build.0 = Release|iPhoneSimulator
		{CABFE678-8BBD-4203-8EE3-ADC2B9577CB0}.Ad-Hoc|x64.ActiveCfg = Release|iPhoneSimulator
		{CABFE678-8BBD-4203-8EE3-ADC2B9577CB0}.Ad-Hoc|x64.Build.0 = Release|iPhoneSimulator
		{CABFE678-8BBD-4203-8EE3-ADC2B9577CB0}.Ad-Hoc|x86.ActiveCfg = Release|iPhoneSimulator
		{CABFE678-8BBD-4203-8EE3-ADC2B9577CB0}.Ad-Hoc|x86.Build.0 = Release|iPhoneSimulator
		{CABFE678-8BBD-4203-8EE3-ADC2B9577CB0}.AppStore|Any CPU.ActiveCfg = Release|iPhoneSimulator
		{CABFE678-8BBD-4203-8EE3-ADC2B9577CB0}.AppStore|Any CPU.Build.0 = Release|iPhoneSimulator
		{CABFE678-8BBD-4203-8EE3-ADC2B9577CB0}.AppStore|ARM.ActiveCfg = Release|iPhoneSimulator
		{CABFE678-8BBD-4203-8EE3-ADC2B9577CB0}.AppStore|ARM.Build.0 = Release|iPhoneSimulator
		{CABFE678-8BBD-4203-8EE3-ADC2B9577CB0}.AppStore|ARM64.ActiveCfg = Release|iPhoneSimulator
		{CABFE678-8BBD-4203-8EE3-ADC2B9577CB0}.AppStore|ARM64.Build.0 = Release|iPhoneSimulator
		{CABFE678-8BBD-4203-8EE3-ADC2B9577CB0}.AppStore|iPhone.ActiveCfg = Release|iPhoneSimulator
		{CABFE678-8BBD-4203-8EE3-ADC2B9577CB0}.AppStore|iPhone.Build.0 = Release|iPhoneSimulator
		{CABFE678-8BBD-4203-8EE3-ADC2B9577CB0}.AppStore|iPhoneSimulator.ActiveCfg = Release|iPhoneSimulator
		{CABFE678-8BBD-4203-8EE3-ADC2B9577CB0}.AppStore|iPhoneSimulator.Build.0 = Release|iPhoneSimulator
		{CABFE678-8BBD-4203-8EE3-ADC2B9577CB0}.AppStore|x64.ActiveCfg = Release|iPhoneSimulator
		{CABFE678-8BBD-4203-8EE3-ADC2B9577CB0}.AppStore|x64.Build.0 = Release|iPhoneSimulator
		{CABFE678-8BBD-4203-8EE3-ADC2B9577CB0}.AppStore|x86.ActiveCfg = Release|iPhoneSimulator
		{CABFE678-8BBD-4203-8EE3-ADC2B9577CB0}.AppStore|x86.Build.0 = Release|iPhoneSimulator
		{CABFE678-8BBD-4203-8EE3-ADC2B9577CB0}.Debug|Any CPU.ActiveCfg = Debug|iPhoneSimulator
		{CABFE678-8BBD-4203-8EE3-ADC2B9577CB0}.Debug|ARM.ActiveCfg = Debug|iPhoneSimulator
		{CABFE678-8BBD-4203-8EE3-ADC2B9577CB0}.Debug|ARM64.ActiveCfg = Debug|iPhoneSimulator
		{CABFE678-8BBD-4203-8EE3-ADC2B9577CB0}.Debug|iPhone.ActiveCfg = Debug|iPhoneSimulator
		{CABFE678-8BBD-4203-8EE3-ADC2B9577CB0}.Debug|iPhoneSimulator.ActiveCfg = Debug|iPhoneSimulator
		{CABFE678-8BBD-4203-8EE3-ADC2B9577CB0}.Debug|iPhoneSimulator.Build.0 = Debug|iPhoneSimulator
		{CABFE678-8BBD-4203-8EE3-ADC2B9577CB0}.Debug|x64.ActiveCfg = Debug|iPhoneSimulator
		{CABFE678-8BBD-4203-8EE3-ADC2B9577CB0}.Debug|x86.ActiveCfg = Debug|iPhoneSimulator
		{CABFE678-8BBD-4203-8EE3-ADC2B9577CB0}.Release|Any CPU.ActiveCfg = Release|iPhoneSimulator
		{CABFE678-8BBD-4203-8EE3-ADC2B9577CB0}.Release|ARM.ActiveCfg = Release|iPhoneSimulator
		{CABFE678-8BBD-4203-8EE3-ADC2B9577CB0}.Release|ARM64.ActiveCfg = Release|iPhoneSimulator
		{CABFE678-8BBD-4203-8EE3-ADC2B9577CB0}.Release|iPhone.ActiveCfg = Release|iPhoneSimulator
		{CABFE678-8BBD-4203-8EE3-ADC2B9577CB0}.Release|iPhoneSimulator.ActiveCfg = Release|iPhoneSimulator
		{CABFE678-8BBD-4203-8EE3-ADC2B9577CB0}.Release|iPhoneSimulator.Build.0 = Release|iPhoneSimulator
		{CABFE678-8BBD-4203-8EE3-ADC2B9577CB0}.Release|x64.ActiveCfg = Release|iPhoneSimulator
		{CABFE678-8BBD-4203-8EE3-ADC2B9577CB0}.Release|x86.ActiveCfg = Release|iPhoneSimulator
		{7D5FB72D-FD5F-4247-A5FC-8CC989471B6A}.Ad-Hoc|Any CPU.ActiveCfg = Release|Any CPU
		{7D5FB72D-FD5F-4247-A5FC-8CC989471B6A}.Ad-Hoc|Any CPU.Build.0 = Release|Any CPU
		{7D5FB72D-FD5F-4247-A5FC-8CC989471B6A}.Ad-Hoc|ARM.ActiveCfg = Release|Any CPU
		{7D5FB72D-FD5F-4247-A5FC-8CC989471B6A}.Ad-Hoc|ARM.Build.0 = Release|Any CPU
		{7D5FB72D-FD5F-4247-A5FC-8CC989471B6A}.Ad-Hoc|ARM64.ActiveCfg = Release|Any CPU
		{7D5FB72D-FD5F-4247-A5FC-8CC989471B6A}.Ad-Hoc|ARM64.Build.0 = Release|Any CPU
		{7D5FB72D-FD5F-4247-A5FC-8CC989471B6A}.Ad-Hoc|iPhone.ActiveCfg = Release|Any CPU
		{7D5FB72D-FD5F-4247-A5FC-8CC989471B6A}.Ad-Hoc|iPhone.Build.0 = Release|Any CPU
		{7D5FB72D-FD5F-4247-A5FC-8CC989471B6A}.Ad-Hoc|iPhoneSimulator.ActiveCfg = Release|Any CPU
		{7D5FB72D-FD5F-4247-A5FC-8CC989471B6A}.Ad-Hoc|iPhoneSimulator.Build.0 = Release|Any CPU
		{7D5FB72D-FD5F-4247-A5FC-8CC989471B6A}.Ad-Hoc|x64.ActiveCfg = Release|Any CPU
		{7D5FB72D-FD5F-4247-A5FC-8CC989471B6A}.Ad-Hoc|x64.Build.0 = Release|Any CPU
		{7D5FB72D-FD5F-4247-A5FC-8CC989471B6A}.Ad-Hoc|x86.ActiveCfg = Release|Any CPU
		{7D5FB72D-FD5F-4247-A5FC-8CC989471B6A}.Ad-Hoc|x86.Build.0 = Release|Any CPU
		{7D5FB72D-FD5F-4247-A5FC-8CC989471B6A}.AppStore|Any CPU.ActiveCfg = Release|Any CPU
		{7D5FB72D-FD5F-4247-A5FC-8CC989471B6A}.AppStore|Any CPU.Build.0 = Release|Any CPU
		{7D5FB72D-FD5F-4247-A5FC-8CC989471B6A}.AppStore|ARM.ActiveCfg = Release|Any CPU
		{7D5FB72D-FD5F-4247-A5FC-8CC989471B6A}.AppStore|ARM.Build.0 = Release|Any CPU
		{7D5FB72D-FD5F-4247-A5FC-8CC989471B6A}.AppStore|ARM64.ActiveCfg = Release|Any CPU
		{7D5FB72D-FD5F-4247-A5FC-8CC989471B6A}.AppStore|ARM64.Build.0 = Release|Any CPU
		{7D5FB72D-FD5F-4247-A5FC-8CC989471B6A}.AppStore|iPhone.ActiveCfg = Release|Any CPU
		{7D5FB72D-FD5F-4247-A5FC-8CC989471B6A}.AppStore|iPhone.Build.0 = Release|Any CPU
		{7D5FB72D-FD5F-4247-A5FC-8CC989471B6A}.AppStore|iPhoneSimulator.ActiveCfg = Release|Any CPU
		{7D5FB72D-FD5F-4247-A5FC-8CC989471B6A}.AppStore|iPhoneSimulator.Build.0 = Release|Any CPU
		{7D5FB72D-FD5F-4247-A5FC-8CC989471B6A}.AppStore|x64.ActiveCfg = Release|Any CPU
		{7D5FB72D-FD5F-4247-A5FC-8CC989471B6A}.AppStore|x64.Build.0 = Release|Any CPU
		{7D5FB72D-FD5F-4247-A5FC-8CC989471B6A}.AppStore|x86.ActiveCfg = Release|Any CPU
		{7D5FB72D-FD5F-4247-A5FC-8CC989471B6A}.AppStore|x86.Build.0 = Release|Any CPU
		{7D5FB72D-FD5F-4247-A5FC-8CC989471B6A}.Debug|Any CPU.ActiveCfg = Debug|Any CPU
		{7D5FB72D-FD5F-4247-A5FC-8CC989471B6A}.Debug|Any CPU.Build.0 = Debug|Any CPU
		{7D5FB72D-FD5F-4247-A5FC-8CC989471B6A}.Debug|ARM.ActiveCfg = Debug|Any CPU
		{7D5FB72D-FD5F-4247-A5FC-8CC989471B6A}.Debug|ARM.Build.0 = Debug|Any CPU
		{7D5FB72D-FD5F-4247-A5FC-8CC989471B6A}.Debug|ARM64.ActiveCfg = Debug|Any CPU
		{7D5FB72D-FD5F-4247-A5FC-8CC989471B6A}.Debug|ARM64.Build.0 = Debug|Any CPU
		{7D5FB72D-FD5F-4247-A5FC-8CC989471B6A}.Debug|iPhone.ActiveCfg = Debug|Any CPU
		{7D5FB72D-FD5F-4247-A5FC-8CC989471B6A}.Debug|iPhone.Build.0 = Debug|Any CPU
		{7D5FB72D-FD5F-4247-A5FC-8CC989471B6A}.Debug|iPhoneSimulator.ActiveCfg = Debug|Any CPU
		{7D5FB72D-FD5F-4247-A5FC-8CC989471B6A}.Debug|iPhoneSimulator.Build.0 = Debug|Any CPU
		{7D5FB72D-FD5F-4247-A5FC-8CC989471B6A}.Debug|x64.ActiveCfg = Debug|Any CPU
		{7D5FB72D-FD5F-4247-A5FC-8CC989471B6A}.Debug|x64.Build.0 = Debug|Any CPU
		{7D5FB72D-FD5F-4247-A5FC-8CC989471B6A}.Debug|x86.ActiveCfg = Debug|Any CPU
		{7D5FB72D-FD5F-4247-A5FC-8CC989471B6A}.Debug|x86.Build.0 = Debug|Any CPU
		{7D5FB72D-FD5F-4247-A5FC-8CC989471B6A}.Release|Any CPU.ActiveCfg = Release|Any CPU
		{7D5FB72D-FD5F-4247-A5FC-8CC989471B6A}.Release|Any CPU.Build.0 = Release|Any CPU
		{7D5FB72D-FD5F-4247-A5FC-8CC989471B6A}.Release|ARM.ActiveCfg = Release|Any CPU
		{7D5FB72D-FD5F-4247-A5FC-8CC989471B6A}.Release|ARM.Build.0 = Release|Any CPU
		{7D5FB72D-FD5F-4247-A5FC-8CC989471B6A}.Release|ARM64.ActiveCfg = Release|Any CPU
		{7D5FB72D-FD5F-4247-A5FC-8CC989471B6A}.Release|ARM64.Build.0 = Release|Any CPU
		{7D5FB72D-FD5F-4247-A5FC-8CC989471B6A}.Release|iPhone.ActiveCfg = Release|Any CPU
		{7D5FB72D-FD5F-4247-A5FC-8CC989471B6A}.Release|iPhone.Build.0 = Release|Any CPU
		{7D5FB72D-FD5F-4247-A5FC-8CC989471B6A}.Release|iPhoneSimulator.ActiveCfg = Release|Any CPU
		{7D5FB72D-FD5F-4247-A5FC-8CC989471B6A}.Release|iPhoneSimulator.Build.0 = Release|Any CPU
		{7D5FB72D-FD5F-4247-A5FC-8CC989471B6A}.Release|x64.ActiveCfg = Release|Any CPU
		{7D5FB72D-FD5F-4247-A5FC-8CC989471B6A}.Release|x64.Build.0 = Release|Any CPU
		{7D5FB72D-FD5F-4247-A5FC-8CC989471B6A}.Release|x86.ActiveCfg = Release|Any CPU
		{7D5FB72D-FD5F-4247-A5FC-8CC989471B6A}.Release|x86.Build.0 = Release|Any CPU
	EndGlobalSection
	GlobalSection(SolutionProperties) = preSolution
		HideSolutionNode = FALSE
	EndGlobalSection
	GlobalSection(NestedProjects) = preSolution
		{6279C845-92F8-4333-AB99-3D213163593C} = {BBAFEB1E-93C0-4C7E-8E0A-026BB05C88EC}
		{4052E295-E29F-4BB3-85CA-DE90354DCCFF} = {BBAFEB1E-93C0-4C7E-8E0A-026BB05C88EC}
		{4BDF059A-82BC-45CF-89EE-B4C7FB7ED2B7} = {BBAFEB1E-93C0-4C7E-8E0A-026BB05C88EC}
		{83C54679-6323-482D-8C3F-AAC2ABF937D7} = {BBAFEB1E-93C0-4C7E-8E0A-026BB05C88EC}
		{1109D87C-3BAC-4A60-95BD-4058B2D334B8} = {BBAFEB1E-93C0-4C7E-8E0A-026BB05C88EC}
		{CABFE678-8BBD-4203-8EE3-ADC2B9577CB0} = {BBAFEB1E-93C0-4C7E-8E0A-026BB05C88EC}
		{7D5FB72D-FD5F-4247-A5FC-8CC989471B6A} = {BBAFEB1E-93C0-4C7E-8E0A-026BB05C88EC}
	EndGlobalSection
	GlobalSection(ExtensibilityGlobals) = postSolution
		SolutionGuid = {3125D461-08F4-4071-AAE5-1038EF84A360}
	EndGlobalSection
EndGlobal
