
Microsoft Visual Studio Solution File, Format Version 12.00
# Visual Studio Version 16
VisualStudioVersion = 16.0.30114.128
MinimumVisualStudioVersion = 10.0.40219.1
Project("{2150E333-8FDC-42A3-9474-1A3956D46DE8}") = ".paket", ".paket", "{021C7D6F-30F1-41CC-B8D6-3460EFF300C3}"
	ProjectSection(SolutionItems) = preProject
		..\paket.dependencies = ..\paket.dependencies
	EndProjectSection
EndProject
Project("{6EC3EE1D-3C4E-46DD-8F32-0CC8E7565705}") = "Elmish.Uno", "Elmish.Uno\Elmish.Uno.fsproj", "{8C6E8D34-7205-4C57-9722-87E30E4FC5CE}"
EndProject
Project("{6EC3EE1D-3C4E-46DD-8F32-0CC8E7565705}") = "Elmish.Uno.Mobile", "Elmish.Uno.Mobile\Elmish.Uno.Mobile.fsproj", "{FC164746-4CE8-4C64-91D3-2AD02CD25EEF}"
EndProject
Project("{FAE04EC0-301F-11D3-BF4B-00C04F79EFBC}") = "Elmish.Uno.Uwp", "Elmish.Uno.Uwp\Elmish.Uno.Uwp.csproj", "{E8FAB67C-C113-4E2C-B28C-7BA8EB3559C3}"
EndProject
Project("{6EC3EE1D-3C4E-46DD-8F32-0CC8E7565705}") = "Elmish.Uno.Tests", "Elmish.Uno.Tests\Elmish.Uno.Tests.fsproj", "{54DFF909-F5DF-48A9-B57D-E57B0EE743FF}"
EndProject
Project("{2150E333-8FDC-42A3-9474-1A3956D46DE8}") = "Samples", "Samples", "{BBAFEB1E-93C0-4C7E-8E0A-026BB05C88EC}"
EndProject
Project("{6EC3EE1D-3C4E-46DD-8F32-0CC8E7565705}") = "SingleCounter", "Samples\SingleCounter\SingleCounter.fsproj", "{AAAD1890-05A8-4D6F-8B1F-6B93140C8011}"
EndProject
Project("{6EC3EE1D-3C4E-46DD-8F32-0CC8E7565705}") = "UiBoundCmdParam", "Samples\UiBoundCmdParam\UiBoundCmdParam.fsproj", "{9581A1DE-70A6-4AC2-AF65-FD6E95F3A983}"
EndProject
Project("{6EC3EE1D-3C4E-46DD-8F32-0CC8E7565705}") = "Validation", "Samples\Validation\Validation.fsproj", "{69DED389-B4BB-4295-926D-1DFFB8995628}"
EndProject
Project("{6EC3EE1D-3C4E-46DD-8F32-0CC8E7565705}") = "SubModel", "Samples\SubModel\SubModel.fsproj", "{EA0640D2-D64B-4AE6-8876-5E33C53BD50E}"
EndProject
Project("{6EC3EE1D-3C4E-46DD-8F32-0CC8E7565705}") = "SubModelCollection", "Samples\SubModelCollection\SubModelCollection.fsproj", "{F6261A48-3EF9-452B-98AD-15F5CD94B5E5}"
EndProject
Project("{6EC3EE1D-3C4E-46DD-8F32-0CC8E7565705}") = "OneWaySeq", "Samples\OneWaySeq\OneWaySeq.fsproj", "{E97A831B-0525-4248-8143-4E1114612071}"
EndProject
Project("{6EC3EE1D-3C4E-46DD-8F32-0CC8E7565705}") = "SubModelOpt", "Samples\SubModelOpt\SubModelOpt.fsproj", "{47ADE238-C32B-4F19-9028-68EB8E09927C}"
EndProject
Project("{6EC3EE1D-3C4E-46DD-8F32-0CC8E7565705}") = "NewWindow", "Samples\NewWindow\NewWindow.fsproj", "{9D01D459-4EAA-446E-BC2E-F5F66D29833A}"
EndProject
Project("{9A19103F-16F7-4668-BE54-9A1E7A4F7556}") = "NewWindow.Views", "Samples\NewWindow.Views\NewWindow.Views.csproj", "{7595D7F1-5B28-415F-97C2-470A375E3BCC}"
EndProject
Project("{2150E333-8FDC-42A3-9474-1A3956D46DE8}") = "Solution Items", "Solution Items", "{975CF05B-2D8A-4770-AFEE-9E5F2C1372DF}"
	ProjectSection(SolutionItems) = preProject
		..\.editorconfig = ..\.editorconfig
		..\global.json = ..\global.json
		..\nuget.config = ..\nuget.config
	EndProjectSection
EndProject
Project("{D954291E-2A0B-460D-934E-DC6B0785DB48}") = "Samples.Shared", "Samples\Samples.Shared\Samples.Shared.shproj", "{6279C845-92F8-4333-AB99-3D213163593C}"
EndProject
Project("{FAE04EC0-301F-11D3-BF4B-00C04F79EFBC}") = "Samples.Droid", "Samples\Samples.Droid\Samples.Droid.csproj", "{48AD8B51-1C7F-4D1C-99E2-7F9A78E84D81}"
EndProject
Project("{FAE04EC0-301F-11D3-BF4B-00C04F79EFBC}") = "Samples.iOS", "Samples\Samples.iOS\Samples.iOS.csproj", "{C91CAE34-FE83-4E3A-84B8-04AEF7643E9F}"
EndProject
Project("{FAE04EC0-301F-11D3-BF4B-00C04F79EFBC}") = "Samples.UWP", "Samples\Samples.UWP\Samples.UWP.csproj", "{5B1A9D61-2079-4880-99B4-EF87AF53C9B5}"
EndProject
Project("{9A19103F-16F7-4668-BE54-9A1E7A4F7556}") = "Samples.Wasm", "Samples\Samples.Wasm\Samples.Wasm.csproj", "{C17FBEB3-2F5F-4175-BC5B-BEDFC3841414}"
EndProject
Project("{FAE04EC0-301F-11D3-BF4B-00C04F79EFBC}") = "Samples.macOS", "Samples\Samples.macOS\Samples.macOS.csproj", "{89818C3A-D175-4CA0-B389-BBC699FD5366}"
EndProject
Global
	GlobalSection(SharedMSBuildProjectFiles) = preSolution
		Samples\Samples.Shared\Samples.Shared.projitems*{48ad8b51-1c7f-4d1c-99e2-7f9a78e84d81}*SharedItemsImports = 4
		Samples\Samples.Shared\Samples.Shared.projitems*{5b1a9d61-2079-4880-99b4-ef87af53c9b5}*SharedItemsImports = 4
		Samples\Samples.Shared\Samples.Shared.projitems*{6279c845-92f8-4333-ab99-3d213163593c}*SharedItemsImports = 13
		Samples\Samples.Shared\Samples.Shared.projitems*{89818c3a-d175-4ca0-b389-bbc699fd5366}*SharedItemsImports = 4
		Samples\Samples.Shared\Samples.Shared.projitems*{c17fbeb3-2f5f-4175-bc5b-bedfc3841414}*SharedItemsImports = 5
		Samples\Samples.Shared\Samples.Shared.projitems*{c91cae34-fe83-4e3a-84b8-04aef7643e9f}*SharedItemsImports = 4
	EndGlobalSection
	GlobalSection(SolutionConfigurationPlatforms) = preSolution
		Ad-Hoc|Any CPU = Ad-Hoc|Any CPU
		Ad-Hoc|ARM = Ad-Hoc|ARM
		Ad-Hoc|ARM64 = Ad-Hoc|ARM64
		Ad-Hoc|iPhone = Ad-Hoc|iPhone
		Ad-Hoc|iPhoneSimulator = Ad-Hoc|iPhoneSimulator
		Ad-Hoc|x64 = Ad-Hoc|x64
		Ad-Hoc|x86 = Ad-Hoc|x86
		AppStore|Any CPU = AppStore|Any CPU
		AppStore|ARM = AppStore|ARM
		AppStore|ARM64 = AppStore|ARM64
		AppStore|iPhone = AppStore|iPhone
		AppStore|iPhoneSimulator = AppStore|iPhoneSimulator
		AppStore|x64 = AppStore|x64
		AppStore|x86 = AppStore|x86
		Debug|Any CPU = Debug|Any CPU
		Debug|ARM = Debug|ARM
		Debug|ARM64 = Debug|ARM64
		Debug|iPhone = Debug|iPhone
		Debug|iPhoneSimulator = Debug|iPhoneSimulator
		Debug|x64 = Debug|x64
		Debug|x86 = Debug|x86
		Release|Any CPU = Release|Any CPU
		Release|ARM = Release|ARM
		Release|ARM64 = Release|ARM64
		Release|iPhone = Release|iPhone
		Release|iPhoneSimulator = Release|iPhoneSimulator
		Release|x64 = Release|x64
		Release|x86 = Release|x86
	EndGlobalSection
	GlobalSection(ProjectConfigurationPlatforms) = postSolution
		{8C6E8D34-7205-4C57-9722-87E30E4FC5CE}.Ad-Hoc|Any CPU.ActiveCfg = Release|Any CPU
		{8C6E8D34-7205-4C57-9722-87E30E4FC5CE}.Ad-Hoc|ARM.ActiveCfg = Release|Any CPU
		{8C6E8D34-7205-4C57-9722-87E30E4FC5CE}.Ad-Hoc|ARM64.ActiveCfg = Release|Any CPU
		{8C6E8D34-7205-4C57-9722-87E30E4FC5CE}.Ad-Hoc|iPhone.ActiveCfg = Release|Any CPU
		{8C6E8D34-7205-4C57-9722-87E30E4FC5CE}.Ad-Hoc|iPhoneSimulator.ActiveCfg = Release|Any CPU
		{8C6E8D34-7205-4C57-9722-87E30E4FC5CE}.Ad-Hoc|x64.ActiveCfg = Release|Any CPU
		{8C6E8D34-7205-4C57-9722-87E30E4FC5CE}.Ad-Hoc|x86.ActiveCfg = Release|Any CPU
		{8C6E8D34-7205-4C57-9722-87E30E4FC5CE}.AppStore|Any CPU.ActiveCfg = Release|Any CPU
		{8C6E8D34-7205-4C57-9722-87E30E4FC5CE}.AppStore|ARM.ActiveCfg = Release|Any CPU
		{8C6E8D34-7205-4C57-9722-87E30E4FC5CE}.AppStore|ARM64.ActiveCfg = Release|Any CPU
		{8C6E8D34-7205-4C57-9722-87E30E4FC5CE}.AppStore|iPhone.ActiveCfg = Release|Any CPU
		{8C6E8D34-7205-4C57-9722-87E30E4FC5CE}.AppStore|iPhoneSimulator.ActiveCfg = Release|Any CPU
		{8C6E8D34-7205-4C57-9722-87E30E4FC5CE}.AppStore|x64.ActiveCfg = Release|Any CPU
		{8C6E8D34-7205-4C57-9722-87E30E4FC5CE}.AppStore|x86.ActiveCfg = Release|Any CPU
		{8C6E8D34-7205-4C57-9722-87E30E4FC5CE}.Debug|Any CPU.ActiveCfg = Debug|Any CPU
		{8C6E8D34-7205-4C57-9722-87E30E4FC5CE}.Debug|Any CPU.Build.0 = Debug|Any CPU
		{8C6E8D34-7205-4C57-9722-87E30E4FC5CE}.Debug|ARM.ActiveCfg = Debug|Any CPU
		{8C6E8D34-7205-4C57-9722-87E30E4FC5CE}.Debug|ARM.Build.0 = Debug|Any CPU
		{8C6E8D34-7205-4C57-9722-87E30E4FC5CE}.Debug|ARM64.ActiveCfg = Debug|Any CPU
		{8C6E8D34-7205-4C57-9722-87E30E4FC5CE}.Debug|ARM64.Build.0 = Debug|Any CPU
		{8C6E8D34-7205-4C57-9722-87E30E4FC5CE}.Debug|iPhone.ActiveCfg = Debug|Any CPU
		{8C6E8D34-7205-4C57-9722-87E30E4FC5CE}.Debug|iPhoneSimulator.ActiveCfg = Debug|Any CPU
		{8C6E8D34-7205-4C57-9722-87E30E4FC5CE}.Debug|x64.ActiveCfg = Debug|Any CPU
		{8C6E8D34-7205-4C57-9722-87E30E4FC5CE}.Debug|x64.Build.0 = Debug|Any CPU
		{8C6E8D34-7205-4C57-9722-87E30E4FC5CE}.Debug|x86.ActiveCfg = Debug|Any CPU
		{8C6E8D34-7205-4C57-9722-87E30E4FC5CE}.Debug|x86.Build.0 = Debug|Any CPU
		{8C6E8D34-7205-4C57-9722-87E30E4FC5CE}.Release|Any CPU.ActiveCfg = Release|Any CPU
		{8C6E8D34-7205-4C57-9722-87E30E4FC5CE}.Release|Any CPU.Build.0 = Release|Any CPU
		{8C6E8D34-7205-4C57-9722-87E30E4FC5CE}.Release|ARM.ActiveCfg = Release|Any CPU
		{8C6E8D34-7205-4C57-9722-87E30E4FC5CE}.Release|ARM.Build.0 = Release|Any CPU
		{8C6E8D34-7205-4C57-9722-87E30E4FC5CE}.Release|ARM64.ActiveCfg = Release|Any CPU
		{8C6E8D34-7205-4C57-9722-87E30E4FC5CE}.Release|ARM64.Build.0 = Release|Any CPU
		{8C6E8D34-7205-4C57-9722-87E30E4FC5CE}.Release|iPhone.ActiveCfg = Release|Any CPU
		{8C6E8D34-7205-4C57-9722-87E30E4FC5CE}.Release|iPhoneSimulator.ActiveCfg = Release|Any CPU
		{8C6E8D34-7205-4C57-9722-87E30E4FC5CE}.Release|x64.ActiveCfg = Release|Any CPU
		{8C6E8D34-7205-4C57-9722-87E30E4FC5CE}.Release|x64.Build.0 = Release|Any CPU
		{8C6E8D34-7205-4C57-9722-87E30E4FC5CE}.Release|x86.ActiveCfg = Release|Any CPU
		{8C6E8D34-7205-4C57-9722-87E30E4FC5CE}.Release|x86.Build.0 = Release|Any CPU
		{FC164746-4CE8-4C64-91D3-2AD02CD25EEF}.Ad-Hoc|Any CPU.ActiveCfg = Debug|Any CPU
		{FC164746-4CE8-4C64-91D3-2AD02CD25EEF}.Ad-Hoc|Any CPU.Build.0 = Debug|Any CPU
		{FC164746-4CE8-4C64-91D3-2AD02CD25EEF}.Ad-Hoc|ARM.ActiveCfg = Debug|Any CPU
		{FC164746-4CE8-4C64-91D3-2AD02CD25EEF}.Ad-Hoc|ARM.Build.0 = Debug|Any CPU
		{FC164746-4CE8-4C64-91D3-2AD02CD25EEF}.Ad-Hoc|ARM64.ActiveCfg = Debug|Any CPU
		{FC164746-4CE8-4C64-91D3-2AD02CD25EEF}.Ad-Hoc|ARM64.Build.0 = Debug|Any CPU
		{FC164746-4CE8-4C64-91D3-2AD02CD25EEF}.Ad-Hoc|iPhone.ActiveCfg = Debug|Any CPU
		{FC164746-4CE8-4C64-91D3-2AD02CD25EEF}.Ad-Hoc|iPhone.Build.0 = Debug|Any CPU
		{FC164746-4CE8-4C64-91D3-2AD02CD25EEF}.Ad-Hoc|iPhoneSimulator.ActiveCfg = Debug|Any CPU
		{FC164746-4CE8-4C64-91D3-2AD02CD25EEF}.Ad-Hoc|iPhoneSimulator.Build.0 = Debug|Any CPU
		{FC164746-4CE8-4C64-91D3-2AD02CD25EEF}.Ad-Hoc|x64.ActiveCfg = Debug|Any CPU
		{FC164746-4CE8-4C64-91D3-2AD02CD25EEF}.Ad-Hoc|x64.Build.0 = Debug|Any CPU
		{FC164746-4CE8-4C64-91D3-2AD02CD25EEF}.Ad-Hoc|x86.ActiveCfg = Debug|Any CPU
		{FC164746-4CE8-4C64-91D3-2AD02CD25EEF}.Ad-Hoc|x86.Build.0 = Debug|Any CPU
		{FC164746-4CE8-4C64-91D3-2AD02CD25EEF}.AppStore|Any CPU.ActiveCfg = Debug|Any CPU
		{FC164746-4CE8-4C64-91D3-2AD02CD25EEF}.AppStore|Any CPU.Build.0 = Debug|Any CPU
		{FC164746-4CE8-4C64-91D3-2AD02CD25EEF}.AppStore|ARM.ActiveCfg = Debug|Any CPU
		{FC164746-4CE8-4C64-91D3-2AD02CD25EEF}.AppStore|ARM.Build.0 = Debug|Any CPU
		{FC164746-4CE8-4C64-91D3-2AD02CD25EEF}.AppStore|ARM64.ActiveCfg = Debug|Any CPU
		{FC164746-4CE8-4C64-91D3-2AD02CD25EEF}.AppStore|ARM64.Build.0 = Debug|Any CPU
		{FC164746-4CE8-4C64-91D3-2AD02CD25EEF}.AppStore|iPhone.ActiveCfg = Debug|Any CPU
		{FC164746-4CE8-4C64-91D3-2AD02CD25EEF}.AppStore|iPhone.Build.0 = Debug|Any CPU
		{FC164746-4CE8-4C64-91D3-2AD02CD25EEF}.AppStore|iPhoneSimulator.ActiveCfg = Debug|Any CPU
		{FC164746-4CE8-4C64-91D3-2AD02CD25EEF}.AppStore|iPhoneSimulator.Build.0 = Debug|Any CPU
		{FC164746-4CE8-4C64-91D3-2AD02CD25EEF}.AppStore|x64.ActiveCfg = Debug|Any CPU
		{FC164746-4CE8-4C64-91D3-2AD02CD25EEF}.AppStore|x64.Build.0 = Debug|Any CPU
		{FC164746-4CE8-4C64-91D3-2AD02CD25EEF}.AppStore|x86.ActiveCfg = Debug|Any CPU
		{FC164746-4CE8-4C64-91D3-2AD02CD25EEF}.AppStore|x86.Build.0 = Debug|Any CPU
		{FC164746-4CE8-4C64-91D3-2AD02CD25EEF}.Debug|Any CPU.ActiveCfg = Debug|Any CPU
		{FC164746-4CE8-4C64-91D3-2AD02CD25EEF}.Debug|Any CPU.Build.0 = Debug|Any CPU
		{FC164746-4CE8-4C64-91D3-2AD02CD25EEF}.Debug|ARM.ActiveCfg = Debug|Any CPU
		{FC164746-4CE8-4C64-91D3-2AD02CD25EEF}.Debug|ARM.Build.0 = Debug|Any CPU
		{FC164746-4CE8-4C64-91D3-2AD02CD25EEF}.Debug|ARM64.ActiveCfg = Debug|Any CPU
		{FC164746-4CE8-4C64-91D3-2AD02CD25EEF}.Debug|ARM64.Build.0 = Debug|Any CPU
		{FC164746-4CE8-4C64-91D3-2AD02CD25EEF}.Debug|iPhone.ActiveCfg = Debug|Any CPU
		{FC164746-4CE8-4C64-91D3-2AD02CD25EEF}.Debug|iPhone.Build.0 = Debug|Any CPU
		{FC164746-4CE8-4C64-91D3-2AD02CD25EEF}.Debug|iPhoneSimulator.ActiveCfg = Debug|Any CPU
		{FC164746-4CE8-4C64-91D3-2AD02CD25EEF}.Debug|iPhoneSimulator.Build.0 = Debug|Any CPU
		{FC164746-4CE8-4C64-91D3-2AD02CD25EEF}.Debug|x64.ActiveCfg = Debug|Any CPU
		{FC164746-4CE8-4C64-91D3-2AD02CD25EEF}.Debug|x64.Build.0 = Debug|Any CPU
		{FC164746-4CE8-4C64-91D3-2AD02CD25EEF}.Debug|x86.ActiveCfg = Debug|Any CPU
		{FC164746-4CE8-4C64-91D3-2AD02CD25EEF}.Debug|x86.Build.0 = Debug|Any CPU
		{FC164746-4CE8-4C64-91D3-2AD02CD25EEF}.Release|Any CPU.ActiveCfg = Release|Any CPU
		{FC164746-4CE8-4C64-91D3-2AD02CD25EEF}.Release|Any CPU.Build.0 = Release|Any CPU
		{FC164746-4CE8-4C64-91D3-2AD02CD25EEF}.Release|ARM.ActiveCfg = Release|Any CPU
		{FC164746-4CE8-4C64-91D3-2AD02CD25EEF}.Release|ARM.Build.0 = Release|Any CPU
		{FC164746-4CE8-4C64-91D3-2AD02CD25EEF}.Release|ARM64.ActiveCfg = Release|Any CPU
		{FC164746-4CE8-4C64-91D3-2AD02CD25EEF}.Release|ARM64.Build.0 = Release|Any CPU
		{FC164746-4CE8-4C64-91D3-2AD02CD25EEF}.Release|iPhone.ActiveCfg = Release|Any CPU
		{FC164746-4CE8-4C64-91D3-2AD02CD25EEF}.Release|iPhone.Build.0 = Release|Any CPU
		{FC164746-4CE8-4C64-91D3-2AD02CD25EEF}.Release|iPhoneSimulator.ActiveCfg = Release|Any CPU
		{FC164746-4CE8-4C64-91D3-2AD02CD25EEF}.Release|iPhoneSimulator.Build.0 = Release|Any CPU
		{FC164746-4CE8-4C64-91D3-2AD02CD25EEF}.Release|x64.ActiveCfg = Release|Any CPU
		{FC164746-4CE8-4C64-91D3-2AD02CD25EEF}.Release|x64.Build.0 = Release|Any CPU
		{FC164746-4CE8-4C64-91D3-2AD02CD25EEF}.Release|x86.ActiveCfg = Release|Any CPU
		{FC164746-4CE8-4C64-91D3-2AD02CD25EEF}.Release|x86.Build.0 = Release|Any CPU
		{E8FAB67C-C113-4E2C-B28C-7BA8EB3559C3}.Ad-Hoc|Any CPU.ActiveCfg = Release|Any CPU
		{E8FAB67C-C113-4E2C-B28C-7BA8EB3559C3}.Ad-Hoc|Any CPU.Build.0 = Release|Any CPU
		{E8FAB67C-C113-4E2C-B28C-7BA8EB3559C3}.Ad-Hoc|ARM.ActiveCfg = Release|ARM
		{E8FAB67C-C113-4E2C-B28C-7BA8EB3559C3}.Ad-Hoc|ARM.Build.0 = Release|ARM
		{E8FAB67C-C113-4E2C-B28C-7BA8EB3559C3}.Ad-Hoc|ARM64.ActiveCfg = Release|ARM64
		{E8FAB67C-C113-4E2C-B28C-7BA8EB3559C3}.Ad-Hoc|ARM64.Build.0 = Release|ARM64
		{E8FAB67C-C113-4E2C-B28C-7BA8EB3559C3}.Ad-Hoc|iPhone.ActiveCfg = Release|Any CPU
		{E8FAB67C-C113-4E2C-B28C-7BA8EB3559C3}.Ad-Hoc|iPhone.Build.0 = Release|Any CPU
		{E8FAB67C-C113-4E2C-B28C-7BA8EB3559C3}.Ad-Hoc|iPhoneSimulator.ActiveCfg = Release|Any CPU
		{E8FAB67C-C113-4E2C-B28C-7BA8EB3559C3}.Ad-Hoc|iPhoneSimulator.Build.0 = Release|Any CPU
		{E8FAB67C-C113-4E2C-B28C-7BA8EB3559C3}.Ad-Hoc|x64.ActiveCfg = Release|x64
		{E8FAB67C-C113-4E2C-B28C-7BA8EB3559C3}.Ad-Hoc|x64.Build.0 = Release|x64
		{E8FAB67C-C113-4E2C-B28C-7BA8EB3559C3}.Ad-Hoc|x86.ActiveCfg = Release|x86
		{E8FAB67C-C113-4E2C-B28C-7BA8EB3559C3}.Ad-Hoc|x86.Build.0 = Release|x86
		{E8FAB67C-C113-4E2C-B28C-7BA8EB3559C3}.AppStore|Any CPU.ActiveCfg = Release|Any CPU
		{E8FAB67C-C113-4E2C-B28C-7BA8EB3559C3}.AppStore|Any CPU.Build.0 = Release|Any CPU
		{E8FAB67C-C113-4E2C-B28C-7BA8EB3559C3}.AppStore|ARM.ActiveCfg = Release|ARM
		{E8FAB67C-C113-4E2C-B28C-7BA8EB3559C3}.AppStore|ARM.Build.0 = Release|ARM
		{E8FAB67C-C113-4E2C-B28C-7BA8EB3559C3}.AppStore|ARM64.ActiveCfg = Release|ARM64
		{E8FAB67C-C113-4E2C-B28C-7BA8EB3559C3}.AppStore|ARM64.Build.0 = Release|ARM64
		{E8FAB67C-C113-4E2C-B28C-7BA8EB3559C3}.AppStore|iPhone.ActiveCfg = Release|Any CPU
		{E8FAB67C-C113-4E2C-B28C-7BA8EB3559C3}.AppStore|iPhone.Build.0 = Release|Any CPU
		{E8FAB67C-C113-4E2C-B28C-7BA8EB3559C3}.AppStore|iPhoneSimulator.ActiveCfg = Release|Any CPU
		{E8FAB67C-C113-4E2C-B28C-7BA8EB3559C3}.AppStore|iPhoneSimulator.Build.0 = Release|Any CPU
		{E8FAB67C-C113-4E2C-B28C-7BA8EB3559C3}.AppStore|x64.ActiveCfg = Release|x64
		{E8FAB67C-C113-4E2C-B28C-7BA8EB3559C3}.AppStore|x64.Build.0 = Release|x64
		{E8FAB67C-C113-4E2C-B28C-7BA8EB3559C3}.AppStore|x86.ActiveCfg = Release|x86
		{E8FAB67C-C113-4E2C-B28C-7BA8EB3559C3}.AppStore|x86.Build.0 = Release|x86
		{E8FAB67C-C113-4E2C-B28C-7BA8EB3559C3}.Debug|Any CPU.ActiveCfg = Debug|Any CPU
		{E8FAB67C-C113-4E2C-B28C-7BA8EB3559C3}.Debug|Any CPU.Build.0 = Debug|Any CPU
		{E8FAB67C-C113-4E2C-B28C-7BA8EB3559C3}.Debug|ARM.ActiveCfg = Debug|ARM
		{E8FAB67C-C113-4E2C-B28C-7BA8EB3559C3}.Debug|ARM.Build.0 = Debug|ARM
		{E8FAB67C-C113-4E2C-B28C-7BA8EB3559C3}.Debug|ARM64.ActiveCfg = Debug|ARM64
		{E8FAB67C-C113-4E2C-B28C-7BA8EB3559C3}.Debug|ARM64.Build.0 = Debug|ARM64
		{E8FAB67C-C113-4E2C-B28C-7BA8EB3559C3}.Debug|iPhone.ActiveCfg = Debug|Any CPU
		{E8FAB67C-C113-4E2C-B28C-7BA8EB3559C3}.Debug|iPhone.Build.0 = Debug|Any CPU
		{E8FAB67C-C113-4E2C-B28C-7BA8EB3559C3}.Debug|iPhoneSimulator.ActiveCfg = Debug|Any CPU
		{E8FAB67C-C113-4E2C-B28C-7BA8EB3559C3}.Debug|iPhoneSimulator.Build.0 = Debug|Any CPU
		{E8FAB67C-C113-4E2C-B28C-7BA8EB3559C3}.Debug|x64.ActiveCfg = Debug|x64
		{E8FAB67C-C113-4E2C-B28C-7BA8EB3559C3}.Debug|x64.Build.0 = Debug|x64
		{E8FAB67C-C113-4E2C-B28C-7BA8EB3559C3}.Debug|x86.ActiveCfg = Debug|x86
		{E8FAB67C-C113-4E2C-B28C-7BA8EB3559C3}.Debug|x86.Build.0 = Debug|x86
		{E8FAB67C-C113-4E2C-B28C-7BA8EB3559C3}.Release|Any CPU.ActiveCfg = Release|Any CPU
		{E8FAB67C-C113-4E2C-B28C-7BA8EB3559C3}.Release|Any CPU.Build.0 = Release|Any CPU
		{E8FAB67C-C113-4E2C-B28C-7BA8EB3559C3}.Release|ARM.ActiveCfg = Release|ARM
		{E8FAB67C-C113-4E2C-B28C-7BA8EB3559C3}.Release|ARM.Build.0 = Release|ARM
		{E8FAB67C-C113-4E2C-B28C-7BA8EB3559C3}.Release|ARM64.ActiveCfg = Release|ARM64
		{E8FAB67C-C113-4E2C-B28C-7BA8EB3559C3}.Release|ARM64.Build.0 = Release|ARM64
		{E8FAB67C-C113-4E2C-B28C-7BA8EB3559C3}.Release|iPhone.ActiveCfg = Release|Any CPU
		{E8FAB67C-C113-4E2C-B28C-7BA8EB3559C3}.Release|iPhone.Build.0 = Release|Any CPU
		{E8FAB67C-C113-4E2C-B28C-7BA8EB3559C3}.Release|iPhoneSimulator.ActiveCfg = Release|Any CPU
		{E8FAB67C-C113-4E2C-B28C-7BA8EB3559C3}.Release|iPhoneSimulator.Build.0 = Release|Any CPU
		{E8FAB67C-C113-4E2C-B28C-7BA8EB3559C3}.Release|x64.ActiveCfg = Release|x64
		{E8FAB67C-C113-4E2C-B28C-7BA8EB3559C3}.Release|x64.Build.0 = Release|x64
		{E8FAB67C-C113-4E2C-B28C-7BA8EB3559C3}.Release|x86.ActiveCfg = Release|x86
		{E8FAB67C-C113-4E2C-B28C-7BA8EB3559C3}.Release|x86.Build.0 = Release|x86
		{54DFF909-F5DF-48A9-B57D-E57B0EE743FF}.Ad-Hoc|Any CPU.ActiveCfg = Release|Any CPU
		{54DFF909-F5DF-48A9-B57D-E57B0EE743FF}.Ad-Hoc|Any CPU.Build.0 = Release|Any CPU
		{54DFF909-F5DF-48A9-B57D-E57B0EE743FF}.Ad-Hoc|ARM.ActiveCfg = Release|Any CPU
		{54DFF909-F5DF-48A9-B57D-E57B0EE743FF}.Ad-Hoc|ARM.Build.0 = Release|Any CPU
		{54DFF909-F5DF-48A9-B57D-E57B0EE743FF}.Ad-Hoc|ARM64.ActiveCfg = Release|Any CPU
		{54DFF909-F5DF-48A9-B57D-E57B0EE743FF}.Ad-Hoc|ARM64.Build.0 = Release|Any CPU
		{54DFF909-F5DF-48A9-B57D-E57B0EE743FF}.Ad-Hoc|iPhone.ActiveCfg = Release|Any CPU
		{54DFF909-F5DF-48A9-B57D-E57B0EE743FF}.Ad-Hoc|iPhone.Build.0 = Release|Any CPU
		{54DFF909-F5DF-48A9-B57D-E57B0EE743FF}.Ad-Hoc|iPhoneSimulator.ActiveCfg = Release|Any CPU
		{54DFF909-F5DF-48A9-B57D-E57B0EE743FF}.Ad-Hoc|iPhoneSimulator.Build.0 = Release|Any CPU
		{54DFF909-F5DF-48A9-B57D-E57B0EE743FF}.Ad-Hoc|x64.ActiveCfg = Release|Any CPU
		{54DFF909-F5DF-48A9-B57D-E57B0EE743FF}.Ad-Hoc|x64.Build.0 = Release|Any CPU
		{54DFF909-F5DF-48A9-B57D-E57B0EE743FF}.Ad-Hoc|x86.ActiveCfg = Release|Any CPU
		{54DFF909-F5DF-48A9-B57D-E57B0EE743FF}.Ad-Hoc|x86.Build.0 = Release|Any CPU
		{54DFF909-F5DF-48A9-B57D-E57B0EE743FF}.AppStore|Any CPU.ActiveCfg = Release|Any CPU
		{54DFF909-F5DF-48A9-B57D-E57B0EE743FF}.AppStore|Any CPU.Build.0 = Release|Any CPU
		{54DFF909-F5DF-48A9-B57D-E57B0EE743FF}.AppStore|ARM.ActiveCfg = Release|Any CPU
		{54DFF909-F5DF-48A9-B57D-E57B0EE743FF}.AppStore|ARM.Build.0 = Release|Any CPU
		{54DFF909-F5DF-48A9-B57D-E57B0EE743FF}.AppStore|ARM64.ActiveCfg = Release|Any CPU
		{54DFF909-F5DF-48A9-B57D-E57B0EE743FF}.AppStore|ARM64.Build.0 = Release|Any CPU
		{54DFF909-F5DF-48A9-B57D-E57B0EE743FF}.AppStore|iPhone.ActiveCfg = Release|Any CPU
		{54DFF909-F5DF-48A9-B57D-E57B0EE743FF}.AppStore|iPhone.Build.0 = Release|Any CPU
		{54DFF909-F5DF-48A9-B57D-E57B0EE743FF}.AppStore|iPhoneSimulator.ActiveCfg = Release|Any CPU
		{54DFF909-F5DF-48A9-B57D-E57B0EE743FF}.AppStore|iPhoneSimulator.Build.0 = Release|Any CPU
		{54DFF909-F5DF-48A9-B57D-E57B0EE743FF}.AppStore|x64.ActiveCfg = Release|Any CPU
		{54DFF909-F5DF-48A9-B57D-E57B0EE743FF}.AppStore|x64.Build.0 = Release|Any CPU
		{54DFF909-F5DF-48A9-B57D-E57B0EE743FF}.AppStore|x86.ActiveCfg = Release|Any CPU
		{54DFF909-F5DF-48A9-B57D-E57B0EE743FF}.AppStore|x86.Build.0 = Release|Any CPU
		{54DFF909-F5DF-48A9-B57D-E57B0EE743FF}.Debug|Any CPU.ActiveCfg = Debug|Any CPU
		{54DFF909-F5DF-48A9-B57D-E57B0EE743FF}.Debug|Any CPU.Build.0 = Debug|Any CPU
		{54DFF909-F5DF-48A9-B57D-E57B0EE743FF}.Debug|ARM.ActiveCfg = Debug|Any CPU
		{54DFF909-F5DF-48A9-B57D-E57B0EE743FF}.Debug|ARM64.ActiveCfg = Debug|Any CPU
		{54DFF909-F5DF-48A9-B57D-E57B0EE743FF}.Debug|iPhone.ActiveCfg = Debug|Any CPU
		{54DFF909-F5DF-48A9-B57D-E57B0EE743FF}.Debug|iPhone.Build.0 = Debug|Any CPU
		{54DFF909-F5DF-48A9-B57D-E57B0EE743FF}.Debug|iPhoneSimulator.ActiveCfg = Debug|Any CPU
		{54DFF909-F5DF-48A9-B57D-E57B0EE743FF}.Debug|iPhoneSimulator.Build.0 = Debug|Any CPU
		{54DFF909-F5DF-48A9-B57D-E57B0EE743FF}.Debug|x64.ActiveCfg = Debug|Any CPU
		{54DFF909-F5DF-48A9-B57D-E57B0EE743FF}.Debug|x86.ActiveCfg = Debug|Any CPU
		{54DFF909-F5DF-48A9-B57D-E57B0EE743FF}.Release|Any CPU.ActiveCfg = Release|Any CPU
		{54DFF909-F5DF-48A9-B57D-E57B0EE743FF}.Release|Any CPU.Build.0 = Release|Any CPU
		{54DFF909-F5DF-48A9-B57D-E57B0EE743FF}.Release|ARM.ActiveCfg = Release|Any CPU
		{54DFF909-F5DF-48A9-B57D-E57B0EE743FF}.Release|ARM64.ActiveCfg = Release|Any CPU
		{54DFF909-F5DF-48A9-B57D-E57B0EE743FF}.Release|iPhone.ActiveCfg = Release|Any CPU
		{54DFF909-F5DF-48A9-B57D-E57B0EE743FF}.Release|iPhone.Build.0 = Release|Any CPU
		{54DFF909-F5DF-48A9-B57D-E57B0EE743FF}.Release|iPhoneSimulator.ActiveCfg = Release|Any CPU
		{54DFF909-F5DF-48A9-B57D-E57B0EE743FF}.Release|iPhoneSimulator.Build.0 = Release|Any CPU
		{54DFF909-F5DF-48A9-B57D-E57B0EE743FF}.Release|x64.ActiveCfg = Release|Any CPU
		{54DFF909-F5DF-48A9-B57D-E57B0EE743FF}.Release|x86.ActiveCfg = Release|Any CPU
		{AAAD1890-05A8-4D6F-8B1F-6B93140C8011}.Ad-Hoc|Any CPU.ActiveCfg = Debug|Any CPU
		{AAAD1890-05A8-4D6F-8B1F-6B93140C8011}.Ad-Hoc|Any CPU.Build.0 = Debug|Any CPU
		{AAAD1890-05A8-4D6F-8B1F-6B93140C8011}.Ad-Hoc|ARM.ActiveCfg = Debug|Any CPU
		{AAAD1890-05A8-4D6F-8B1F-6B93140C8011}.Ad-Hoc|ARM.Build.0 = Debug|Any CPU
		{AAAD1890-05A8-4D6F-8B1F-6B93140C8011}.Ad-Hoc|ARM64.ActiveCfg = Debug|Any CPU
		{AAAD1890-05A8-4D6F-8B1F-6B93140C8011}.Ad-Hoc|ARM64.Build.0 = Debug|Any CPU
		{AAAD1890-05A8-4D6F-8B1F-6B93140C8011}.Ad-Hoc|iPhone.ActiveCfg = Debug|Any CPU
		{AAAD1890-05A8-4D6F-8B1F-6B93140C8011}.Ad-Hoc|iPhone.Build.0 = Debug|Any CPU
		{AAAD1890-05A8-4D6F-8B1F-6B93140C8011}.Ad-Hoc|iPhoneSimulator.ActiveCfg = Debug|Any CPU
		{AAAD1890-05A8-4D6F-8B1F-6B93140C8011}.Ad-Hoc|iPhoneSimulator.Build.0 = Debug|Any CPU
		{AAAD1890-05A8-4D6F-8B1F-6B93140C8011}.Ad-Hoc|x64.ActiveCfg = Debug|Any CPU
		{AAAD1890-05A8-4D6F-8B1F-6B93140C8011}.Ad-Hoc|x64.Build.0 = Debug|Any CPU
		{AAAD1890-05A8-4D6F-8B1F-6B93140C8011}.Ad-Hoc|x86.ActiveCfg = Debug|Any CPU
		{AAAD1890-05A8-4D6F-8B1F-6B93140C8011}.Ad-Hoc|x86.Build.0 = Debug|Any CPU
		{AAAD1890-05A8-4D6F-8B1F-6B93140C8011}.AppStore|Any CPU.ActiveCfg = Debug|Any CPU
		{AAAD1890-05A8-4D6F-8B1F-6B93140C8011}.AppStore|Any CPU.Build.0 = Debug|Any CPU
		{AAAD1890-05A8-4D6F-8B1F-6B93140C8011}.AppStore|ARM.ActiveCfg = Debug|Any CPU
		{AAAD1890-05A8-4D6F-8B1F-6B93140C8011}.AppStore|ARM.Build.0 = Debug|Any CPU
		{AAAD1890-05A8-4D6F-8B1F-6B93140C8011}.AppStore|ARM64.ActiveCfg = Debug|Any CPU
		{AAAD1890-05A8-4D6F-8B1F-6B93140C8011}.AppStore|ARM64.Build.0 = Debug|Any CPU
		{AAAD1890-05A8-4D6F-8B1F-6B93140C8011}.AppStore|iPhone.ActiveCfg = Debug|Any CPU
		{AAAD1890-05A8-4D6F-8B1F-6B93140C8011}.AppStore|iPhone.Build.0 = Debug|Any CPU
		{AAAD1890-05A8-4D6F-8B1F-6B93140C8011}.AppStore|iPhoneSimulator.ActiveCfg = Debug|Any CPU
		{AAAD1890-05A8-4D6F-8B1F-6B93140C8011}.AppStore|iPhoneSimulator.Build.0 = Debug|Any CPU
		{AAAD1890-05A8-4D6F-8B1F-6B93140C8011}.AppStore|x64.ActiveCfg = Debug|Any CPU
		{AAAD1890-05A8-4D6F-8B1F-6B93140C8011}.AppStore|x64.Build.0 = Debug|Any CPU
		{AAAD1890-05A8-4D6F-8B1F-6B93140C8011}.AppStore|x86.ActiveCfg = Debug|Any CPU
		{AAAD1890-05A8-4D6F-8B1F-6B93140C8011}.AppStore|x86.Build.0 = Debug|Any CPU
		{AAAD1890-05A8-4D6F-8B1F-6B93140C8011}.Debug|Any CPU.ActiveCfg = Debug|Any CPU
		{AAAD1890-05A8-4D6F-8B1F-6B93140C8011}.Debug|Any CPU.Build.0 = Debug|Any CPU
		{AAAD1890-05A8-4D6F-8B1F-6B93140C8011}.Debug|ARM.ActiveCfg = Debug|Any CPU
		{AAAD1890-05A8-4D6F-8B1F-6B93140C8011}.Debug|ARM.Build.0 = Debug|Any CPU
		{AAAD1890-05A8-4D6F-8B1F-6B93140C8011}.Debug|ARM64.ActiveCfg = Debug|Any CPU
		{AAAD1890-05A8-4D6F-8B1F-6B93140C8011}.Debug|ARM64.Build.0 = Debug|Any CPU
		{AAAD1890-05A8-4D6F-8B1F-6B93140C8011}.Debug|iPhone.ActiveCfg = Debug|Any CPU
		{AAAD1890-05A8-4D6F-8B1F-6B93140C8011}.Debug|iPhone.Build.0 = Debug|Any CPU
		{AAAD1890-05A8-4D6F-8B1F-6B93140C8011}.Debug|iPhoneSimulator.ActiveCfg = Debug|Any CPU
		{AAAD1890-05A8-4D6F-8B1F-6B93140C8011}.Debug|iPhoneSimulator.Build.0 = Debug|Any CPU
		{AAAD1890-05A8-4D6F-8B1F-6B93140C8011}.Debug|x64.ActiveCfg = Debug|Any CPU
		{AAAD1890-05A8-4D6F-8B1F-6B93140C8011}.Debug|x64.Build.0 = Debug|Any CPU
		{AAAD1890-05A8-4D6F-8B1F-6B93140C8011}.Debug|x86.ActiveCfg = Debug|Any CPU
		{AAAD1890-05A8-4D6F-8B1F-6B93140C8011}.Debug|x86.Build.0 = Debug|Any CPU
		{AAAD1890-05A8-4D6F-8B1F-6B93140C8011}.Release|Any CPU.ActiveCfg = Release|Any CPU
		{AAAD1890-05A8-4D6F-8B1F-6B93140C8011}.Release|Any CPU.Build.0 = Release|Any CPU
		{AAAD1890-05A8-4D6F-8B1F-6B93140C8011}.Release|ARM.ActiveCfg = Release|Any CPU
		{AAAD1890-05A8-4D6F-8B1F-6B93140C8011}.Release|ARM.Build.0 = Release|Any CPU
		{AAAD1890-05A8-4D6F-8B1F-6B93140C8011}.Release|ARM64.ActiveCfg = Release|Any CPU
		{AAAD1890-05A8-4D6F-8B1F-6B93140C8011}.Release|ARM64.Build.0 = Release|Any CPU
		{AAAD1890-05A8-4D6F-8B1F-6B93140C8011}.Release|iPhone.ActiveCfg = Release|Any CPU
		{AAAD1890-05A8-4D6F-8B1F-6B93140C8011}.Release|iPhone.Build.0 = Release|Any CPU
		{AAAD1890-05A8-4D6F-8B1F-6B93140C8011}.Release|iPhoneSimulator.ActiveCfg = Release|Any CPU
		{AAAD1890-05A8-4D6F-8B1F-6B93140C8011}.Release|iPhoneSimulator.Build.0 = Release|Any CPU
		{AAAD1890-05A8-4D6F-8B1F-6B93140C8011}.Release|x64.ActiveCfg = Release|Any CPU
		{AAAD1890-05A8-4D6F-8B1F-6B93140C8011}.Release|x64.Build.0 = Release|Any CPU
		{AAAD1890-05A8-4D6F-8B1F-6B93140C8011}.Release|x86.ActiveCfg = Release|Any CPU
		{AAAD1890-05A8-4D6F-8B1F-6B93140C8011}.Release|x86.Build.0 = Release|Any CPU
		{9581A1DE-70A6-4AC2-AF65-FD6E95F3A983}.Ad-Hoc|Any CPU.ActiveCfg = Release|Any CPU
		{9581A1DE-70A6-4AC2-AF65-FD6E95F3A983}.Ad-Hoc|Any CPU.Build.0 = Release|Any CPU
		{9581A1DE-70A6-4AC2-AF65-FD6E95F3A983}.Ad-Hoc|ARM.ActiveCfg = Release|Any CPU
		{9581A1DE-70A6-4AC2-AF65-FD6E95F3A983}.Ad-Hoc|ARM.Build.0 = Release|Any CPU
		{9581A1DE-70A6-4AC2-AF65-FD6E95F3A983}.Ad-Hoc|ARM64.ActiveCfg = Release|Any CPU
		{9581A1DE-70A6-4AC2-AF65-FD6E95F3A983}.Ad-Hoc|ARM64.Build.0 = Release|Any CPU
		{9581A1DE-70A6-4AC2-AF65-FD6E95F3A983}.Ad-Hoc|iPhone.ActiveCfg = Release|Any CPU
		{9581A1DE-70A6-4AC2-AF65-FD6E95F3A983}.Ad-Hoc|iPhone.Build.0 = Release|Any CPU
		{9581A1DE-70A6-4AC2-AF65-FD6E95F3A983}.Ad-Hoc|iPhoneSimulator.ActiveCfg = Release|Any CPU
		{9581A1DE-70A6-4AC2-AF65-FD6E95F3A983}.Ad-Hoc|iPhoneSimulator.Build.0 = Release|Any CPU
		{9581A1DE-70A6-4AC2-AF65-FD6E95F3A983}.Ad-Hoc|x64.ActiveCfg = Release|Any CPU
		{9581A1DE-70A6-4AC2-AF65-FD6E95F3A983}.Ad-Hoc|x64.Build.0 = Release|Any CPU
		{9581A1DE-70A6-4AC2-AF65-FD6E95F3A983}.Ad-Hoc|x86.ActiveCfg = Release|Any CPU
		{9581A1DE-70A6-4AC2-AF65-FD6E95F3A983}.Ad-Hoc|x86.Build.0 = Release|Any CPU
		{9581A1DE-70A6-4AC2-AF65-FD6E95F3A983}.AppStore|Any CPU.ActiveCfg = Release|Any CPU
		{9581A1DE-70A6-4AC2-AF65-FD6E95F3A983}.AppStore|Any CPU.Build.0 = Release|Any CPU
		{9581A1DE-70A6-4AC2-AF65-FD6E95F3A983}.AppStore|ARM.ActiveCfg = Release|Any CPU
		{9581A1DE-70A6-4AC2-AF65-FD6E95F3A983}.AppStore|ARM.Build.0 = Release|Any CPU
		{9581A1DE-70A6-4AC2-AF65-FD6E95F3A983}.AppStore|ARM64.ActiveCfg = Release|Any CPU
		{9581A1DE-70A6-4AC2-AF65-FD6E95F3A983}.AppStore|ARM64.Build.0 = Release|Any CPU
		{9581A1DE-70A6-4AC2-AF65-FD6E95F3A983}.AppStore|iPhone.ActiveCfg = Release|Any CPU
		{9581A1DE-70A6-4AC2-AF65-FD6E95F3A983}.AppStore|iPhone.Build.0 = Release|Any CPU
		{9581A1DE-70A6-4AC2-AF65-FD6E95F3A983}.AppStore|iPhoneSimulator.ActiveCfg = Release|Any CPU
		{9581A1DE-70A6-4AC2-AF65-FD6E95F3A983}.AppStore|iPhoneSimulator.Build.0 = Release|Any CPU
		{9581A1DE-70A6-4AC2-AF65-FD6E95F3A983}.AppStore|x64.ActiveCfg = Release|Any CPU
		{9581A1DE-70A6-4AC2-AF65-FD6E95F3A983}.AppStore|x64.Build.0 = Release|Any CPU
		{9581A1DE-70A6-4AC2-AF65-FD6E95F3A983}.AppStore|x86.ActiveCfg = Release|Any CPU
		{9581A1DE-70A6-4AC2-AF65-FD6E95F3A983}.AppStore|x86.Build.0 = Release|Any CPU
		{9581A1DE-70A6-4AC2-AF65-FD6E95F3A983}.Debug|Any CPU.ActiveCfg = Debug|Any CPU
		{9581A1DE-70A6-4AC2-AF65-FD6E95F3A983}.Debug|Any CPU.Build.0 = Debug|Any CPU
		{9581A1DE-70A6-4AC2-AF65-FD6E95F3A983}.Debug|ARM.ActiveCfg = Debug|Any CPU
		{9581A1DE-70A6-4AC2-AF65-FD6E95F3A983}.Debug|ARM.Build.0 = Debug|Any CPU
		{9581A1DE-70A6-4AC2-AF65-FD6E95F3A983}.Debug|ARM64.ActiveCfg = Debug|Any CPU
		{9581A1DE-70A6-4AC2-AF65-FD6E95F3A983}.Debug|ARM64.Build.0 = Debug|Any CPU
		{9581A1DE-70A6-4AC2-AF65-FD6E95F3A983}.Debug|iPhone.ActiveCfg = Debug|Any CPU
		{9581A1DE-70A6-4AC2-AF65-FD6E95F3A983}.Debug|iPhone.Build.0 = Debug|Any CPU
		{9581A1DE-70A6-4AC2-AF65-FD6E95F3A983}.Debug|iPhoneSimulator.ActiveCfg = Debug|Any CPU
		{9581A1DE-70A6-4AC2-AF65-FD6E95F3A983}.Debug|iPhoneSimulator.Build.0 = Debug|Any CPU
		{9581A1DE-70A6-4AC2-AF65-FD6E95F3A983}.Debug|x64.ActiveCfg = Debug|Any CPU
		{9581A1DE-70A6-4AC2-AF65-FD6E95F3A983}.Debug|x64.Build.0 = Debug|Any CPU
		{9581A1DE-70A6-4AC2-AF65-FD6E95F3A983}.Debug|x86.ActiveCfg = Debug|Any CPU
		{9581A1DE-70A6-4AC2-AF65-FD6E95F3A983}.Debug|x86.Build.0 = Debug|Any CPU
		{9581A1DE-70A6-4AC2-AF65-FD6E95F3A983}.Release|Any CPU.ActiveCfg = Release|Any CPU
		{9581A1DE-70A6-4AC2-AF65-FD6E95F3A983}.Release|Any CPU.Build.0 = Release|Any CPU
		{9581A1DE-70A6-4AC2-AF65-FD6E95F3A983}.Release|ARM.ActiveCfg = Release|Any CPU
		{9581A1DE-70A6-4AC2-AF65-FD6E95F3A983}.Release|ARM.Build.0 = Release|Any CPU
		{9581A1DE-70A6-4AC2-AF65-FD6E95F3A983}.Release|ARM64.ActiveCfg = Release|Any CPU
		{9581A1DE-70A6-4AC2-AF65-FD6E95F3A983}.Release|ARM64.Build.0 = Release|Any CPU
		{9581A1DE-70A6-4AC2-AF65-FD6E95F3A983}.Release|iPhone.ActiveCfg = Release|Any CPU
		{9581A1DE-70A6-4AC2-AF65-FD6E95F3A983}.Release|iPhone.Build.0 = Release|Any CPU
		{9581A1DE-70A6-4AC2-AF65-FD6E95F3A983}.Release|iPhoneSimulator.ActiveCfg = Release|Any CPU
		{9581A1DE-70A6-4AC2-AF65-FD6E95F3A983}.Release|iPhoneSimulator.Build.0 = Release|Any CPU
		{9581A1DE-70A6-4AC2-AF65-FD6E95F3A983}.Release|x64.ActiveCfg = Release|Any CPU
		{9581A1DE-70A6-4AC2-AF65-FD6E95F3A983}.Release|x64.Build.0 = Release|Any CPU
		{9581A1DE-70A6-4AC2-AF65-FD6E95F3A983}.Release|x86.ActiveCfg = Release|Any CPU
		{9581A1DE-70A6-4AC2-AF65-FD6E95F3A983}.Release|x86.Build.0 = Release|Any CPU
		{69DED389-B4BB-4295-926D-1DFFB8995628}.Ad-Hoc|Any CPU.ActiveCfg = Release|Any CPU
		{69DED389-B4BB-4295-926D-1DFFB8995628}.Ad-Hoc|Any CPU.Build.0 = Release|Any CPU
		{69DED389-B4BB-4295-926D-1DFFB8995628}.Ad-Hoc|ARM.ActiveCfg = Release|Any CPU
		{69DED389-B4BB-4295-926D-1DFFB8995628}.Ad-Hoc|ARM.Build.0 = Release|Any CPU
		{69DED389-B4BB-4295-926D-1DFFB8995628}.Ad-Hoc|ARM64.ActiveCfg = Release|Any CPU
		{69DED389-B4BB-4295-926D-1DFFB8995628}.Ad-Hoc|ARM64.Build.0 = Release|Any CPU
		{69DED389-B4BB-4295-926D-1DFFB8995628}.Ad-Hoc|iPhone.ActiveCfg = Release|Any CPU
		{69DED389-B4BB-4295-926D-1DFFB8995628}.Ad-Hoc|iPhone.Build.0 = Release|Any CPU
		{69DED389-B4BB-4295-926D-1DFFB8995628}.Ad-Hoc|iPhoneSimulator.ActiveCfg = Release|Any CPU
		{69DED389-B4BB-4295-926D-1DFFB8995628}.Ad-Hoc|iPhoneSimulator.Build.0 = Release|Any CPU
		{69DED389-B4BB-4295-926D-1DFFB8995628}.Ad-Hoc|x64.ActiveCfg = Release|Any CPU
		{69DED389-B4BB-4295-926D-1DFFB8995628}.Ad-Hoc|x64.Build.0 = Release|Any CPU
		{69DED389-B4BB-4295-926D-1DFFB8995628}.Ad-Hoc|x86.ActiveCfg = Release|Any CPU
		{69DED389-B4BB-4295-926D-1DFFB8995628}.Ad-Hoc|x86.Build.0 = Release|Any CPU
		{69DED389-B4BB-4295-926D-1DFFB8995628}.AppStore|Any CPU.ActiveCfg = Release|Any CPU
		{69DED389-B4BB-4295-926D-1DFFB8995628}.AppStore|Any CPU.Build.0 = Release|Any CPU
		{69DED389-B4BB-4295-926D-1DFFB8995628}.AppStore|ARM.ActiveCfg = Release|Any CPU
		{69DED389-B4BB-4295-926D-1DFFB8995628}.AppStore|ARM.Build.0 = Release|Any CPU
		{69DED389-B4BB-4295-926D-1DFFB8995628}.AppStore|ARM64.ActiveCfg = Release|Any CPU
		{69DED389-B4BB-4295-926D-1DFFB8995628}.AppStore|ARM64.Build.0 = Release|Any CPU
		{69DED389-B4BB-4295-926D-1DFFB8995628}.AppStore|iPhone.ActiveCfg = Release|Any CPU
		{69DED389-B4BB-4295-926D-1DFFB8995628}.AppStore|iPhone.Build.0 = Release|Any CPU
		{69DED389-B4BB-4295-926D-1DFFB8995628}.AppStore|iPhoneSimulator.ActiveCfg = Release|Any CPU
		{69DED389-B4BB-4295-926D-1DFFB8995628}.AppStore|iPhoneSimulator.Build.0 = Release|Any CPU
		{69DED389-B4BB-4295-926D-1DFFB8995628}.AppStore|x64.ActiveCfg = Release|Any CPU
		{69DED389-B4BB-4295-926D-1DFFB8995628}.AppStore|x64.Build.0 = Release|Any CPU
		{69DED389-B4BB-4295-926D-1DFFB8995628}.AppStore|x86.ActiveCfg = Release|Any CPU
		{69DED389-B4BB-4295-926D-1DFFB8995628}.AppStore|x86.Build.0 = Release|Any CPU
		{69DED389-B4BB-4295-926D-1DFFB8995628}.Debug|Any CPU.ActiveCfg = Debug|Any CPU
		{69DED389-B4BB-4295-926D-1DFFB8995628}.Debug|Any CPU.Build.0 = Debug|Any CPU
		{69DED389-B4BB-4295-926D-1DFFB8995628}.Debug|ARM.ActiveCfg = Debug|Any CPU
		{69DED389-B4BB-4295-926D-1DFFB8995628}.Debug|ARM.Build.0 = Debug|Any CPU
		{69DED389-B4BB-4295-926D-1DFFB8995628}.Debug|ARM64.ActiveCfg = Debug|Any CPU
		{69DED389-B4BB-4295-926D-1DFFB8995628}.Debug|ARM64.Build.0 = Debug|Any CPU
		{69DED389-B4BB-4295-926D-1DFFB8995628}.Debug|iPhone.ActiveCfg = Debug|Any CPU
		{69DED389-B4BB-4295-926D-1DFFB8995628}.Debug|iPhone.Build.0 = Debug|Any CPU
		{69DED389-B4BB-4295-926D-1DFFB8995628}.Debug|iPhoneSimulator.ActiveCfg = Debug|Any CPU
		{69DED389-B4BB-4295-926D-1DFFB8995628}.Debug|iPhoneSimulator.Build.0 = Debug|Any CPU
		{69DED389-B4BB-4295-926D-1DFFB8995628}.Debug|x64.ActiveCfg = Debug|Any CPU
		{69DED389-B4BB-4295-926D-1DFFB8995628}.Debug|x64.Build.0 = Debug|Any CPU
		{69DED389-B4BB-4295-926D-1DFFB8995628}.Debug|x86.ActiveCfg = Debug|Any CPU
		{69DED389-B4BB-4295-926D-1DFFB8995628}.Debug|x86.Build.0 = Debug|Any CPU
		{69DED389-B4BB-4295-926D-1DFFB8995628}.Release|Any CPU.ActiveCfg = Release|Any CPU
		{69DED389-B4BB-4295-926D-1DFFB8995628}.Release|Any CPU.Build.0 = Release|Any CPU
		{69DED389-B4BB-4295-926D-1DFFB8995628}.Release|ARM.ActiveCfg = Release|Any CPU
		{69DED389-B4BB-4295-926D-1DFFB8995628}.Release|ARM.Build.0 = Release|Any CPU
		{69DED389-B4BB-4295-926D-1DFFB8995628}.Release|ARM64.ActiveCfg = Release|Any CPU
		{69DED389-B4BB-4295-926D-1DFFB8995628}.Release|ARM64.Build.0 = Release|Any CPU
		{69DED389-B4BB-4295-926D-1DFFB8995628}.Release|iPhone.ActiveCfg = Release|Any CPU
		{69DED389-B4BB-4295-926D-1DFFB8995628}.Release|iPhone.Build.0 = Release|Any CPU
		{69DED389-B4BB-4295-926D-1DFFB8995628}.Release|iPhoneSimulator.ActiveCfg = Release|Any CPU
		{69DED389-B4BB-4295-926D-1DFFB8995628}.Release|iPhoneSimulator.Build.0 = Release|Any CPU
		{69DED389-B4BB-4295-926D-1DFFB8995628}.Release|x64.ActiveCfg = Release|Any CPU
		{69DED389-B4BB-4295-926D-1DFFB8995628}.Release|x64.Build.0 = Release|Any CPU
		{69DED389-B4BB-4295-926D-1DFFB8995628}.Release|x86.ActiveCfg = Release|Any CPU
		{69DED389-B4BB-4295-926D-1DFFB8995628}.Release|x86.Build.0 = Release|Any CPU
		{EA0640D2-D64B-4AE6-8876-5E33C53BD50E}.Ad-Hoc|Any CPU.ActiveCfg = Release|Any CPU
		{EA0640D2-D64B-4AE6-8876-5E33C53BD50E}.Ad-Hoc|Any CPU.Build.0 = Release|Any CPU
		{EA0640D2-D64B-4AE6-8876-5E33C53BD50E}.Ad-Hoc|ARM.ActiveCfg = Release|Any CPU
		{EA0640D2-D64B-4AE6-8876-5E33C53BD50E}.Ad-Hoc|ARM.Build.0 = Release|Any CPU
		{EA0640D2-D64B-4AE6-8876-5E33C53BD50E}.Ad-Hoc|ARM64.ActiveCfg = Release|Any CPU
		{EA0640D2-D64B-4AE6-8876-5E33C53BD50E}.Ad-Hoc|ARM64.Build.0 = Release|Any CPU
		{EA0640D2-D64B-4AE6-8876-5E33C53BD50E}.Ad-Hoc|iPhone.ActiveCfg = Release|Any CPU
		{EA0640D2-D64B-4AE6-8876-5E33C53BD50E}.Ad-Hoc|iPhone.Build.0 = Release|Any CPU
		{EA0640D2-D64B-4AE6-8876-5E33C53BD50E}.Ad-Hoc|iPhoneSimulator.ActiveCfg = Release|Any CPU
		{EA0640D2-D64B-4AE6-8876-5E33C53BD50E}.Ad-Hoc|iPhoneSimulator.Build.0 = Release|Any CPU
		{EA0640D2-D64B-4AE6-8876-5E33C53BD50E}.Ad-Hoc|x64.ActiveCfg = Release|Any CPU
		{EA0640D2-D64B-4AE6-8876-5E33C53BD50E}.Ad-Hoc|x64.Build.0 = Release|Any CPU
		{EA0640D2-D64B-4AE6-8876-5E33C53BD50E}.Ad-Hoc|x86.ActiveCfg = Release|Any CPU
		{EA0640D2-D64B-4AE6-8876-5E33C53BD50E}.Ad-Hoc|x86.Build.0 = Release|Any CPU
		{EA0640D2-D64B-4AE6-8876-5E33C53BD50E}.AppStore|Any CPU.ActiveCfg = Release|Any CPU
		{EA0640D2-D64B-4AE6-8876-5E33C53BD50E}.AppStore|Any CPU.Build.0 = Release|Any CPU
		{EA0640D2-D64B-4AE6-8876-5E33C53BD50E}.AppStore|ARM.ActiveCfg = Release|Any CPU
		{EA0640D2-D64B-4AE6-8876-5E33C53BD50E}.AppStore|ARM.Build.0 = Release|Any CPU
		{EA0640D2-D64B-4AE6-8876-5E33C53BD50E}.AppStore|ARM64.ActiveCfg = Release|Any CPU
		{EA0640D2-D64B-4AE6-8876-5E33C53BD50E}.AppStore|ARM64.Build.0 = Release|Any CPU
		{EA0640D2-D64B-4AE6-8876-5E33C53BD50E}.AppStore|iPhone.ActiveCfg = Release|Any CPU
		{EA0640D2-D64B-4AE6-8876-5E33C53BD50E}.AppStore|iPhone.Build.0 = Release|Any CPU
		{EA0640D2-D64B-4AE6-8876-5E33C53BD50E}.AppStore|iPhoneSimulator.ActiveCfg = Release|Any CPU
		{EA0640D2-D64B-4AE6-8876-5E33C53BD50E}.AppStore|iPhoneSimulator.Build.0 = Release|Any CPU
		{EA0640D2-D64B-4AE6-8876-5E33C53BD50E}.AppStore|x64.ActiveCfg = Release|Any CPU
		{EA0640D2-D64B-4AE6-8876-5E33C53BD50E}.AppStore|x64.Build.0 = Release|Any CPU
		{EA0640D2-D64B-4AE6-8876-5E33C53BD50E}.AppStore|x86.ActiveCfg = Release|Any CPU
		{EA0640D2-D64B-4AE6-8876-5E33C53BD50E}.AppStore|x86.Build.0 = Release|Any CPU
		{EA0640D2-D64B-4AE6-8876-5E33C53BD50E}.Debug|Any CPU.ActiveCfg = Debug|Any CPU
		{EA0640D2-D64B-4AE6-8876-5E33C53BD50E}.Debug|Any CPU.Build.0 = Debug|Any CPU
		{EA0640D2-D64B-4AE6-8876-5E33C53BD50E}.Debug|ARM.ActiveCfg = Debug|Any CPU
		{EA0640D2-D64B-4AE6-8876-5E33C53BD50E}.Debug|ARM.Build.0 = Debug|Any CPU
		{EA0640D2-D64B-4AE6-8876-5E33C53BD50E}.Debug|ARM64.ActiveCfg = Debug|Any CPU
		{EA0640D2-D64B-4AE6-8876-5E33C53BD50E}.Debug|ARM64.Build.0 = Debug|Any CPU
		{EA0640D2-D64B-4AE6-8876-5E33C53BD50E}.Debug|iPhone.ActiveCfg = Debug|Any CPU
		{EA0640D2-D64B-4AE6-8876-5E33C53BD50E}.Debug|iPhone.Build.0 = Debug|Any CPU
		{EA0640D2-D64B-4AE6-8876-5E33C53BD50E}.Debug|iPhoneSimulator.ActiveCfg = Debug|Any CPU
		{EA0640D2-D64B-4AE6-8876-5E33C53BD50E}.Debug|iPhoneSimulator.Build.0 = Debug|Any CPU
		{EA0640D2-D64B-4AE6-8876-5E33C53BD50E}.Debug|x64.ActiveCfg = Debug|Any CPU
		{EA0640D2-D64B-4AE6-8876-5E33C53BD50E}.Debug|x64.Build.0 = Debug|Any CPU
		{EA0640D2-D64B-4AE6-8876-5E33C53BD50E}.Debug|x86.ActiveCfg = Debug|Any CPU
		{EA0640D2-D64B-4AE6-8876-5E33C53BD50E}.Debug|x86.Build.0 = Debug|Any CPU
		{EA0640D2-D64B-4AE6-8876-5E33C53BD50E}.Release|Any CPU.ActiveCfg = Release|Any CPU
		{EA0640D2-D64B-4AE6-8876-5E33C53BD50E}.Release|Any CPU.Build.0 = Release|Any CPU
		{EA0640D2-D64B-4AE6-8876-5E33C53BD50E}.Release|ARM.ActiveCfg = Release|Any CPU
		{EA0640D2-D64B-4AE6-8876-5E33C53BD50E}.Release|ARM.Build.0 = Release|Any CPU
		{EA0640D2-D64B-4AE6-8876-5E33C53BD50E}.Release|ARM64.ActiveCfg = Release|Any CPU
		{EA0640D2-D64B-4AE6-8876-5E33C53BD50E}.Release|ARM64.Build.0 = Release|Any CPU
		{EA0640D2-D64B-4AE6-8876-5E33C53BD50E}.Release|iPhone.ActiveCfg = Release|Any CPU
		{EA0640D2-D64B-4AE6-8876-5E33C53BD50E}.Release|iPhone.Build.0 = Release|Any CPU
		{EA0640D2-D64B-4AE6-8876-5E33C53BD50E}.Release|iPhoneSimulator.ActiveCfg = Release|Any CPU
		{EA0640D2-D64B-4AE6-8876-5E33C53BD50E}.Release|iPhoneSimulator.Build.0 = Release|Any CPU
		{EA0640D2-D64B-4AE6-8876-5E33C53BD50E}.Release|x64.ActiveCfg = Release|Any CPU
		{EA0640D2-D64B-4AE6-8876-5E33C53BD50E}.Release|x64.Build.0 = Release|Any CPU
		{EA0640D2-D64B-4AE6-8876-5E33C53BD50E}.Release|x86.ActiveCfg = Release|Any CPU
		{EA0640D2-D64B-4AE6-8876-5E33C53BD50E}.Release|x86.Build.0 = Release|Any CPU
		{F6261A48-3EF9-452B-98AD-15F5CD94B5E5}.Ad-Hoc|Any CPU.ActiveCfg = Release|Any CPU
		{F6261A48-3EF9-452B-98AD-15F5CD94B5E5}.Ad-Hoc|Any CPU.Build.0 = Release|Any CPU
		{F6261A48-3EF9-452B-98AD-15F5CD94B5E5}.Ad-Hoc|ARM.ActiveCfg = Release|Any CPU
		{F6261A48-3EF9-452B-98AD-15F5CD94B5E5}.Ad-Hoc|ARM.Build.0 = Release|Any CPU
		{F6261A48-3EF9-452B-98AD-15F5CD94B5E5}.Ad-Hoc|ARM64.ActiveCfg = Release|Any CPU
		{F6261A48-3EF9-452B-98AD-15F5CD94B5E5}.Ad-Hoc|ARM64.Build.0 = Release|Any CPU
		{F6261A48-3EF9-452B-98AD-15F5CD94B5E5}.Ad-Hoc|iPhone.ActiveCfg = Release|Any CPU
		{F6261A48-3EF9-452B-98AD-15F5CD94B5E5}.Ad-Hoc|iPhone.Build.0 = Release|Any CPU
		{F6261A48-3EF9-452B-98AD-15F5CD94B5E5}.Ad-Hoc|iPhoneSimulator.ActiveCfg = Release|Any CPU
		{F6261A48-3EF9-452B-98AD-15F5CD94B5E5}.Ad-Hoc|iPhoneSimulator.Build.0 = Release|Any CPU
		{F6261A48-3EF9-452B-98AD-15F5CD94B5E5}.Ad-Hoc|x64.ActiveCfg = Release|Any CPU
		{F6261A48-3EF9-452B-98AD-15F5CD94B5E5}.Ad-Hoc|x64.Build.0 = Release|Any CPU
		{F6261A48-3EF9-452B-98AD-15F5CD94B5E5}.Ad-Hoc|x86.ActiveCfg = Release|Any CPU
		{F6261A48-3EF9-452B-98AD-15F5CD94B5E5}.Ad-Hoc|x86.Build.0 = Release|Any CPU
		{F6261A48-3EF9-452B-98AD-15F5CD94B5E5}.AppStore|Any CPU.ActiveCfg = Release|Any CPU
		{F6261A48-3EF9-452B-98AD-15F5CD94B5E5}.AppStore|Any CPU.Build.0 = Release|Any CPU
		{F6261A48-3EF9-452B-98AD-15F5CD94B5E5}.AppStore|ARM.ActiveCfg = Release|Any CPU
		{F6261A48-3EF9-452B-98AD-15F5CD94B5E5}.AppStore|ARM.Build.0 = Release|Any CPU
		{F6261A48-3EF9-452B-98AD-15F5CD94B5E5}.AppStore|ARM64.ActiveCfg = Release|Any CPU
		{F6261A48-3EF9-452B-98AD-15F5CD94B5E5}.AppStore|ARM64.Build.0 = Release|Any CPU
		{F6261A48-3EF9-452B-98AD-15F5CD94B5E5}.AppStore|iPhone.ActiveCfg = Release|Any CPU
		{F6261A48-3EF9-452B-98AD-15F5CD94B5E5}.AppStore|iPhone.Build.0 = Release|Any CPU
		{F6261A48-3EF9-452B-98AD-15F5CD94B5E5}.AppStore|iPhoneSimulator.ActiveCfg = Release|Any CPU
		{F6261A48-3EF9-452B-98AD-15F5CD94B5E5}.AppStore|iPhoneSimulator.Build.0 = Release|Any CPU
		{F6261A48-3EF9-452B-98AD-15F5CD94B5E5}.AppStore|x64.ActiveCfg = Release|Any CPU
		{F6261A48-3EF9-452B-98AD-15F5CD94B5E5}.AppStore|x64.Build.0 = Release|Any CPU
		{F6261A48-3EF9-452B-98AD-15F5CD94B5E5}.AppStore|x86.ActiveCfg = Release|Any CPU
		{F6261A48-3EF9-452B-98AD-15F5CD94B5E5}.AppStore|x86.Build.0 = Release|Any CPU
		{F6261A48-3EF9-452B-98AD-15F5CD94B5E5}.Debug|Any CPU.ActiveCfg = Debug|Any CPU
		{F6261A48-3EF9-452B-98AD-15F5CD94B5E5}.Debug|Any CPU.Build.0 = Debug|Any CPU
		{F6261A48-3EF9-452B-98AD-15F5CD94B5E5}.Debug|ARM.ActiveCfg = Debug|Any CPU
		{F6261A48-3EF9-452B-98AD-15F5CD94B5E5}.Debug|ARM.Build.0 = Debug|Any CPU
		{F6261A48-3EF9-452B-98AD-15F5CD94B5E5}.Debug|ARM64.ActiveCfg = Debug|Any CPU
		{F6261A48-3EF9-452B-98AD-15F5CD94B5E5}.Debug|ARM64.Build.0 = Debug|Any CPU
		{F6261A48-3EF9-452B-98AD-15F5CD94B5E5}.Debug|iPhone.ActiveCfg = Debug|Any CPU
		{F6261A48-3EF9-452B-98AD-15F5CD94B5E5}.Debug|iPhone.Build.0 = Debug|Any CPU
		{F6261A48-3EF9-452B-98AD-15F5CD94B5E5}.Debug|iPhoneSimulator.ActiveCfg = Debug|Any CPU
		{F6261A48-3EF9-452B-98AD-15F5CD94B5E5}.Debug|iPhoneSimulator.Build.0 = Debug|Any CPU
		{F6261A48-3EF9-452B-98AD-15F5CD94B5E5}.Debug|x64.ActiveCfg = Debug|Any CPU
		{F6261A48-3EF9-452B-98AD-15F5CD94B5E5}.Debug|x64.Build.0 = Debug|Any CPU
		{F6261A48-3EF9-452B-98AD-15F5CD94B5E5}.Debug|x86.ActiveCfg = Debug|Any CPU
		{F6261A48-3EF9-452B-98AD-15F5CD94B5E5}.Debug|x86.Build.0 = Debug|Any CPU
		{F6261A48-3EF9-452B-98AD-15F5CD94B5E5}.Release|Any CPU.ActiveCfg = Release|Any CPU
		{F6261A48-3EF9-452B-98AD-15F5CD94B5E5}.Release|Any CPU.Build.0 = Release|Any CPU
		{F6261A48-3EF9-452B-98AD-15F5CD94B5E5}.Release|ARM.ActiveCfg = Release|Any CPU
		{F6261A48-3EF9-452B-98AD-15F5CD94B5E5}.Release|ARM.Build.0 = Release|Any CPU
		{F6261A48-3EF9-452B-98AD-15F5CD94B5E5}.Release|ARM64.ActiveCfg = Release|Any CPU
		{F6261A48-3EF9-452B-98AD-15F5CD94B5E5}.Release|ARM64.Build.0 = Release|Any CPU
		{F6261A48-3EF9-452B-98AD-15F5CD94B5E5}.Release|iPhone.ActiveCfg = Release|Any CPU
		{F6261A48-3EF9-452B-98AD-15F5CD94B5E5}.Release|iPhone.Build.0 = Release|Any CPU
		{F6261A48-3EF9-452B-98AD-15F5CD94B5E5}.Release|iPhoneSimulator.ActiveCfg = Release|Any CPU
		{F6261A48-3EF9-452B-98AD-15F5CD94B5E5}.Release|iPhoneSimulator.Build.0 = Release|Any CPU
		{F6261A48-3EF9-452B-98AD-15F5CD94B5E5}.Release|x64.ActiveCfg = Release|Any CPU
		{F6261A48-3EF9-452B-98AD-15F5CD94B5E5}.Release|x64.Build.0 = Release|Any CPU
		{F6261A48-3EF9-452B-98AD-15F5CD94B5E5}.Release|x86.ActiveCfg = Release|Any CPU
		{F6261A48-3EF9-452B-98AD-15F5CD94B5E5}.Release|x86.Build.0 = Release|Any CPU
		{E97A831B-0525-4248-8143-4E1114612071}.Ad-Hoc|Any CPU.ActiveCfg = Release|Any CPU
		{E97A831B-0525-4248-8143-4E1114612071}.Ad-Hoc|Any CPU.Build.0 = Release|Any CPU
		{E97A831B-0525-4248-8143-4E1114612071}.Ad-Hoc|ARM.ActiveCfg = Release|Any CPU
		{E97A831B-0525-4248-8143-4E1114612071}.Ad-Hoc|ARM.Build.0 = Release|Any CPU
		{E97A831B-0525-4248-8143-4E1114612071}.Ad-Hoc|ARM64.ActiveCfg = Release|Any CPU
		{E97A831B-0525-4248-8143-4E1114612071}.Ad-Hoc|ARM64.Build.0 = Release|Any CPU
		{E97A831B-0525-4248-8143-4E1114612071}.Ad-Hoc|iPhone.ActiveCfg = Release|Any CPU
		{E97A831B-0525-4248-8143-4E1114612071}.Ad-Hoc|iPhone.Build.0 = Release|Any CPU
		{E97A831B-0525-4248-8143-4E1114612071}.Ad-Hoc|iPhoneSimulator.ActiveCfg = Release|Any CPU
		{E97A831B-0525-4248-8143-4E1114612071}.Ad-Hoc|iPhoneSimulator.Build.0 = Release|Any CPU
		{E97A831B-0525-4248-8143-4E1114612071}.Ad-Hoc|x64.ActiveCfg = Release|Any CPU
		{E97A831B-0525-4248-8143-4E1114612071}.Ad-Hoc|x64.Build.0 = Release|Any CPU
		{E97A831B-0525-4248-8143-4E1114612071}.Ad-Hoc|x86.ActiveCfg = Release|Any CPU
		{E97A831B-0525-4248-8143-4E1114612071}.Ad-Hoc|x86.Build.0 = Release|Any CPU
		{E97A831B-0525-4248-8143-4E1114612071}.AppStore|Any CPU.ActiveCfg = Release|Any CPU
		{E97A831B-0525-4248-8143-4E1114612071}.AppStore|Any CPU.Build.0 = Release|Any CPU
		{E97A831B-0525-4248-8143-4E1114612071}.AppStore|ARM.ActiveCfg = Release|Any CPU
		{E97A831B-0525-4248-8143-4E1114612071}.AppStore|ARM.Build.0 = Release|Any CPU
		{E97A831B-0525-4248-8143-4E1114612071}.AppStore|ARM64.ActiveCfg = Release|Any CPU
		{E97A831B-0525-4248-8143-4E1114612071}.AppStore|ARM64.Build.0 = Release|Any CPU
		{E97A831B-0525-4248-8143-4E1114612071}.AppStore|iPhone.ActiveCfg = Release|Any CPU
		{E97A831B-0525-4248-8143-4E1114612071}.AppStore|iPhone.Build.0 = Release|Any CPU
		{E97A831B-0525-4248-8143-4E1114612071}.AppStore|iPhoneSimulator.ActiveCfg = Release|Any CPU
		{E97A831B-0525-4248-8143-4E1114612071}.AppStore|iPhoneSimulator.Build.0 = Release|Any CPU
		{E97A831B-0525-4248-8143-4E1114612071}.AppStore|x64.ActiveCfg = Release|Any CPU
		{E97A831B-0525-4248-8143-4E1114612071}.AppStore|x64.Build.0 = Release|Any CPU
		{E97A831B-0525-4248-8143-4E1114612071}.AppStore|x86.ActiveCfg = Release|Any CPU
		{E97A831B-0525-4248-8143-4E1114612071}.AppStore|x86.Build.0 = Release|Any CPU
		{E97A831B-0525-4248-8143-4E1114612071}.Debug|Any CPU.ActiveCfg = Debug|Any CPU
		{E97A831B-0525-4248-8143-4E1114612071}.Debug|Any CPU.Build.0 = Debug|Any CPU
		{E97A831B-0525-4248-8143-4E1114612071}.Debug|ARM.ActiveCfg = Debug|Any CPU
		{E97A831B-0525-4248-8143-4E1114612071}.Debug|ARM.Build.0 = Debug|Any CPU
		{E97A831B-0525-4248-8143-4E1114612071}.Debug|ARM64.ActiveCfg = Debug|Any CPU
		{E97A831B-0525-4248-8143-4E1114612071}.Debug|ARM64.Build.0 = Debug|Any CPU
		{E97A831B-0525-4248-8143-4E1114612071}.Debug|iPhone.ActiveCfg = Debug|Any CPU
		{E97A831B-0525-4248-8143-4E1114612071}.Debug|iPhone.Build.0 = Debug|Any CPU
		{E97A831B-0525-4248-8143-4E1114612071}.Debug|iPhoneSimulator.ActiveCfg = Debug|Any CPU
		{E97A831B-0525-4248-8143-4E1114612071}.Debug|iPhoneSimulator.Build.0 = Debug|Any CPU
		{E97A831B-0525-4248-8143-4E1114612071}.Debug|x64.ActiveCfg = Debug|Any CPU
		{E97A831B-0525-4248-8143-4E1114612071}.Debug|x64.Build.0 = Debug|Any CPU
		{E97A831B-0525-4248-8143-4E1114612071}.Debug|x86.ActiveCfg = Debug|Any CPU
		{E97A831B-0525-4248-8143-4E1114612071}.Debug|x86.Build.0 = Debug|Any CPU
		{E97A831B-0525-4248-8143-4E1114612071}.Release|Any CPU.ActiveCfg = Release|Any CPU
		{E97A831B-0525-4248-8143-4E1114612071}.Release|Any CPU.Build.0 = Release|Any CPU
		{E97A831B-0525-4248-8143-4E1114612071}.Release|ARM.ActiveCfg = Release|Any CPU
		{E97A831B-0525-4248-8143-4E1114612071}.Release|ARM.Build.0 = Release|Any CPU
		{E97A831B-0525-4248-8143-4E1114612071}.Release|ARM64.ActiveCfg = Release|Any CPU
		{E97A831B-0525-4248-8143-4E1114612071}.Release|ARM64.Build.0 = Release|Any CPU
		{E97A831B-0525-4248-8143-4E1114612071}.Release|iPhone.ActiveCfg = Release|Any CPU
		{E97A831B-0525-4248-8143-4E1114612071}.Release|iPhone.Build.0 = Release|Any CPU
		{E97A831B-0525-4248-8143-4E1114612071}.Release|iPhoneSimulator.ActiveCfg = Release|Any CPU
		{E97A831B-0525-4248-8143-4E1114612071}.Release|iPhoneSimulator.Build.0 = Release|Any CPU
		{E97A831B-0525-4248-8143-4E1114612071}.Release|x64.ActiveCfg = Release|Any CPU
		{E97A831B-0525-4248-8143-4E1114612071}.Release|x64.Build.0 = Release|Any CPU
		{E97A831B-0525-4248-8143-4E1114612071}.Release|x86.ActiveCfg = Release|Any CPU
		{E97A831B-0525-4248-8143-4E1114612071}.Release|x86.Build.0 = Release|Any CPU
		{47ADE238-C32B-4F19-9028-68EB8E09927C}.Ad-Hoc|Any CPU.ActiveCfg = Release|Any CPU
		{47ADE238-C32B-4F19-9028-68EB8E09927C}.Ad-Hoc|Any CPU.Build.0 = Release|Any CPU
		{47ADE238-C32B-4F19-9028-68EB8E09927C}.Ad-Hoc|ARM.ActiveCfg = Release|Any CPU
		{47ADE238-C32B-4F19-9028-68EB8E09927C}.Ad-Hoc|ARM.Build.0 = Release|Any CPU
		{47ADE238-C32B-4F19-9028-68EB8E09927C}.Ad-Hoc|ARM64.ActiveCfg = Release|Any CPU
		{47ADE238-C32B-4F19-9028-68EB8E09927C}.Ad-Hoc|ARM64.Build.0 = Release|Any CPU
		{47ADE238-C32B-4F19-9028-68EB8E09927C}.Ad-Hoc|iPhone.ActiveCfg = Release|Any CPU
		{47ADE238-C32B-4F19-9028-68EB8E09927C}.Ad-Hoc|iPhone.Build.0 = Release|Any CPU
		{47ADE238-C32B-4F19-9028-68EB8E09927C}.Ad-Hoc|iPhoneSimulator.ActiveCfg = Release|Any CPU
		{47ADE238-C32B-4F19-9028-68EB8E09927C}.Ad-Hoc|iPhoneSimulator.Build.0 = Release|Any CPU
		{47ADE238-C32B-4F19-9028-68EB8E09927C}.Ad-Hoc|x64.ActiveCfg = Release|Any CPU
		{47ADE238-C32B-4F19-9028-68EB8E09927C}.Ad-Hoc|x64.Build.0 = Release|Any CPU
		{47ADE238-C32B-4F19-9028-68EB8E09927C}.Ad-Hoc|x86.ActiveCfg = Release|Any CPU
		{47ADE238-C32B-4F19-9028-68EB8E09927C}.Ad-Hoc|x86.Build.0 = Release|Any CPU
		{47ADE238-C32B-4F19-9028-68EB8E09927C}.AppStore|Any CPU.ActiveCfg = Release|Any CPU
		{47ADE238-C32B-4F19-9028-68EB8E09927C}.AppStore|Any CPU.Build.0 = Release|Any CPU
		{47ADE238-C32B-4F19-9028-68EB8E09927C}.AppStore|ARM.ActiveCfg = Release|Any CPU
		{47ADE238-C32B-4F19-9028-68EB8E09927C}.AppStore|ARM.Build.0 = Release|Any CPU
		{47ADE238-C32B-4F19-9028-68EB8E09927C}.AppStore|ARM64.ActiveCfg = Release|Any CPU
		{47ADE238-C32B-4F19-9028-68EB8E09927C}.AppStore|ARM64.Build.0 = Release|Any CPU
		{47ADE238-C32B-4F19-9028-68EB8E09927C}.AppStore|iPhone.ActiveCfg = Release|Any CPU
		{47ADE238-C32B-4F19-9028-68EB8E09927C}.AppStore|iPhone.Build.0 = Release|Any CPU
		{47ADE238-C32B-4F19-9028-68EB8E09927C}.AppStore|iPhoneSimulator.ActiveCfg = Release|Any CPU
		{47ADE238-C32B-4F19-9028-68EB8E09927C}.AppStore|iPhoneSimulator.Build.0 = Release|Any CPU
		{47ADE238-C32B-4F19-9028-68EB8E09927C}.AppStore|x64.ActiveCfg = Release|Any CPU
		{47ADE238-C32B-4F19-9028-68EB8E09927C}.AppStore|x64.Build.0 = Release|Any CPU
		{47ADE238-C32B-4F19-9028-68EB8E09927C}.AppStore|x86.ActiveCfg = Release|Any CPU
		{47ADE238-C32B-4F19-9028-68EB8E09927C}.AppStore|x86.Build.0 = Release|Any CPU
		{47ADE238-C32B-4F19-9028-68EB8E09927C}.Debug|Any CPU.ActiveCfg = Debug|Any CPU
		{47ADE238-C32B-4F19-9028-68EB8E09927C}.Debug|Any CPU.Build.0 = Debug|Any CPU
		{47ADE238-C32B-4F19-9028-68EB8E09927C}.Debug|ARM.ActiveCfg = Debug|Any CPU
		{47ADE238-C32B-4F19-9028-68EB8E09927C}.Debug|ARM.Build.0 = Debug|Any CPU
		{47ADE238-C32B-4F19-9028-68EB8E09927C}.Debug|ARM64.ActiveCfg = Debug|Any CPU
		{47ADE238-C32B-4F19-9028-68EB8E09927C}.Debug|ARM64.Build.0 = Debug|Any CPU
		{47ADE238-C32B-4F19-9028-68EB8E09927C}.Debug|iPhone.ActiveCfg = Debug|Any CPU
		{47ADE238-C32B-4F19-9028-68EB8E09927C}.Debug|iPhone.Build.0 = Debug|Any CPU
		{47ADE238-C32B-4F19-9028-68EB8E09927C}.Debug|iPhoneSimulator.ActiveCfg = Debug|Any CPU
		{47ADE238-C32B-4F19-9028-68EB8E09927C}.Debug|iPhoneSimulator.Build.0 = Debug|Any CPU
		{47ADE238-C32B-4F19-9028-68EB8E09927C}.Debug|x64.ActiveCfg = Debug|Any CPU
		{47ADE238-C32B-4F19-9028-68EB8E09927C}.Debug|x64.Build.0 = Debug|Any CPU
		{47ADE238-C32B-4F19-9028-68EB8E09927C}.Debug|x86.ActiveCfg = Debug|Any CPU
		{47ADE238-C32B-4F19-9028-68EB8E09927C}.Debug|x86.Build.0 = Debug|Any CPU
		{47ADE238-C32B-4F19-9028-68EB8E09927C}.Release|Any CPU.ActiveCfg = Release|Any CPU
		{47ADE238-C32B-4F19-9028-68EB8E09927C}.Release|Any CPU.Build.0 = Release|Any CPU
		{47ADE238-C32B-4F19-9028-68EB8E09927C}.Release|ARM.ActiveCfg = Release|Any CPU
		{47ADE238-C32B-4F19-9028-68EB8E09927C}.Release|ARM.Build.0 = Release|Any CPU
		{47ADE238-C32B-4F19-9028-68EB8E09927C}.Release|ARM64.ActiveCfg = Release|Any CPU
		{47ADE238-C32B-4F19-9028-68EB8E09927C}.Release|ARM64.Build.0 = Release|Any CPU
		{47ADE238-C32B-4F19-9028-68EB8E09927C}.Release|iPhone.ActiveCfg = Release|Any CPU
		{47ADE238-C32B-4F19-9028-68EB8E09927C}.Release|iPhone.Build.0 = Release|Any CPU
		{47ADE238-C32B-4F19-9028-68EB8E09927C}.Release|iPhoneSimulator.ActiveCfg = Release|Any CPU
		{47ADE238-C32B-4F19-9028-68EB8E09927C}.Release|iPhoneSimulator.Build.0 = Release|Any CPU
		{47ADE238-C32B-4F19-9028-68EB8E09927C}.Release|x64.ActiveCfg = Release|Any CPU
		{47ADE238-C32B-4F19-9028-68EB8E09927C}.Release|x64.Build.0 = Release|Any CPU
		{47ADE238-C32B-4F19-9028-68EB8E09927C}.Release|x86.ActiveCfg = Release|Any CPU
		{47ADE238-C32B-4F19-9028-68EB8E09927C}.Release|x86.Build.0 = Release|Any CPU
		{9D01D459-4EAA-446E-BC2E-F5F66D29833A}.Ad-Hoc|Any CPU.ActiveCfg = Release|Any CPU
		{9D01D459-4EAA-446E-BC2E-F5F66D29833A}.Ad-Hoc|Any CPU.Build.0 = Release|Any CPU
		{9D01D459-4EAA-446E-BC2E-F5F66D29833A}.Ad-Hoc|ARM.ActiveCfg = Release|Any CPU
		{9D01D459-4EAA-446E-BC2E-F5F66D29833A}.Ad-Hoc|ARM.Build.0 = Release|Any CPU
		{9D01D459-4EAA-446E-BC2E-F5F66D29833A}.Ad-Hoc|ARM64.ActiveCfg = Release|Any CPU
		{9D01D459-4EAA-446E-BC2E-F5F66D29833A}.Ad-Hoc|ARM64.Build.0 = Release|Any CPU
		{9D01D459-4EAA-446E-BC2E-F5F66D29833A}.Ad-Hoc|iPhone.ActiveCfg = Release|Any CPU
		{9D01D459-4EAA-446E-BC2E-F5F66D29833A}.Ad-Hoc|iPhone.Build.0 = Release|Any CPU
		{9D01D459-4EAA-446E-BC2E-F5F66D29833A}.Ad-Hoc|iPhoneSimulator.ActiveCfg = Release|Any CPU
		{9D01D459-4EAA-446E-BC2E-F5F66D29833A}.Ad-Hoc|iPhoneSimulator.Build.0 = Release|Any CPU
		{9D01D459-4EAA-446E-BC2E-F5F66D29833A}.Ad-Hoc|x64.ActiveCfg = Release|Any CPU
		{9D01D459-4EAA-446E-BC2E-F5F66D29833A}.Ad-Hoc|x64.Build.0 = Release|Any CPU
		{9D01D459-4EAA-446E-BC2E-F5F66D29833A}.Ad-Hoc|x86.ActiveCfg = Release|Any CPU
		{9D01D459-4EAA-446E-BC2E-F5F66D29833A}.Ad-Hoc|x86.Build.0 = Release|Any CPU
		{9D01D459-4EAA-446E-BC2E-F5F66D29833A}.AppStore|Any CPU.ActiveCfg = Release|Any CPU
		{9D01D459-4EAA-446E-BC2E-F5F66D29833A}.AppStore|Any CPU.Build.0 = Release|Any CPU
		{9D01D459-4EAA-446E-BC2E-F5F66D29833A}.AppStore|ARM.ActiveCfg = Release|Any CPU
		{9D01D459-4EAA-446E-BC2E-F5F66D29833A}.AppStore|ARM.Build.0 = Release|Any CPU
		{9D01D459-4EAA-446E-BC2E-F5F66D29833A}.AppStore|ARM64.ActiveCfg = Release|Any CPU
		{9D01D459-4EAA-446E-BC2E-F5F66D29833A}.AppStore|ARM64.Build.0 = Release|Any CPU
		{9D01D459-4EAA-446E-BC2E-F5F66D29833A}.AppStore|iPhone.ActiveCfg = Release|Any CPU
		{9D01D459-4EAA-446E-BC2E-F5F66D29833A}.AppStore|iPhone.Build.0 = Release|Any CPU
		{9D01D459-4EAA-446E-BC2E-F5F66D29833A}.AppStore|iPhoneSimulator.ActiveCfg = Release|Any CPU
		{9D01D459-4EAA-446E-BC2E-F5F66D29833A}.AppStore|iPhoneSimulator.Build.0 = Release|Any CPU
		{9D01D459-4EAA-446E-BC2E-F5F66D29833A}.AppStore|x64.ActiveCfg = Release|Any CPU
		{9D01D459-4EAA-446E-BC2E-F5F66D29833A}.AppStore|x64.Build.0 = Release|Any CPU
		{9D01D459-4EAA-446E-BC2E-F5F66D29833A}.AppStore|x86.ActiveCfg = Release|Any CPU
		{9D01D459-4EAA-446E-BC2E-F5F66D29833A}.AppStore|x86.Build.0 = Release|Any CPU
		{9D01D459-4EAA-446E-BC2E-F5F66D29833A}.Debug|Any CPU.ActiveCfg = Debug|Any CPU
		{9D01D459-4EAA-446E-BC2E-F5F66D29833A}.Debug|Any CPU.Build.0 = Debug|Any CPU
		{9D01D459-4EAA-446E-BC2E-F5F66D29833A}.Debug|ARM.ActiveCfg = Debug|Any CPU
		{9D01D459-4EAA-446E-BC2E-F5F66D29833A}.Debug|ARM.Build.0 = Debug|Any CPU
		{9D01D459-4EAA-446E-BC2E-F5F66D29833A}.Debug|ARM64.ActiveCfg = Debug|Any CPU
		{9D01D459-4EAA-446E-BC2E-F5F66D29833A}.Debug|ARM64.Build.0 = Debug|Any CPU
		{9D01D459-4EAA-446E-BC2E-F5F66D29833A}.Debug|iPhone.ActiveCfg = Debug|Any CPU
		{9D01D459-4EAA-446E-BC2E-F5F66D29833A}.Debug|iPhone.Build.0 = Debug|Any CPU
		{9D01D459-4EAA-446E-BC2E-F5F66D29833A}.Debug|iPhoneSimulator.ActiveCfg = Debug|Any CPU
		{9D01D459-4EAA-446E-BC2E-F5F66D29833A}.Debug|iPhoneSimulator.Build.0 = Debug|Any CPU
		{9D01D459-4EAA-446E-BC2E-F5F66D29833A}.Debug|x64.ActiveCfg = Debug|Any CPU
		{9D01D459-4EAA-446E-BC2E-F5F66D29833A}.Debug|x64.Build.0 = Debug|Any CPU
		{9D01D459-4EAA-446E-BC2E-F5F66D29833A}.Debug|x86.ActiveCfg = Debug|Any CPU
		{9D01D459-4EAA-446E-BC2E-F5F66D29833A}.Debug|x86.Build.0 = Debug|Any CPU
		{9D01D459-4EAA-446E-BC2E-F5F66D29833A}.Release|Any CPU.ActiveCfg = Release|Any CPU
		{9D01D459-4EAA-446E-BC2E-F5F66D29833A}.Release|Any CPU.Build.0 = Release|Any CPU
		{9D01D459-4EAA-446E-BC2E-F5F66D29833A}.Release|ARM.ActiveCfg = Release|Any CPU
		{9D01D459-4EAA-446E-BC2E-F5F66D29833A}.Release|ARM.Build.0 = Release|Any CPU
		{9D01D459-4EAA-446E-BC2E-F5F66D29833A}.Release|ARM64.ActiveCfg = Release|Any CPU
		{9D01D459-4EAA-446E-BC2E-F5F66D29833A}.Release|ARM64.Build.0 = Release|Any CPU
		{9D01D459-4EAA-446E-BC2E-F5F66D29833A}.Release|iPhone.ActiveCfg = Release|Any CPU
		{9D01D459-4EAA-446E-BC2E-F5F66D29833A}.Release|iPhone.Build.0 = Release|Any CPU
		{9D01D459-4EAA-446E-BC2E-F5F66D29833A}.Release|iPhoneSimulator.ActiveCfg = Release|Any CPU
		{9D01D459-4EAA-446E-BC2E-F5F66D29833A}.Release|iPhoneSimulator.Build.0 = Release|Any CPU
		{9D01D459-4EAA-446E-BC2E-F5F66D29833A}.Release|x64.ActiveCfg = Release|Any CPU
		{9D01D459-4EAA-446E-BC2E-F5F66D29833A}.Release|x64.Build.0 = Release|Any CPU
		{9D01D459-4EAA-446E-BC2E-F5F66D29833A}.Release|x86.ActiveCfg = Release|Any CPU
		{9D01D459-4EAA-446E-BC2E-F5F66D29833A}.Release|x86.Build.0 = Release|Any CPU
		{7595D7F1-5B28-415F-97C2-470A375E3BCC}.Ad-Hoc|Any CPU.ActiveCfg = Release|Any CPU
		{7595D7F1-5B28-415F-97C2-470A375E3BCC}.Ad-Hoc|Any CPU.Build.0 = Release|Any CPU
		{7595D7F1-5B28-415F-97C2-470A375E3BCC}.Ad-Hoc|ARM.ActiveCfg = Release|Any CPU
		{7595D7F1-5B28-415F-97C2-470A375E3BCC}.Ad-Hoc|ARM.Build.0 = Release|Any CPU
		{7595D7F1-5B28-415F-97C2-470A375E3BCC}.Ad-Hoc|ARM64.ActiveCfg = Release|Any CPU
		{7595D7F1-5B28-415F-97C2-470A375E3BCC}.Ad-Hoc|ARM64.Build.0 = Release|Any CPU
		{7595D7F1-5B28-415F-97C2-470A375E3BCC}.Ad-Hoc|iPhone.ActiveCfg = Release|Any CPU
		{7595D7F1-5B28-415F-97C2-470A375E3BCC}.Ad-Hoc|iPhone.Build.0 = Release|Any CPU
		{7595D7F1-5B28-415F-97C2-470A375E3BCC}.Ad-Hoc|iPhoneSimulator.ActiveCfg = Release|Any CPU
		{7595D7F1-5B28-415F-97C2-470A375E3BCC}.Ad-Hoc|iPhoneSimulator.Build.0 = Release|Any CPU
		{7595D7F1-5B28-415F-97C2-470A375E3BCC}.Ad-Hoc|x64.ActiveCfg = Release|Any CPU
		{7595D7F1-5B28-415F-97C2-470A375E3BCC}.Ad-Hoc|x64.Build.0 = Release|Any CPU
		{7595D7F1-5B28-415F-97C2-470A375E3BCC}.Ad-Hoc|x86.ActiveCfg = Release|Any CPU
		{7595D7F1-5B28-415F-97C2-470A375E3BCC}.Ad-Hoc|x86.Build.0 = Release|Any CPU
		{7595D7F1-5B28-415F-97C2-470A375E3BCC}.AppStore|Any CPU.ActiveCfg = Release|Any CPU
		{7595D7F1-5B28-415F-97C2-470A375E3BCC}.AppStore|Any CPU.Build.0 = Release|Any CPU
		{7595D7F1-5B28-415F-97C2-470A375E3BCC}.AppStore|ARM.ActiveCfg = Release|Any CPU
		{7595D7F1-5B28-415F-97C2-470A375E3BCC}.AppStore|ARM.Build.0 = Release|Any CPU
		{7595D7F1-5B28-415F-97C2-470A375E3BCC}.AppStore|ARM64.ActiveCfg = Release|Any CPU
		{7595D7F1-5B28-415F-97C2-470A375E3BCC}.AppStore|ARM64.Build.0 = Release|Any CPU
		{7595D7F1-5B28-415F-97C2-470A375E3BCC}.AppStore|iPhone.ActiveCfg = Release|Any CPU
		{7595D7F1-5B28-415F-97C2-470A375E3BCC}.AppStore|iPhone.Build.0 = Release|Any CPU
		{7595D7F1-5B28-415F-97C2-470A375E3BCC}.AppStore|iPhoneSimulator.ActiveCfg = Release|Any CPU
		{7595D7F1-5B28-415F-97C2-470A375E3BCC}.AppStore|iPhoneSimulator.Build.0 = Release|Any CPU
		{7595D7F1-5B28-415F-97C2-470A375E3BCC}.AppStore|x64.ActiveCfg = Release|Any CPU
		{7595D7F1-5B28-415F-97C2-470A375E3BCC}.AppStore|x64.Build.0 = Release|Any CPU
		{7595D7F1-5B28-415F-97C2-470A375E3BCC}.AppStore|x86.ActiveCfg = Release|Any CPU
		{7595D7F1-5B28-415F-97C2-470A375E3BCC}.AppStore|x86.Build.0 = Release|Any CPU
		{7595D7F1-5B28-415F-97C2-470A375E3BCC}.Debug|Any CPU.ActiveCfg = Debug|Any CPU
		{7595D7F1-5B28-415F-97C2-470A375E3BCC}.Debug|Any CPU.Build.0 = Debug|Any CPU
		{7595D7F1-5B28-415F-97C2-470A375E3BCC}.Debug|ARM.ActiveCfg = Debug|Any CPU
		{7595D7F1-5B28-415F-97C2-470A375E3BCC}.Debug|ARM.Build.0 = Debug|Any CPU
		{7595D7F1-5B28-415F-97C2-470A375E3BCC}.Debug|ARM64.ActiveCfg = Debug|Any CPU
		{7595D7F1-5B28-415F-97C2-470A375E3BCC}.Debug|ARM64.Build.0 = Debug|Any CPU
		{7595D7F1-5B28-415F-97C2-470A375E3BCC}.Debug|iPhone.ActiveCfg = Debug|Any CPU
		{7595D7F1-5B28-415F-97C2-470A375E3BCC}.Debug|iPhone.Build.0 = Debug|Any CPU
		{7595D7F1-5B28-415F-97C2-470A375E3BCC}.Debug|iPhoneSimulator.ActiveCfg = Debug|Any CPU
		{7595D7F1-5B28-415F-97C2-470A375E3BCC}.Debug|iPhoneSimulator.Build.0 = Debug|Any CPU
		{7595D7F1-5B28-415F-97C2-470A375E3BCC}.Debug|x64.ActiveCfg = Debug|Any CPU
		{7595D7F1-5B28-415F-97C2-470A375E3BCC}.Debug|x64.Build.0 = Debug|Any CPU
		{7595D7F1-5B28-415F-97C2-470A375E3BCC}.Debug|x86.ActiveCfg = Debug|Any CPU
		{7595D7F1-5B28-415F-97C2-470A375E3BCC}.Debug|x86.Build.0 = Debug|Any CPU
		{7595D7F1-5B28-415F-97C2-470A375E3BCC}.Release|Any CPU.ActiveCfg = Release|Any CPU
		{7595D7F1-5B28-415F-97C2-470A375E3BCC}.Release|Any CPU.Build.0 = Release|Any CPU
		{7595D7F1-5B28-415F-97C2-470A375E3BCC}.Release|ARM.ActiveCfg = Release|Any CPU
		{7595D7F1-5B28-415F-97C2-470A375E3BCC}.Release|ARM.Build.0 = Release|Any CPU
		{7595D7F1-5B28-415F-97C2-470A375E3BCC}.Release|ARM64.ActiveCfg = Release|Any CPU
		{7595D7F1-5B28-415F-97C2-470A375E3BCC}.Release|ARM64.Build.0 = Release|Any CPU
		{7595D7F1-5B28-415F-97C2-470A375E3BCC}.Release|iPhone.ActiveCfg = Release|Any CPU
		{7595D7F1-5B28-415F-97C2-470A375E3BCC}.Release|iPhone.Build.0 = Release|Any CPU
		{7595D7F1-5B28-415F-97C2-470A375E3BCC}.Release|iPhoneSimulator.ActiveCfg = Release|Any CPU
		{7595D7F1-5B28-415F-97C2-470A375E3BCC}.Release|iPhoneSimulator.Build.0 = Release|Any CPU
		{7595D7F1-5B28-415F-97C2-470A375E3BCC}.Release|x64.ActiveCfg = Release|Any CPU
		{7595D7F1-5B28-415F-97C2-470A375E3BCC}.Release|x64.Build.0 = Release|Any CPU
		{7595D7F1-5B28-415F-97C2-470A375E3BCC}.Release|x86.ActiveCfg = Release|Any CPU
		{7595D7F1-5B28-415F-97C2-470A375E3BCC}.Release|x86.Build.0 = Release|Any CPU
		{48AD8B51-1C7F-4D1C-99E2-7F9A78E84D81}.Ad-Hoc|Any CPU.ActiveCfg = Release|Any CPU
		{48AD8B51-1C7F-4D1C-99E2-7F9A78E84D81}.Ad-Hoc|Any CPU.Build.0 = Release|Any CPU
		{48AD8B51-1C7F-4D1C-99E2-7F9A78E84D81}.Ad-Hoc|Any CPU.Deploy.0 = Release|Any CPU
		{48AD8B51-1C7F-4D1C-99E2-7F9A78E84D81}.Ad-Hoc|ARM.ActiveCfg = Release|Any CPU
		{48AD8B51-1C7F-4D1C-99E2-7F9A78E84D81}.Ad-Hoc|ARM.Build.0 = Release|Any CPU
		{48AD8B51-1C7F-4D1C-99E2-7F9A78E84D81}.Ad-Hoc|ARM.Deploy.0 = Release|Any CPU
		{48AD8B51-1C7F-4D1C-99E2-7F9A78E84D81}.Ad-Hoc|ARM64.ActiveCfg = Release|Any CPU
		{48AD8B51-1C7F-4D1C-99E2-7F9A78E84D81}.Ad-Hoc|ARM64.Build.0 = Release|Any CPU
		{48AD8B51-1C7F-4D1C-99E2-7F9A78E84D81}.Ad-Hoc|ARM64.Deploy.0 = Release|Any CPU
		{48AD8B51-1C7F-4D1C-99E2-7F9A78E84D81}.Ad-Hoc|iPhone.ActiveCfg = Release|Any CPU
		{48AD8B51-1C7F-4D1C-99E2-7F9A78E84D81}.Ad-Hoc|iPhone.Build.0 = Release|Any CPU
		{48AD8B51-1C7F-4D1C-99E2-7F9A78E84D81}.Ad-Hoc|iPhone.Deploy.0 = Release|Any CPU
		{48AD8B51-1C7F-4D1C-99E2-7F9A78E84D81}.Ad-Hoc|iPhoneSimulator.ActiveCfg = Release|Any CPU
		{48AD8B51-1C7F-4D1C-99E2-7F9A78E84D81}.Ad-Hoc|iPhoneSimulator.Build.0 = Release|Any CPU
		{48AD8B51-1C7F-4D1C-99E2-7F9A78E84D81}.Ad-Hoc|iPhoneSimulator.Deploy.0 = Release|Any CPU
		{48AD8B51-1C7F-4D1C-99E2-7F9A78E84D81}.Ad-Hoc|x64.ActiveCfg = Release|Any CPU
		{48AD8B51-1C7F-4D1C-99E2-7F9A78E84D81}.Ad-Hoc|x64.Build.0 = Release|Any CPU
		{48AD8B51-1C7F-4D1C-99E2-7F9A78E84D81}.Ad-Hoc|x64.Deploy.0 = Release|Any CPU
		{48AD8B51-1C7F-4D1C-99E2-7F9A78E84D81}.Ad-Hoc|x86.ActiveCfg = Release|Any CPU
		{48AD8B51-1C7F-4D1C-99E2-7F9A78E84D81}.Ad-Hoc|x86.Build.0 = Release|Any CPU
		{48AD8B51-1C7F-4D1C-99E2-7F9A78E84D81}.Ad-Hoc|x86.Deploy.0 = Release|Any CPU
		{48AD8B51-1C7F-4D1C-99E2-7F9A78E84D81}.AppStore|Any CPU.ActiveCfg = Release|Any CPU
		{48AD8B51-1C7F-4D1C-99E2-7F9A78E84D81}.AppStore|Any CPU.Build.0 = Release|Any CPU
		{48AD8B51-1C7F-4D1C-99E2-7F9A78E84D81}.AppStore|Any CPU.Deploy.0 = Release|Any CPU
		{48AD8B51-1C7F-4D1C-99E2-7F9A78E84D81}.AppStore|ARM.ActiveCfg = Release|Any CPU
		{48AD8B51-1C7F-4D1C-99E2-7F9A78E84D81}.AppStore|ARM.Build.0 = Release|Any CPU
		{48AD8B51-1C7F-4D1C-99E2-7F9A78E84D81}.AppStore|ARM.Deploy.0 = Release|Any CPU
		{48AD8B51-1C7F-4D1C-99E2-7F9A78E84D81}.AppStore|ARM64.ActiveCfg = Release|Any CPU
		{48AD8B51-1C7F-4D1C-99E2-7F9A78E84D81}.AppStore|ARM64.Build.0 = Release|Any CPU
		{48AD8B51-1C7F-4D1C-99E2-7F9A78E84D81}.AppStore|ARM64.Deploy.0 = Release|Any CPU
		{48AD8B51-1C7F-4D1C-99E2-7F9A78E84D81}.AppStore|iPhone.ActiveCfg = Release|Any CPU
		{48AD8B51-1C7F-4D1C-99E2-7F9A78E84D81}.AppStore|iPhone.Build.0 = Release|Any CPU
		{48AD8B51-1C7F-4D1C-99E2-7F9A78E84D81}.AppStore|iPhone.Deploy.0 = Release|Any CPU
		{48AD8B51-1C7F-4D1C-99E2-7F9A78E84D81}.AppStore|iPhoneSimulator.ActiveCfg = Release|Any CPU
		{48AD8B51-1C7F-4D1C-99E2-7F9A78E84D81}.AppStore|iPhoneSimulator.Build.0 = Release|Any CPU
		{48AD8B51-1C7F-4D1C-99E2-7F9A78E84D81}.AppStore|iPhoneSimulator.Deploy.0 = Release|Any CPU
		{48AD8B51-1C7F-4D1C-99E2-7F9A78E84D81}.AppStore|x64.ActiveCfg = Release|Any CPU
		{48AD8B51-1C7F-4D1C-99E2-7F9A78E84D81}.AppStore|x64.Build.0 = Release|Any CPU
		{48AD8B51-1C7F-4D1C-99E2-7F9A78E84D81}.AppStore|x64.Deploy.0 = Release|Any CPU
		{48AD8B51-1C7F-4D1C-99E2-7F9A78E84D81}.AppStore|x86.ActiveCfg = Release|Any CPU
		{48AD8B51-1C7F-4D1C-99E2-7F9A78E84D81}.AppStore|x86.Build.0 = Release|Any CPU
		{48AD8B51-1C7F-4D1C-99E2-7F9A78E84D81}.AppStore|x86.Deploy.0 = Release|Any CPU
		{48AD8B51-1C7F-4D1C-99E2-7F9A78E84D81}.Debug|Any CPU.ActiveCfg = Debug|Any CPU
		{48AD8B51-1C7F-4D1C-99E2-7F9A78E84D81}.Debug|Any CPU.Build.0 = Debug|Any CPU
		{48AD8B51-1C7F-4D1C-99E2-7F9A78E84D81}.Debug|Any CPU.Deploy.0 = Debug|Any CPU
		{48AD8B51-1C7F-4D1C-99E2-7F9A78E84D81}.Debug|ARM.ActiveCfg = Debug|Any CPU
		{48AD8B51-1C7F-4D1C-99E2-7F9A78E84D81}.Debug|ARM.Build.0 = Debug|Any CPU
		{48AD8B51-1C7F-4D1C-99E2-7F9A78E84D81}.Debug|ARM.Deploy.0 = Debug|Any CPU
		{48AD8B51-1C7F-4D1C-99E2-7F9A78E84D81}.Debug|ARM64.ActiveCfg = Debug|Any CPU
		{48AD8B51-1C7F-4D1C-99E2-7F9A78E84D81}.Debug|ARM64.Build.0 = Debug|Any CPU
		{48AD8B51-1C7F-4D1C-99E2-7F9A78E84D81}.Debug|ARM64.Deploy.0 = Debug|Any CPU
		{48AD8B51-1C7F-4D1C-99E2-7F9A78E84D81}.Debug|iPhone.ActiveCfg = Debug|Any CPU
		{48AD8B51-1C7F-4D1C-99E2-7F9A78E84D81}.Debug|iPhone.Build.0 = Debug|Any CPU
		{48AD8B51-1C7F-4D1C-99E2-7F9A78E84D81}.Debug|iPhone.Deploy.0 = Debug|Any CPU
		{48AD8B51-1C7F-4D1C-99E2-7F9A78E84D81}.Debug|iPhoneSimulator.ActiveCfg = Debug|Any CPU
		{48AD8B51-1C7F-4D1C-99E2-7F9A78E84D81}.Debug|iPhoneSimulator.Build.0 = Debug|Any CPU
		{48AD8B51-1C7F-4D1C-99E2-7F9A78E84D81}.Debug|iPhoneSimulator.Deploy.0 = Debug|Any CPU
		{48AD8B51-1C7F-4D1C-99E2-7F9A78E84D81}.Debug|x64.ActiveCfg = Debug|Any CPU
		{48AD8B51-1C7F-4D1C-99E2-7F9A78E84D81}.Debug|x64.Build.0 = Debug|Any CPU
		{48AD8B51-1C7F-4D1C-99E2-7F9A78E84D81}.Debug|x64.Deploy.0 = Debug|Any CPU
		{48AD8B51-1C7F-4D1C-99E2-7F9A78E84D81}.Debug|x86.ActiveCfg = Debug|Any CPU
		{48AD8B51-1C7F-4D1C-99E2-7F9A78E84D81}.Debug|x86.Build.0 = Debug|Any CPU
		{48AD8B51-1C7F-4D1C-99E2-7F9A78E84D81}.Debug|x86.Deploy.0 = Debug|Any CPU
		{48AD8B51-1C7F-4D1C-99E2-7F9A78E84D81}.Release|Any CPU.ActiveCfg = Release|Any CPU
		{48AD8B51-1C7F-4D1C-99E2-7F9A78E84D81}.Release|Any CPU.Build.0 = Release|Any CPU
		{48AD8B51-1C7F-4D1C-99E2-7F9A78E84D81}.Release|Any CPU.Deploy.0 = Release|Any CPU
		{48AD8B51-1C7F-4D1C-99E2-7F9A78E84D81}.Release|ARM.ActiveCfg = Release|Any CPU
		{48AD8B51-1C7F-4D1C-99E2-7F9A78E84D81}.Release|ARM.Build.0 = Release|Any CPU
		{48AD8B51-1C7F-4D1C-99E2-7F9A78E84D81}.Release|ARM.Deploy.0 = Release|Any CPU
		{48AD8B51-1C7F-4D1C-99E2-7F9A78E84D81}.Release|ARM64.ActiveCfg = Release|Any CPU
		{48AD8B51-1C7F-4D1C-99E2-7F9A78E84D81}.Release|ARM64.Build.0 = Release|Any CPU
		{48AD8B51-1C7F-4D1C-99E2-7F9A78E84D81}.Release|ARM64.Deploy.0 = Release|Any CPU
		{48AD8B51-1C7F-4D1C-99E2-7F9A78E84D81}.Release|iPhone.ActiveCfg = Release|Any CPU
		{48AD8B51-1C7F-4D1C-99E2-7F9A78E84D81}.Release|iPhone.Build.0 = Release|Any CPU
		{48AD8B51-1C7F-4D1C-99E2-7F9A78E84D81}.Release|iPhone.Deploy.0 = Release|Any CPU
		{48AD8B51-1C7F-4D1C-99E2-7F9A78E84D81}.Release|iPhoneSimulator.ActiveCfg = Release|Any CPU
		{48AD8B51-1C7F-4D1C-99E2-7F9A78E84D81}.Release|iPhoneSimulator.Build.0 = Release|Any CPU
		{48AD8B51-1C7F-4D1C-99E2-7F9A78E84D81}.Release|iPhoneSimulator.Deploy.0 = Release|Any CPU
		{48AD8B51-1C7F-4D1C-99E2-7F9A78E84D81}.Release|x64.ActiveCfg = Release|Any CPU
		{48AD8B51-1C7F-4D1C-99E2-7F9A78E84D81}.Release|x64.Build.0 = Release|Any CPU
		{48AD8B51-1C7F-4D1C-99E2-7F9A78E84D81}.Release|x64.Deploy.0 = Release|Any CPU
		{48AD8B51-1C7F-4D1C-99E2-7F9A78E84D81}.Release|x86.ActiveCfg = Release|Any CPU
		{48AD8B51-1C7F-4D1C-99E2-7F9A78E84D81}.Release|x86.Build.0 = Release|Any CPU
		{48AD8B51-1C7F-4D1C-99E2-7F9A78E84D81}.Release|x86.Deploy.0 = Release|Any CPU
		{C91CAE34-FE83-4E3A-84B8-04AEF7643E9F}.Ad-Hoc|Any CPU.ActiveCfg = Ad-Hoc|iPhone
		{C91CAE34-FE83-4E3A-84B8-04AEF7643E9F}.Ad-Hoc|ARM.ActiveCfg = Ad-Hoc|iPhone
		{C91CAE34-FE83-4E3A-84B8-04AEF7643E9F}.Ad-Hoc|ARM64.ActiveCfg = Ad-Hoc|iPhone
		{C91CAE34-FE83-4E3A-84B8-04AEF7643E9F}.Ad-Hoc|iPhone.ActiveCfg = Ad-Hoc|iPhone
		{C91CAE34-FE83-4E3A-84B8-04AEF7643E9F}.Ad-Hoc|iPhone.Build.0 = Ad-Hoc|iPhone
		{C91CAE34-FE83-4E3A-84B8-04AEF7643E9F}.Ad-Hoc|iPhoneSimulator.ActiveCfg = Ad-Hoc|iPhoneSimulator
		{C91CAE34-FE83-4E3A-84B8-04AEF7643E9F}.Ad-Hoc|iPhoneSimulator.Build.0 = Ad-Hoc|iPhoneSimulator
		{C91CAE34-FE83-4E3A-84B8-04AEF7643E9F}.Ad-Hoc|x64.ActiveCfg = Ad-Hoc|iPhone
		{C91CAE34-FE83-4E3A-84B8-04AEF7643E9F}.Ad-Hoc|x86.ActiveCfg = Ad-Hoc|iPhone
		{C91CAE34-FE83-4E3A-84B8-04AEF7643E9F}.AppStore|Any CPU.ActiveCfg = AppStore|iPhone
		{C91CAE34-FE83-4E3A-84B8-04AEF7643E9F}.AppStore|ARM.ActiveCfg = AppStore|iPhone
		{C91CAE34-FE83-4E3A-84B8-04AEF7643E9F}.AppStore|ARM64.ActiveCfg = AppStore|iPhone
		{C91CAE34-FE83-4E3A-84B8-04AEF7643E9F}.AppStore|iPhone.ActiveCfg = AppStore|iPhone
		{C91CAE34-FE83-4E3A-84B8-04AEF7643E9F}.AppStore|iPhone.Build.0 = AppStore|iPhone
		{C91CAE34-FE83-4E3A-84B8-04AEF7643E9F}.AppStore|iPhoneSimulator.ActiveCfg = AppStore|iPhoneSimulator
		{C91CAE34-FE83-4E3A-84B8-04AEF7643E9F}.AppStore|iPhoneSimulator.Build.0 = AppStore|iPhoneSimulator
		{C91CAE34-FE83-4E3A-84B8-04AEF7643E9F}.AppStore|x64.ActiveCfg = AppStore|iPhone
		{C91CAE34-FE83-4E3A-84B8-04AEF7643E9F}.AppStore|x86.ActiveCfg = AppStore|iPhone
		{C91CAE34-FE83-4E3A-84B8-04AEF7643E9F}.Debug|Any CPU.ActiveCfg = Debug|iPhone
		{C91CAE34-FE83-4E3A-84B8-04AEF7643E9F}.Debug|ARM.ActiveCfg = Debug|iPhone
		{C91CAE34-FE83-4E3A-84B8-04AEF7643E9F}.Debug|ARM64.ActiveCfg = Debug|iPhone
		{C91CAE34-FE83-4E3A-84B8-04AEF7643E9F}.Debug|iPhone.ActiveCfg = Debug|iPhone
		{C91CAE34-FE83-4E3A-84B8-04AEF7643E9F}.Debug|iPhone.Build.0 = Debug|iPhone
		{C91CAE34-FE83-4E3A-84B8-04AEF7643E9F}.Debug|iPhoneSimulator.ActiveCfg = Debug|iPhoneSimulator
		{C91CAE34-FE83-4E3A-84B8-04AEF7643E9F}.Debug|iPhoneSimulator.Build.0 = Debug|iPhoneSimulator
		{C91CAE34-FE83-4E3A-84B8-04AEF7643E9F}.Debug|x64.ActiveCfg = Debug|iPhone
		{C91CAE34-FE83-4E3A-84B8-04AEF7643E9F}.Debug|x86.ActiveCfg = Debug|iPhone
		{C91CAE34-FE83-4E3A-84B8-04AEF7643E9F}.Release|Any CPU.ActiveCfg = Release|iPhone
		{C91CAE34-FE83-4E3A-84B8-04AEF7643E9F}.Release|ARM.ActiveCfg = Release|iPhone
		{C91CAE34-FE83-4E3A-84B8-04AEF7643E9F}.Release|ARM64.ActiveCfg = Release|iPhone
		{C91CAE34-FE83-4E3A-84B8-04AEF7643E9F}.Release|iPhone.ActiveCfg = Release|iPhone
		{C91CAE34-FE83-4E3A-84B8-04AEF7643E9F}.Release|iPhone.Build.0 = Release|iPhone
		{C91CAE34-FE83-4E3A-84B8-04AEF7643E9F}.Release|iPhoneSimulator.ActiveCfg = Release|iPhoneSimulator
		{C91CAE34-FE83-4E3A-84B8-04AEF7643E9F}.Release|iPhoneSimulator.Build.0 = Release|iPhoneSimulator
		{C91CAE34-FE83-4E3A-84B8-04AEF7643E9F}.Release|x64.ActiveCfg = Release|iPhone
		{C91CAE34-FE83-4E3A-84B8-04AEF7643E9F}.Release|x86.ActiveCfg = Release|iPhone
		{5B1A9D61-2079-4880-99B4-EF87AF53C9B5}.Ad-Hoc|Any CPU.ActiveCfg = Release|x64
		{5B1A9D61-2079-4880-99B4-EF87AF53C9B5}.Ad-Hoc|Any CPU.Build.0 = Release|x64
		{5B1A9D61-2079-4880-99B4-EF87AF53C9B5}.Ad-Hoc|Any CPU.Deploy.0 = Release|x64
		{5B1A9D61-2079-4880-99B4-EF87AF53C9B5}.Ad-Hoc|ARM.ActiveCfg = Release|ARM
		{5B1A9D61-2079-4880-99B4-EF87AF53C9B5}.Ad-Hoc|ARM.Build.0 = Release|ARM
		{5B1A9D61-2079-4880-99B4-EF87AF53C9B5}.Ad-Hoc|ARM.Deploy.0 = Release|ARM
		{5B1A9D61-2079-4880-99B4-EF87AF53C9B5}.Ad-Hoc|ARM64.ActiveCfg = Release|ARM64
		{5B1A9D61-2079-4880-99B4-EF87AF53C9B5}.Ad-Hoc|ARM64.Build.0 = Release|ARM64
		{5B1A9D61-2079-4880-99B4-EF87AF53C9B5}.Ad-Hoc|ARM64.Deploy.0 = Release|ARM64
		{5B1A9D61-2079-4880-99B4-EF87AF53C9B5}.Ad-Hoc|iPhone.ActiveCfg = Release|x64
		{5B1A9D61-2079-4880-99B4-EF87AF53C9B5}.Ad-Hoc|iPhone.Build.0 = Release|x64
		{5B1A9D61-2079-4880-99B4-EF87AF53C9B5}.Ad-Hoc|iPhone.Deploy.0 = Release|x64
		{5B1A9D61-2079-4880-99B4-EF87AF53C9B5}.Ad-Hoc|iPhoneSimulator.ActiveCfg = Release|x64
		{5B1A9D61-2079-4880-99B4-EF87AF53C9B5}.Ad-Hoc|iPhoneSimulator.Build.0 = Release|x64
		{5B1A9D61-2079-4880-99B4-EF87AF53C9B5}.Ad-Hoc|iPhoneSimulator.Deploy.0 = Release|x64
		{5B1A9D61-2079-4880-99B4-EF87AF53C9B5}.Ad-Hoc|x64.ActiveCfg = Release|x64
		{5B1A9D61-2079-4880-99B4-EF87AF53C9B5}.Ad-Hoc|x64.Build.0 = Release|x64
		{5B1A9D61-2079-4880-99B4-EF87AF53C9B5}.Ad-Hoc|x64.Deploy.0 = Release|x64
		{5B1A9D61-2079-4880-99B4-EF87AF53C9B5}.Ad-Hoc|x86.ActiveCfg = Release|x86
		{5B1A9D61-2079-4880-99B4-EF87AF53C9B5}.Ad-Hoc|x86.Build.0 = Release|x86
		{5B1A9D61-2079-4880-99B4-EF87AF53C9B5}.Ad-Hoc|x86.Deploy.0 = Release|x86
		{5B1A9D61-2079-4880-99B4-EF87AF53C9B5}.AppStore|Any CPU.ActiveCfg = Release|x64
		{5B1A9D61-2079-4880-99B4-EF87AF53C9B5}.AppStore|Any CPU.Build.0 = Release|x64
		{5B1A9D61-2079-4880-99B4-EF87AF53C9B5}.AppStore|Any CPU.Deploy.0 = Release|x64
		{5B1A9D61-2079-4880-99B4-EF87AF53C9B5}.AppStore|ARM.ActiveCfg = Release|ARM
		{5B1A9D61-2079-4880-99B4-EF87AF53C9B5}.AppStore|ARM.Build.0 = Release|ARM
		{5B1A9D61-2079-4880-99B4-EF87AF53C9B5}.AppStore|ARM.Deploy.0 = Release|ARM
		{5B1A9D61-2079-4880-99B4-EF87AF53C9B5}.AppStore|ARM64.ActiveCfg = Release|ARM64
		{5B1A9D61-2079-4880-99B4-EF87AF53C9B5}.AppStore|ARM64.Build.0 = Release|ARM64
		{5B1A9D61-2079-4880-99B4-EF87AF53C9B5}.AppStore|ARM64.Deploy.0 = Release|ARM64
		{5B1A9D61-2079-4880-99B4-EF87AF53C9B5}.AppStore|iPhone.ActiveCfg = Release|x64
		{5B1A9D61-2079-4880-99B4-EF87AF53C9B5}.AppStore|iPhone.Build.0 = Release|x64
		{5B1A9D61-2079-4880-99B4-EF87AF53C9B5}.AppStore|iPhone.Deploy.0 = Release|x64
		{5B1A9D61-2079-4880-99B4-EF87AF53C9B5}.AppStore|iPhoneSimulator.ActiveCfg = Release|x64
		{5B1A9D61-2079-4880-99B4-EF87AF53C9B5}.AppStore|iPhoneSimulator.Build.0 = Release|x64
		{5B1A9D61-2079-4880-99B4-EF87AF53C9B5}.AppStore|iPhoneSimulator.Deploy.0 = Release|x64
		{5B1A9D61-2079-4880-99B4-EF87AF53C9B5}.AppStore|x64.ActiveCfg = Release|x64
		{5B1A9D61-2079-4880-99B4-EF87AF53C9B5}.AppStore|x64.Build.0 = Release|x64
		{5B1A9D61-2079-4880-99B4-EF87AF53C9B5}.AppStore|x64.Deploy.0 = Release|x64
		{5B1A9D61-2079-4880-99B4-EF87AF53C9B5}.AppStore|x86.ActiveCfg = Release|x86
		{5B1A9D61-2079-4880-99B4-EF87AF53C9B5}.AppStore|x86.Build.0 = Release|x86
		{5B1A9D61-2079-4880-99B4-EF87AF53C9B5}.AppStore|x86.Deploy.0 = Release|x86
		{5B1A9D61-2079-4880-99B4-EF87AF53C9B5}.Debug|Any CPU.ActiveCfg = Debug|x86
		{5B1A9D61-2079-4880-99B4-EF87AF53C9B5}.Debug|ARM.ActiveCfg = Debug|ARM
		{5B1A9D61-2079-4880-99B4-EF87AF53C9B5}.Debug|ARM.Build.0 = Debug|ARM
		{5B1A9D61-2079-4880-99B4-EF87AF53C9B5}.Debug|ARM.Deploy.0 = Debug|ARM
		{5B1A9D61-2079-4880-99B4-EF87AF53C9B5}.Debug|ARM64.ActiveCfg = Debug|ARM64
		{5B1A9D61-2079-4880-99B4-EF87AF53C9B5}.Debug|ARM64.Build.0 = Debug|ARM64
		{5B1A9D61-2079-4880-99B4-EF87AF53C9B5}.Debug|ARM64.Deploy.0 = Debug|ARM64
		{5B1A9D61-2079-4880-99B4-EF87AF53C9B5}.Debug|iPhone.ActiveCfg = Debug|x86
		{5B1A9D61-2079-4880-99B4-EF87AF53C9B5}.Debug|iPhoneSimulator.ActiveCfg = Debug|x86
		{5B1A9D61-2079-4880-99B4-EF87AF53C9B5}.Debug|x64.ActiveCfg = Debug|x64
		{5B1A9D61-2079-4880-99B4-EF87AF53C9B5}.Debug|x64.Build.0 = Debug|x64
		{5B1A9D61-2079-4880-99B4-EF87AF53C9B5}.Debug|x64.Deploy.0 = Debug|x64
		{5B1A9D61-2079-4880-99B4-EF87AF53C9B5}.Debug|x86.ActiveCfg = Debug|x86
		{5B1A9D61-2079-4880-99B4-EF87AF53C9B5}.Debug|x86.Build.0 = Debug|x86
		{5B1A9D61-2079-4880-99B4-EF87AF53C9B5}.Debug|x86.Deploy.0 = Debug|x86
		{5B1A9D61-2079-4880-99B4-EF87AF53C9B5}.Release|Any CPU.ActiveCfg = Release|x86
		{5B1A9D61-2079-4880-99B4-EF87AF53C9B5}.Release|ARM.ActiveCfg = Release|ARM
		{5B1A9D61-2079-4880-99B4-EF87AF53C9B5}.Release|ARM.Build.0 = Release|ARM
		{5B1A9D61-2079-4880-99B4-EF87AF53C9B5}.Release|ARM.Deploy.0 = Release|ARM
		{5B1A9D61-2079-4880-99B4-EF87AF53C9B5}.Release|ARM64.ActiveCfg = Release|ARM64
		{5B1A9D61-2079-4880-99B4-EF87AF53C9B5}.Release|ARM64.Build.0 = Release|ARM64
		{5B1A9D61-2079-4880-99B4-EF87AF53C9B5}.Release|ARM64.Deploy.0 = Release|ARM64
		{5B1A9D61-2079-4880-99B4-EF87AF53C9B5}.Release|iPhone.ActiveCfg = Release|x86
		{5B1A9D61-2079-4880-99B4-EF87AF53C9B5}.Release|iPhoneSimulator.ActiveCfg = Release|x86
		{5B1A9D61-2079-4880-99B4-EF87AF53C9B5}.Release|x64.ActiveCfg = Release|x64
		{5B1A9D61-2079-4880-99B4-EF87AF53C9B5}.Release|x64.Build.0 = Release|x64
		{5B1A9D61-2079-4880-99B4-EF87AF53C9B5}.Release|x64.Deploy.0 = Release|x64
		{5B1A9D61-2079-4880-99B4-EF87AF53C9B5}.Release|x86.ActiveCfg = Release|x86
		{5B1A9D61-2079-4880-99B4-EF87AF53C9B5}.Release|x86.Build.0 = Release|x86
		{5B1A9D61-2079-4880-99B4-EF87AF53C9B5}.Release|x86.Deploy.0 = Release|x86
		{C17FBEB3-2F5F-4175-BC5B-BEDFC3841414}.Ad-Hoc|Any CPU.ActiveCfg = Debug|Any CPU
		{C17FBEB3-2F5F-4175-BC5B-BEDFC3841414}.Ad-Hoc|Any CPU.Build.0 = Debug|Any CPU
		{C17FBEB3-2F5F-4175-BC5B-BEDFC3841414}.Ad-Hoc|ARM.ActiveCfg = Debug|Any CPU
		{C17FBEB3-2F5F-4175-BC5B-BEDFC3841414}.Ad-Hoc|ARM.Build.0 = Debug|Any CPU
		{C17FBEB3-2F5F-4175-BC5B-BEDFC3841414}.Ad-Hoc|ARM64.ActiveCfg = Debug|Any CPU
		{C17FBEB3-2F5F-4175-BC5B-BEDFC3841414}.Ad-Hoc|ARM64.Build.0 = Debug|Any CPU
		{C17FBEB3-2F5F-4175-BC5B-BEDFC3841414}.Ad-Hoc|iPhone.ActiveCfg = Debug|Any CPU
		{C17FBEB3-2F5F-4175-BC5B-BEDFC3841414}.Ad-Hoc|iPhone.Build.0 = Debug|Any CPU
		{C17FBEB3-2F5F-4175-BC5B-BEDFC3841414}.Ad-Hoc|iPhoneSimulator.ActiveCfg = Debug|Any CPU
		{C17FBEB3-2F5F-4175-BC5B-BEDFC3841414}.Ad-Hoc|iPhoneSimulator.Build.0 = Debug|Any CPU
		{C17FBEB3-2F5F-4175-BC5B-BEDFC3841414}.Ad-Hoc|x64.ActiveCfg = Debug|Any CPU
		{C17FBEB3-2F5F-4175-BC5B-BEDFC3841414}.Ad-Hoc|x64.Build.0 = Debug|Any CPU
		{C17FBEB3-2F5F-4175-BC5B-BEDFC3841414}.Ad-Hoc|x86.ActiveCfg = Debug|Any CPU
		{C17FBEB3-2F5F-4175-BC5B-BEDFC3841414}.Ad-Hoc|x86.Build.0 = Debug|Any CPU
		{C17FBEB3-2F5F-4175-BC5B-BEDFC3841414}.AppStore|Any CPU.ActiveCfg = Debug|Any CPU
		{C17FBEB3-2F5F-4175-BC5B-BEDFC3841414}.AppStore|Any CPU.Build.0 = Debug|Any CPU
		{C17FBEB3-2F5F-4175-BC5B-BEDFC3841414}.AppStore|ARM.ActiveCfg = Debug|Any CPU
		{C17FBEB3-2F5F-4175-BC5B-BEDFC3841414}.AppStore|ARM.Build.0 = Debug|Any CPU
		{C17FBEB3-2F5F-4175-BC5B-BEDFC3841414}.AppStore|ARM64.ActiveCfg = Debug|Any CPU
		{C17FBEB3-2F5F-4175-BC5B-BEDFC3841414}.AppStore|ARM64.Build.0 = Debug|Any CPU
		{C17FBEB3-2F5F-4175-BC5B-BEDFC3841414}.AppStore|iPhone.ActiveCfg = Debug|Any CPU
		{C17FBEB3-2F5F-4175-BC5B-BEDFC3841414}.AppStore|iPhone.Build.0 = Debug|Any CPU
		{C17FBEB3-2F5F-4175-BC5B-BEDFC3841414}.AppStore|iPhoneSimulator.ActiveCfg = Debug|Any CPU
		{C17FBEB3-2F5F-4175-BC5B-BEDFC3841414}.AppStore|iPhoneSimulator.Build.0 = Debug|Any CPU
		{C17FBEB3-2F5F-4175-BC5B-BEDFC3841414}.AppStore|x64.ActiveCfg = Debug|Any CPU
		{C17FBEB3-2F5F-4175-BC5B-BEDFC3841414}.AppStore|x64.Build.0 = Debug|Any CPU
		{C17FBEB3-2F5F-4175-BC5B-BEDFC3841414}.AppStore|x86.ActiveCfg = Debug|Any CPU
		{C17FBEB3-2F5F-4175-BC5B-BEDFC3841414}.AppStore|x86.Build.0 = Debug|Any CPU
		{C17FBEB3-2F5F-4175-BC5B-BEDFC3841414}.Debug|Any CPU.ActiveCfg = Debug|Any CPU
		{C17FBEB3-2F5F-4175-BC5B-BEDFC3841414}.Debug|Any CPU.Build.0 = Debug|Any CPU
		{C17FBEB3-2F5F-4175-BC5B-BEDFC3841414}.Debug|ARM.ActiveCfg = Debug|Any CPU
		{C17FBEB3-2F5F-4175-BC5B-BEDFC3841414}.Debug|ARM.Build.0 = Debug|Any CPU
		{C17FBEB3-2F5F-4175-BC5B-BEDFC3841414}.Debug|ARM64.ActiveCfg = Debug|Any CPU
		{C17FBEB3-2F5F-4175-BC5B-BEDFC3841414}.Debug|ARM64.Build.0 = Debug|Any CPU
		{C17FBEB3-2F5F-4175-BC5B-BEDFC3841414}.Debug|iPhone.ActiveCfg = Debug|Any CPU
		{C17FBEB3-2F5F-4175-BC5B-BEDFC3841414}.Debug|iPhone.Build.0 = Debug|Any CPU
		{C17FBEB3-2F5F-4175-BC5B-BEDFC3841414}.Debug|iPhoneSimulator.ActiveCfg = Debug|Any CPU
		{C17FBEB3-2F5F-4175-BC5B-BEDFC3841414}.Debug|iPhoneSimulator.Build.0 = Debug|Any CPU
		{C17FBEB3-2F5F-4175-BC5B-BEDFC3841414}.Debug|x64.ActiveCfg = Debug|Any CPU
		{C17FBEB3-2F5F-4175-BC5B-BEDFC3841414}.Debug|x64.Build.0 = Debug|Any CPU
		{C17FBEB3-2F5F-4175-BC5B-BEDFC3841414}.Debug|x86.ActiveCfg = Debug|Any CPU
		{C17FBEB3-2F5F-4175-BC5B-BEDFC3841414}.Debug|x86.Build.0 = Debug|Any CPU
		{C17FBEB3-2F5F-4175-BC5B-BEDFC3841414}.Release|Any CPU.ActiveCfg = Release|Any CPU
		{C17FBEB3-2F5F-4175-BC5B-BEDFC3841414}.Release|Any CPU.Build.0 = Release|Any CPU
		{C17FBEB3-2F5F-4175-BC5B-BEDFC3841414}.Release|ARM.ActiveCfg = Release|Any CPU
		{C17FBEB3-2F5F-4175-BC5B-BEDFC3841414}.Release|ARM.Build.0 = Release|Any CPU
		{C17FBEB3-2F5F-4175-BC5B-BEDFC3841414}.Release|ARM64.ActiveCfg = Release|Any CPU
		{C17FBEB3-2F5F-4175-BC5B-BEDFC3841414}.Release|ARM64.Build.0 = Release|Any CPU
		{C17FBEB3-2F5F-4175-BC5B-BEDFC3841414}.Release|iPhone.ActiveCfg = Release|Any CPU
		{C17FBEB3-2F5F-4175-BC5B-BEDFC3841414}.Release|iPhone.Build.0 = Release|Any CPU
		{C17FBEB3-2F5F-4175-BC5B-BEDFC3841414}.Release|iPhoneSimulator.ActiveCfg = Release|Any CPU
		{C17FBEB3-2F5F-4175-BC5B-BEDFC3841414}.Release|iPhoneSimulator.Build.0 = Release|Any CPU
		{C17FBEB3-2F5F-4175-BC5B-BEDFC3841414}.Release|x64.ActiveCfg = Release|Any CPU
		{C17FBEB3-2F5F-4175-BC5B-BEDFC3841414}.Release|x64.Build.0 = Release|Any CPU
		{C17FBEB3-2F5F-4175-BC5B-BEDFC3841414}.Release|x86.ActiveCfg = Release|Any CPU
		{C17FBEB3-2F5F-4175-BC5B-BEDFC3841414}.Release|x86.Build.0 = Release|Any CPU
		{89818C3A-D175-4CA0-B389-BBC699FD5366}.Ad-Hoc|Any CPU.ActiveCfg = Release|iPhoneSimulator
		{89818C3A-D175-4CA0-B389-BBC699FD5366}.Ad-Hoc|Any CPU.Build.0 = Release|iPhoneSimulator
		{89818C3A-D175-4CA0-B389-BBC699FD5366}.Ad-Hoc|ARM.ActiveCfg = Release|iPhoneSimulator
		{89818C3A-D175-4CA0-B389-BBC699FD5366}.Ad-Hoc|ARM.Build.0 = Release|iPhoneSimulator
		{89818C3A-D175-4CA0-B389-BBC699FD5366}.Ad-Hoc|ARM64.ActiveCfg = Release|iPhoneSimulator
		{89818C3A-D175-4CA0-B389-BBC699FD5366}.Ad-Hoc|ARM64.Build.0 = Release|iPhoneSimulator
		{89818C3A-D175-4CA0-B389-BBC699FD5366}.Ad-Hoc|iPhone.ActiveCfg = Release|iPhoneSimulator
		{89818C3A-D175-4CA0-B389-BBC699FD5366}.Ad-Hoc|iPhone.Build.0 = Release|iPhoneSimulator
		{89818C3A-D175-4CA0-B389-BBC699FD5366}.Ad-Hoc|iPhoneSimulator.ActiveCfg = Release|iPhoneSimulator
		{89818C3A-D175-4CA0-B389-BBC699FD5366}.Ad-Hoc|iPhoneSimulator.Build.0 = Release|iPhoneSimulator
		{89818C3A-D175-4CA0-B389-BBC699FD5366}.Ad-Hoc|x64.ActiveCfg = Release|iPhoneSimulator
		{89818C3A-D175-4CA0-B389-BBC699FD5366}.Ad-Hoc|x64.Build.0 = Release|iPhoneSimulator
		{89818C3A-D175-4CA0-B389-BBC699FD5366}.Ad-Hoc|x86.ActiveCfg = Release|iPhoneSimulator
		{89818C3A-D175-4CA0-B389-BBC699FD5366}.Ad-Hoc|x86.Build.0 = Release|iPhoneSimulator
		{89818C3A-D175-4CA0-B389-BBC699FD5366}.AppStore|Any CPU.ActiveCfg = Release|iPhoneSimulator
		{89818C3A-D175-4CA0-B389-BBC699FD5366}.AppStore|Any CPU.Build.0 = Release|iPhoneSimulator
		{89818C3A-D175-4CA0-B389-BBC699FD5366}.AppStore|ARM.ActiveCfg = Release|iPhoneSimulator
		{89818C3A-D175-4CA0-B389-BBC699FD5366}.AppStore|ARM.Build.0 = Release|iPhoneSimulator
		{89818C3A-D175-4CA0-B389-BBC699FD5366}.AppStore|ARM64.ActiveCfg = Release|iPhoneSimulator
		{89818C3A-D175-4CA0-B389-BBC699FD5366}.AppStore|ARM64.Build.0 = Release|iPhoneSimulator
		{89818C3A-D175-4CA0-B389-BBC699FD5366}.AppStore|iPhone.ActiveCfg = Release|iPhoneSimulator
		{89818C3A-D175-4CA0-B389-BBC699FD5366}.AppStore|iPhone.Build.0 = Release|iPhoneSimulator
		{89818C3A-D175-4CA0-B389-BBC699FD5366}.AppStore|iPhoneSimulator.ActiveCfg = Release|iPhoneSimulator
		{89818C3A-D175-4CA0-B389-BBC699FD5366}.AppStore|iPhoneSimulator.Build.0 = Release|iPhoneSimulator
		{89818C3A-D175-4CA0-B389-BBC699FD5366}.AppStore|x64.ActiveCfg = Release|iPhoneSimulator
		{89818C3A-D175-4CA0-B389-BBC699FD5366}.AppStore|x64.Build.0 = Release|iPhoneSimulator
		{89818C3A-D175-4CA0-B389-BBC699FD5366}.AppStore|x86.ActiveCfg = Release|iPhoneSimulator
		{89818C3A-D175-4CA0-B389-BBC699FD5366}.AppStore|x86.Build.0 = Release|iPhoneSimulator
		{89818C3A-D175-4CA0-B389-BBC699FD5366}.Debug|Any CPU.ActiveCfg = Debug|iPhoneSimulator
		{89818C3A-D175-4CA0-B389-BBC699FD5366}.Debug|ARM.ActiveCfg = Debug|iPhoneSimulator
		{89818C3A-D175-4CA0-B389-BBC699FD5366}.Debug|ARM64.ActiveCfg = Debug|iPhoneSimulator
		{89818C3A-D175-4CA0-B389-BBC699FD5366}.Debug|iPhone.ActiveCfg = Debug|iPhoneSimulator
		{89818C3A-D175-4CA0-B389-BBC699FD5366}.Debug|iPhoneSimulator.ActiveCfg = Debug|iPhoneSimulator
		{89818C3A-D175-4CA0-B389-BBC699FD5366}.Debug|iPhoneSimulator.Build.0 = Debug|iPhoneSimulator
		{89818C3A-D175-4CA0-B389-BBC699FD5366}.Debug|x64.ActiveCfg = Debug|iPhoneSimulator
		{89818C3A-D175-4CA0-B389-BBC699FD5366}.Debug|x86.ActiveCfg = Debug|iPhoneSimulator
		{89818C3A-D175-4CA0-B389-BBC699FD5366}.Release|Any CPU.ActiveCfg = Release|iPhoneSimulator
		{89818C3A-D175-4CA0-B389-BBC699FD5366}.Release|ARM.ActiveCfg = Release|iPhoneSimulator
		{89818C3A-D175-4CA0-B389-BBC699FD5366}.Release|ARM64.ActiveCfg = Release|iPhoneSimulator
		{89818C3A-D175-4CA0-B389-BBC699FD5366}.Release|iPhone.ActiveCfg = Release|iPhoneSimulator
		{89818C3A-D175-4CA0-B389-BBC699FD5366}.Release|iPhoneSimulator.ActiveCfg = Release|iPhoneSimulator
		{89818C3A-D175-4CA0-B389-BBC699FD5366}.Release|iPhoneSimulator.Build.0 = Release|iPhoneSimulator
		{89818C3A-D175-4CA0-B389-BBC699FD5366}.Release|x64.ActiveCfg = Release|iPhoneSimulator
		{89818C3A-D175-4CA0-B389-BBC699FD5366}.Release|x86.ActiveCfg = Release|iPhoneSimulator
	EndGlobalSection
	GlobalSection(SolutionProperties) = preSolution
		HideSolutionNode = FALSE
	EndGlobalSection
	GlobalSection(NestedProjects) = preSolution
		{AAAD1890-05A8-4D6F-8B1F-6B93140C8011} = {BBAFEB1E-93C0-4C7E-8E0A-026BB05C88EC}
		{9581A1DE-70A6-4AC2-AF65-FD6E95F3A983} = {BBAFEB1E-93C0-4C7E-8E0A-026BB05C88EC}
		{69DED389-B4BB-4295-926D-1DFFB8995628} = {BBAFEB1E-93C0-4C7E-8E0A-026BB05C88EC}
		{EA0640D2-D64B-4AE6-8876-5E33C53BD50E} = {BBAFEB1E-93C0-4C7E-8E0A-026BB05C88EC}
		{F6261A48-3EF9-452B-98AD-15F5CD94B5E5} = {BBAFEB1E-93C0-4C7E-8E0A-026BB05C88EC}
		{E97A831B-0525-4248-8143-4E1114612071} = {BBAFEB1E-93C0-4C7E-8E0A-026BB05C88EC}
		{47ADE238-C32B-4F19-9028-68EB8E09927C} = {BBAFEB1E-93C0-4C7E-8E0A-026BB05C88EC}
		{9D01D459-4EAA-446E-BC2E-F5F66D29833A} = {BBAFEB1E-93C0-4C7E-8E0A-026BB05C88EC}
		{7595D7F1-5B28-415F-97C2-470A375E3BCC} = {BBAFEB1E-93C0-4C7E-8E0A-026BB05C88EC}
		{6279C845-92F8-4333-AB99-3D213163593C} = {BBAFEB1E-93C0-4C7E-8E0A-026BB05C88EC}
		{48AD8B51-1C7F-4D1C-99E2-7F9A78E84D81} = {BBAFEB1E-93C0-4C7E-8E0A-026BB05C88EC}
		{C91CAE34-FE83-4E3A-84B8-04AEF7643E9F} = {BBAFEB1E-93C0-4C7E-8E0A-026BB05C88EC}
		{5B1A9D61-2079-4880-99B4-EF87AF53C9B5} = {BBAFEB1E-93C0-4C7E-8E0A-026BB05C88EC}
		{C17FBEB3-2F5F-4175-BC5B-BEDFC3841414} = {BBAFEB1E-93C0-4C7E-8E0A-026BB05C88EC}
		{89818C3A-D175-4CA0-B389-BBC699FD5366} = {BBAFEB1E-93C0-4C7E-8E0A-026BB05C88EC}
	EndGlobalSection
	GlobalSection(ExtensibilityGlobals) = postSolution
		SolutionGuid = {3125D461-08F4-4071-AAE5-1038EF84A360}
	EndGlobalSection
EndGlobal
